<?xml version="1.0" encoding="utf-8"?>
<Project ToolsVersion="4.0" xmlns="http://schemas.microsoft.com/developer/msbuild/2003">
  <ItemGroup>
    <Filter Include="源文件">
      <UniqueIdentifier>{4FC737F1-C7A5-4376-A066-2A32D752A2FF}</UniqueIdentifier>
      <Extensions>cpp;c;cc;cxx;def;odl;idl;hpj;bat;asm;asmx</Extensions>
    </Filter>
    <Filter Include="头文件">
      <UniqueIdentifier>{93995380-89BD-4b04-88EB-625FBE52EBFB}</UniqueIdentifier>
      <Extensions>h;hh;hpp;hxx;hm;inl;inc;xsd</Extensions>
    </Filter>
    <Filter Include="资源文件">
      <UniqueIdentifier>{67DA6AB6-F800-4c08-8B7A-83BB121AAD01}</UniqueIdentifier>
      <Extensions>rc;ico;cur;bmp;dlg;rc2;rct;bin;rgs;gif;jpg;jpeg;jpe;resx;tiff;tif;png;wav;mfcribbon-ms</Extensions>
    </Filter>
    <Filter Include="地图场景">
      <UniqueIdentifier>{5e5c8976-6c61-4d08-9d7a-e89e57111f89}</UniqueIdentifier>
    </Filter>
    <Filter Include="玩家操作">
      <UniqueIdentifier>{eb345bdc-9e0a-4a8d-8af3-1336f86ce3a3}</UniqueIdentifier>
    </Filter>
    <Filter Include="基础对象">
      <UniqueIdentifier>{aa30a0ef-0be0-4a24-bdb0-39c985716fd7}</UniqueIdentifier>
    </Filter>
    <Filter Include="基础对象\玩家">
      <UniqueIdentifier>{63467607-1ae3-4e85-abb0-8de900023564}</UniqueIdentifier>
    </Filter>
    <Filter Include="基础对象\怪物">
      <UniqueIdentifier>{a54adf40-3068-413d-8a90-8bfdc6234b6c}</UniqueIdentifier>
    </Filter>
    <Filter Include="基础对象\NPC">
      <UniqueIdentifier>{aa2e093c-c08c-4efd-9f40-52205509a5a1}</UniqueIdentifier>
    </Filter>
  </ItemGroup>
  <ItemGroup>
    <ClCompile Include="config.cpp">
      <Filter>源文件</Filter>
    </ClCompile>
    <ClCompile Include="GameGatewayMgr.cpp">
      <Filter>源文件</Filter>
    </ClCompile>
    <ClCompile Include="GameServer.cpp">
      <Filter>源文件</Filter>
    </ClCompile>
    <ClCompile Include="main.cpp">
      <Filter>源文件</Filter>
    </ClCompile>
    <ClCompile Include="aoi.c">
      <Filter>地图场景</Filter>
    </ClCompile>
    <ClCompile Include="Player.cpp">
      <Filter>基础对象\玩家</Filter>
    </ClCompile>
    <ClCompile Include="GameCenterConnect.cpp">
      <Filter>源文件</Filter>
    </ClCompile>
    <ClCompile Include="Utilities.cpp">
      <Filter>源文件</Filter>
    </ClCompile>
    <ClCompile Include="Scene.cpp">
      <Filter>地图场景</Filter>
    </ClCompile>
    <ClCompile Include="SceneMgr.cpp">
      <Filter>地图场景</Filter>
    </ClCompile>
    <ClCompile Include="MapInfo.cpp">
      <Filter>地图场景</Filter>
    </ClCompile>
    <ClCompile Include="MapConfig.cpp">
      <Filter>地图场景</Filter>
    </ClCompile>
    <ClCompile Include="InstanceMgr.cpp">
      <Filter>地图场景</Filter>
    </ClCompile>
    <ClCompile Include="Instance.cpp">
      <Filter>地图场景</Filter>
    </ClCompile>
    <ClCompile Include="PlayerMgr.cpp">
      <Filter>基础对象\玩家</Filter>
    </ClCompile>
    <ClCompile Include="PlayerOperate.cpp">
      <Filter>玩家操作</Filter>
    </ClCompile>
    <ClCompile Include="CSVLoad.cpp">
      <Filter>源文件</Filter>
    </ClCompile>
    <ClCompile Include="BaseObj.cpp">
      <Filter>基础对象</Filter>
    </ClCompile>
    <ClCompile Include="ObjAttribute.cpp">
      <Filter>基础对象</Filter>
    </ClCompile>
    <ClCompile Include="ObjFight.cpp">
      <Filter>基础对象</Filter>
    </ClCompile>
    <ClCompile Include="ObjScene.cpp">
      <Filter>基础对象</Filter>
    </ClCompile>
    <ClCompile Include="ObjStatus.cpp">
      <Filter>基础对象</Filter>
    </ClCompile>
    <ClCompile Include="Monster.cpp">
      <Filter>基础对象\怪物</Filter>
    </ClCompile>
    <ClCompile Include="NPC.cpp">
      <Filter>基础对象\NPC</Filter>
    </ClCompile>
  </ItemGroup>
  <ItemGroup>
    <ClInclude Include="config.h">
      <Filter>头文件</Filter>
    </ClInclude>
    <ClInclude Include="GameGatewayMgr.h">
      <Filter>头文件</Filter>
    </ClInclude>
    <ClInclude Include="GameServer.h">
      <Filter>头文件</Filter>
    </ClInclude>
    <ClInclude Include="aoi.h">
      <Filter>地图场景</Filter>
    </ClInclude>
    <ClInclude Include="Player.h">
      <Filter>基础对象\玩家</Filter>
    </ClInclude>
    <ClInclude Include="GameCenterConnect.h">
      <Filter>头文件</Filter>
    </ClInclude>
    <ClInclude Include="Utilities.h">
      <Filter>头文件</Filter>
    </ClInclude>
    <ClInclude Include="Scene.h">
      <Filter>地图场景</Filter>
    </ClInclude>
    <ClInclude Include="SceneMgr.h">
      <Filter>地图场景</Filter>
    </ClInclude>
    <ClInclude Include="MapInfo.h">
      <Filter>地图场景</Filter>
    </ClInclude>
    <ClInclude Include="MapConfig.h">
      <Filter>地图场景</Filter>
    </ClInclude>
    <ClInclude Include="InstanceMgr.h">
      <Filter>地图场景</Filter>
    </ClInclude>
    <ClInclude Include="Instance.h">
      <Filter>地图场景</Filter>
    </ClInclude>
    <ClInclude Include="PlayerMgr.h">
      <Filter>基础对象\玩家</Filter>
    </ClInclude>
    <ClInclude Include="PlayerOperate.h">
      <Filter>玩家操作</Filter>
    </ClInclude>
    <ClInclude Include="CSVLoad.h">
      <Filter>头文件</Filter>
    </ClInclude>
    <ClInclude Include="BaseObj.h">
      <Filter>基础对象</Filter>
    </ClInclude>
    <ClInclude Include="ObjAttribute.h">
      <Filter>基础对象</Filter>
    </ClInclude>
    <ClInclude Include="ObjFight.h">
      <Filter>基础对象</Filter>
    </ClInclude>
    <ClInclude Include="ObjScene.h">
      <Filter>基础对象</Filter>
    </ClInclude>
    <ClInclude Include="ObjStatus.h">
      <Filter>基础对象</Filter>
    </ClInclude>
    <ClInclude Include="Monster.h">
      <Filter>基础对象\怪物</Filter>
    </ClInclude>
    <ClInclude Include="NPC.h">
      <Filter>基础对象\NPC</Filter>
    </ClInclude>
  </ItemGroup>
</Project>