<?xml version="1.0" encoding="utf-8"?>
<Project ToolsVersion="4.0" xmlns="http://schemas.microsoft.com/developer/msbuild/2003">
  <ItemGroup>
    <Filter Include="源文件">
      <UniqueIdentifier>{4FC737F1-C7A5-4376-A066-2A32D752A2FF}</UniqueIdentifier>
      <Extensions>cpp;c;cc;cxx;def;odl;idl;hpj;bat;asm;asmx</Extensions>
    </Filter>
    <Filter Include="头文件">
      <UniqueIdentifier>{93995380-89BD-4b04-88EB-625FBE52EBFB}</UniqueIdentifier>
      <Extensions>h;hh;hpp;hxx;hm;inl;inc;xsd</Extensions>
    </Filter>
    <Filter Include="资源文件">
      <UniqueIdentifier>{67DA6AB6-F800-4c08-8B7A-83BB121AAD01}</UniqueIdentifier>
      <Extensions>rc;ico;cur;bmp;dlg;rc2;rct;bin;rgs;gif;jpg;jpeg;jpe;resx;tiff;tif;png;wav;mfcribbon-ms</Extensions>
    </Filter>
    <Filter Include="地图场景">
      <UniqueIdentifier>{5e5c8976-6c61-4d08-9d7a-e89e57111f89}</UniqueIdentifier>
    </Filter>
    <Filter Include="基础对象">
      <UniqueIdentifier>{aa30a0ef-0be0-4a24-bdb0-39c985716fd7}</UniqueIdentifier>
    </Filter>
    <Filter Include="基础对象\玩家">
      <UniqueIdentifier>{63467607-1ae3-4e85-abb0-8de900023564}</UniqueIdentifier>
    </Filter>
    <Filter Include="基础对象\怪物">
      <UniqueIdentifier>{a54adf40-3068-413d-8a90-8bfdc6234b6c}</UniqueIdentifier>
    </Filter>
    <Filter Include="基础对象\NPC">
      <UniqueIdentifier>{aa2e093c-c08c-4efd-9f40-52205509a5a1}</UniqueIdentifier>
    </Filter>
    <Filter Include="背包">
      <UniqueIdentifier>{f7c8b007-98dd-49fb-9dea-659f20c1e6c5}</UniqueIdentifier>
    </Filter>
    <Filter Include="道具">
      <UniqueIdentifier>{98f786b8-7b78-4482-afe0-60fd7d0db22f}</UniqueIdentifier>
    </Filter>
    <Filter Include="地图场景\副本">
      <UniqueIdentifier>{4d620ea4-587a-4a43-b169-19a411c4e24c}</UniqueIdentifier>
    </Filter>
    <Filter Include="组队">
      <UniqueIdentifier>{267755fd-e7a0-42e8-b20d-342d48d4b1ba}</UniqueIdentifier>
    </Filter>
    <Filter Include="处理Center消息">
      <UniqueIdentifier>{3e8486ae-75ae-40b0-9cc5-3a6865658a24}</UniqueIdentifier>
    </Filter>
    <Filter Include="Define">
      <UniqueIdentifier>{8c72fc3f-15d1-41e8-bd71-0ea7e1c9728c}</UniqueIdentifier>
    </Filter>
    <Filter Include="common">
      <UniqueIdentifier>{6a03c6d0-662d-4fdb-bea2-896eeddc0a78}</UniqueIdentifier>
    </Filter>
    <Filter Include="common\pb">
      <UniqueIdentifier>{91cc2372-d9f0-451a-80eb-9552fb06a8b3}</UniqueIdentifier>
    </Filter>
    <Filter Include="common\msgtype">
      <UniqueIdentifier>{8c105bb8-3787-433c-a94a-ee8d007a1fe4}</UniqueIdentifier>
    </Filter>
    <Filter Include="common\json">
      <UniqueIdentifier>{cc974abc-953b-4d97-835a-9dc46a1b1542}</UniqueIdentifier>
    </Filter>
    <Filter Include="基础对象\怪物\AI">
      <UniqueIdentifier>{7051c6b1-434b-4b5a-90fb-9739d541f84a}</UniqueIdentifier>
    </Filter>
    <Filter Include="基础对象\怪物\AI\FSM">
      <UniqueIdentifier>{508d3111-9635-4f64-9a4e-5bb60710be99}</UniqueIdentifier>
    </Filter>
    <Filter Include="玩家操作">
      <UniqueIdentifier>{eb345bdc-9e0a-4a8d-8af3-1336f86ce3a3}</UniqueIdentifier>
    </Filter>
  </ItemGroup>
  <ItemGroup>
    <ClCompile Include="config.cpp">
      <Filter>源文件</Filter>
    </ClCompile>
    <ClCompile Include="GameGatewayMgr.cpp">
      <Filter>源文件</Filter>
    </ClCompile>
    <ClCompile Include="GameServer.cpp">
      <Filter>源文件</Filter>
    </ClCompile>
    <ClCompile Include="main.cpp">
      <Filter>源文件</Filter>
    </ClCompile>
    <ClCompile Include="aoi.c">
      <Filter>地图场景</Filter>
    </ClCompile>
    <ClCompile Include="Player.cpp">
      <Filter>基础对象\玩家</Filter>
    </ClCompile>
    <ClCompile Include="GameCenterConnect.cpp">
      <Filter>源文件</Filter>
    </ClCompile>
    <ClCompile Include="Utilities.cpp">
      <Filter>源文件</Filter>
    </ClCompile>
    <ClCompile Include="Scene.cpp">
      <Filter>地图场景</Filter>
    </ClCompile>
    <ClCompile Include="SceneMgr.cpp">
      <Filter>地图场景</Filter>
    </ClCompile>
    <ClCompile Include="MapInfo.cpp">
      <Filter>地图场景</Filter>
    </ClCompile>
    <ClCompile Include="MapConfig.cpp">
      <Filter>地图场景</Filter>
    </ClCompile>
    <ClCompile Include="PlayerMgr.cpp">
      <Filter>基础对象\玩家</Filter>
    </ClCompile>
    <ClCompile Include="PlayerOperate.cpp">
      <Filter>玩家操作</Filter>
    </ClCompile>
    <ClCompile Include="CSVLoad.cpp">
      <Filter>源文件</Filter>
    </ClCompile>
    <ClCompile Include="BaseObj.cpp">
      <Filter>基础对象</Filter>
    </ClCompile>
    <ClCompile Include="ObjAttribute.cpp">
      <Filter>基础对象</Filter>
    </ClCompile>
    <ClCompile Include="ObjFight.cpp">
      <Filter>基础对象</Filter>
    </ClCompile>
    <ClCompile Include="ObjScene.cpp">
      <Filter>基础对象</Filter>
    </ClCompile>
    <ClCompile Include="ObjStatus.cpp">
      <Filter>基础对象</Filter>
    </ClCompile>
    <ClCompile Include="Monster.cpp">
      <Filter>基础对象\怪物</Filter>
    </ClCompile>
    <ClCompile Include="NPC.cpp">
      <Filter>基础对象\NPC</Filter>
    </ClCompile>
    <ClCompile Include="DoClientMsg.cpp">
      <Filter>玩家操作</Filter>
    </ClCompile>
    <ClCompile Include="DoLoginMsg.cpp">
      <Filter>玩家操作</Filter>
    </ClCompile>
    <ClCompile Include="Status.cpp">
      <Filter>基础对象</Filter>
    </ClCompile>
    <ClCompile Include="Package.cpp">
      <Filter>背包</Filter>
    </ClCompile>
    <ClCompile Include="Item.cpp">
      <Filter>道具</Filter>
    </ClCompile>
    <ClCompile Include="Instance.cpp">
      <Filter>地图场景\副本</Filter>
    </ClCompile>
    <ClCompile Include="InstanceMgr.cpp">
      <Filter>地图场景\副本</Filter>
    </ClCompile>
    <ClCompile Include="PlayerSaveAndLoad.cpp">
      <Filter>基础对象\玩家</Filter>
    </ClCompile>
    <ClCompile Include="Team.cpp">
      <Filter>组队</Filter>
    </ClCompile>
    <ClCompile Include="DoTeamMsg.cpp">
      <Filter>玩家操作</Filter>
    </ClCompile>
    <ClCompile Include="DoTeamMsgFromCenter.cpp">
      <Filter>处理Center消息</Filter>
    </ClCompile>
    <ClCompile Include="DoServerMsgFromCenter.cpp">
      <Filter>处理Center消息</Filter>
    </ClCompile>
    <ClCompile Include="AIMonsterStates.cpp">
      <Filter>基础对象\怪物\AI\FSM</Filter>
    </ClCompile>
    <ClCompile Include="AIMonster.cpp">
      <Filter>基础对象\怪物\AI</Filter>
    </ClCompile>
    <ClCompile Include="..\Base\PB\ClientMsg.pb.cc">
      <Filter>common\pb</Filter>
    </ClCompile>
    <ClCompile Include="..\Base\PB\DBServer.pb.cc">
      <Filter>common\pb</Filter>
    </ClCompile>
    <ClCompile Include="..\Base\PB\Login.pb.cc">
      <Filter>common\pb</Filter>
    </ClCompile>
    <ClCompile Include="..\Base\PB\ServerMsg.pb.cc">
      <Filter>common\pb</Filter>
    </ClCompile>
    <ClCompile Include="..\Base\PB\Team.pb.cc">
      <Filter>common\pb</Filter>
    </ClCompile>
  </ItemGroup>
  <ItemGroup>
    <ClInclude Include="config.h">
      <Filter>头文件</Filter>
    </ClInclude>
    <ClInclude Include="GameGatewayMgr.h">
      <Filter>头文件</Filter>
    </ClInclude>
    <ClInclude Include="GameServer.h">
      <Filter>头文件</Filter>
    </ClInclude>
    <ClInclude Include="aoi.h">
      <Filter>地图场景</Filter>
    </ClInclude>
    <ClInclude Include="Player.h">
      <Filter>基础对象\玩家</Filter>
    </ClInclude>
    <ClInclude Include="GameCenterConnect.h">
      <Filter>头文件</Filter>
    </ClInclude>
    <ClInclude Include="Utilities.h">
      <Filter>头文件</Filter>
    </ClInclude>
    <ClInclude Include="Scene.h">
      <Filter>地图场景</Filter>
    </ClInclude>
    <ClInclude Include="SceneMgr.h">
      <Filter>地图场景</Filter>
    </ClInclude>
    <ClInclude Include="MapInfo.h">
      <Filter>地图场景</Filter>
    </ClInclude>
    <ClInclude Include="MapConfig.h">
      <Filter>地图场景</Filter>
    </ClInclude>
    <ClInclude Include="PlayerMgr.h">
      <Filter>基础对象\玩家</Filter>
    </ClInclude>
    <ClInclude Include="PlayerOperate.h">
      <Filter>玩家操作</Filter>
    </ClInclude>
    <ClInclude Include="CSVLoad.h">
      <Filter>头文件</Filter>
    </ClInclude>
    <ClInclude Include="BaseObj.h">
      <Filter>基础对象</Filter>
    </ClInclude>
    <ClInclude Include="ObjAttribute.h">
      <Filter>基础对象</Filter>
    </ClInclude>
    <ClInclude Include="ObjFight.h">
      <Filter>基础对象</Filter>
    </ClInclude>
    <ClInclude Include="ObjScene.h">
      <Filter>基础对象</Filter>
    </ClInclude>
    <ClInclude Include="ObjStatus.h">
      <Filter>基础对象</Filter>
    </ClInclude>
    <ClInclude Include="Monster.h">
      <Filter>基础对象\怪物</Filter>
    </ClInclude>
    <ClInclude Include="NPC.h">
      <Filter>基础对象\NPC</Filter>
    </ClInclude>
    <ClInclude Include="Status.h">
      <Filter>基础对象</Filter>
    </ClInclude>
    <ClInclude Include="Package.h">
      <Filter>背包</Filter>
    </ClInclude>
    <ClInclude Include="Item.h">
      <Filter>道具</Filter>
    </ClInclude>
    <ClInclude Include="Instance.h">
      <Filter>地图场景\副本</Filter>
    </ClInclude>
    <ClInclude Include="InstanceMgr.h">
      <Filter>地图场景\副本</Filter>
    </ClInclude>
    <ClInclude Include="PlayerSaveAndLoadDef.h">
      <Filter>基础对象\玩家</Filter>
    </ClInclude>
    <ClInclude Include="Team.h">
      <Filter>组队</Filter>
    </ClInclude>
    <ClInclude Include="DoMsgFromCenter.h">
      <Filter>处理Center消息</Filter>
    </ClInclude>
    <ClInclude Include="AIMonsterStates.h">
      <Filter>基础对象\怪物\AI\FSM</Filter>
    </ClInclude>
    <ClInclude Include="State.h">
      <Filter>基础对象\怪物\AI\FSM</Filter>
    </ClInclude>
    <ClInclude Include="StateMachine.h">
      <Filter>基础对象\怪物\AI\FSM</Filter>
    </ClInclude>
    <ClInclude Include="AIMonster.h">
      <Filter>基础对象\怪物\AI</Filter>
    </ClInclude>
    <ClInclude Include="Vector3D.h">
      <Filter>基础对象\怪物\AI</Filter>
    </ClInclude>
    <ClInclude Include="AoiDefine.h">
      <Filter>Define</Filter>
    </ClInclude>
    <ClInclude Include="..\Base\zlib.h">
      <Filter>common</Filter>
    </ClInclude>
    <ClInclude Include="..\Base\Timer.h">
      <Filter>common</Filter>
    </ClInclude>
    <ClInclude Include="..\Base\threadinstance.h">
      <Filter>common</Filter>
    </ClInclude>
    <ClInclude Include="..\Base\taskqueue.h">
      <Filter>common</Filter>
    </ClInclude>
    <ClInclude Include="..\Base\task.h">
      <Filter>common</Filter>
    </ClInclude>
    <ClInclude Include="..\Base\sqlinterface.h">
      <Filter>common</Filter>
    </ClInclude>
    <ClInclude Include="..\Base\ServerMgr.h">
      <Filter>common</Filter>
    </ClInclude>
    <ClInclude Include="..\Base\ServerLog.h">
      <Filter>common</Filter>
    </ClInclude>
    <ClInclude Include="..\Base\serverinfo.h">
      <Filter>common</Filter>
    </ClInclude>
    <ClInclude Include="..\Base\SendMail.h">
      <Filter>common</Filter>
    </ClInclude>
    <ClInclude Include="..\Base\RandomPool.h">
      <Filter>common</Filter>
    </ClInclude>
    <ClInclude Include="..\Base\pool.h">
      <Filter>common</Filter>
    </ClInclude>
    <ClInclude Include="..\Base\platform_config.h">
      <Filter>common</Filter>
    </ClInclude>
    <ClInclude Include="..\Base\objectpool.h">
      <Filter>common</Filter>
    </ClInclude>
    <ClInclude Include="..\Base\NetConfig.h">
      <Filter>common</Filter>
    </ClInclude>
    <ClInclude Include="..\Base\msgbase.h">
      <Filter>common</Filter>
    </ClInclude>
    <ClInclude Include="..\Base\MiniDump.h">
      <Filter>common</Filter>
    </ClInclude>
    <ClInclude Include="..\Base\lxnet.h">
      <Filter>common</Filter>
    </ClInclude>
    <ClInclude Include="..\Base\LuaScript.h">
      <Filter>common</Filter>
    </ClInclude>
    <ClInclude Include="..\Base\LogConnecter.h">
      <Filter>common</Filter>
    </ClInclude>
    <ClInclude Include="..\Base\log.h">
      <Filter>common</Filter>
    </ClInclude>
    <ClInclude Include="..\Base\idmgr.h">
      <Filter>common</Filter>
    </ClInclude>
    <ClInclude Include="..\Base\Guid.h">
      <Filter>common</Filter>
    </ClInclude>
    <ClInclude Include="..\Base\GlobalDefine.h">
      <Filter>common</Filter>
    </ClInclude>
    <ClInclude Include="..\Base\funcdef.h">
      <Filter>common</Filter>
    </ClInclude>
    <ClInclude Include="..\Base\DBSvrType.h">
      <Filter>common</Filter>
    </ClInclude>
    <ClInclude Include="..\Base\DBCache.h">
      <Filter>common</Filter>
    </ClInclude>
    <ClInclude Include="..\Base\datahand.h">
      <Filter>common</Filter>
    </ClInclude>
    <ClInclude Include="..\Base\CtrlHandler.h">
      <Filter>common</Filter>
    </ClInclude>
    <ClInclude Include="..\Base\CSVParser.h">
      <Filter>common</Filter>
    </ClInclude>
    <ClInclude Include="..\Base\crosslib.h">
      <Filter>common</Filter>
    </ClInclude>
    <ClInclude Include="..\Base\connector.h">
      <Filter>common</Filter>
    </ClInclude>
    <ClInclude Include="..\Base\ConnectMgr.h">
      <Filter>common</Filter>
    </ClInclude>
    <ClInclude Include="..\Base\ClientMgr.h">
      <Filter>common</Filter>
    </ClInclude>
    <ClInclude Include="..\Base\Client.h">
      <Filter>common</Filter>
    </ClInclude>
    <ClInclude Include="..\Base\blockbuf.h">
      <Filter>common</Filter>
    </ClInclude>
    <ClInclude Include="..\Base\BaseConfig.h">
      <Filter>common</Filter>
    </ClInclude>
    <ClInclude Include="..\Base\Base64.h">
      <Filter>common</Filter>
    </ClInclude>
    <ClInclude Include="..\Base\BackCommand.h">
      <Filter>common</Filter>
    </ClInclude>
    <ClInclude Include="..\Base\PB\ClientMsg.pb.h">
      <Filter>common\pb</Filter>
    </ClInclude>
    <ClInclude Include="..\Base\PB\DBServer.pb.h">
      <Filter>common\pb</Filter>
    </ClInclude>
    <ClInclude Include="..\Base\PB\Login.pb.h">
      <Filter>common\pb</Filter>
    </ClInclude>
    <ClInclude Include="..\Base\PB\ServerMsg.pb.h">
      <Filter>common\pb</Filter>
    </ClInclude>
    <ClInclude Include="..\Base\PB\Team.pb.h">
      <Filter>common\pb</Filter>
    </ClInclude>
    <ClInclude Include="..\Base\MainType.h">
      <Filter>common\msgtype</Filter>
    </ClInclude>
    <ClInclude Include="..\Base\ServerType.h">
      <Filter>common\msgtype</Filter>
    </ClInclude>
    <ClInclude Include="..\Base\TeamType.h">
      <Filter>common\msgtype</Filter>
    </ClInclude>
    <ClInclude Include="..\Base\LoginType.h">
      <Filter>common\msgtype</Filter>
    </ClInclude>
    <ClInclude Include="..\Base\ClientType.h">
      <Filter>common\msgtype</Filter>
    </ClInclude>
    <ClInclude Include="..\3rd\json\json.hpp">
      <Filter>common\json</Filter>
    </ClInclude>
  </ItemGroup>
</Project>