
Microsoft Visual Studio Solution File, Format Version 12.00
# Visual Studio 15
VisualStudioVersion = 15.0.27130.2020
MinimumVisualStudioVersion = 10.0.40219.1
Project("{8BC9CEB8-8B4A-11D0-8D11-00A0C91BC942}") = "lxnet", "3rd\lxnet\lib\lxnet\lxnet.vcxproj", "{CB583C72-DDA2-4F0B-9838-21F853F4CF3A}"
EndProject
Project("{8BC9CEB8-8B4A-11D0-8D11-00A0C91BC942}") = "tinyxml2", "3rd\tinyxml2\tinyxml2\tinyxml2.vcxproj", "{D1C528B6-AA02-4D29-9D61-DC08E317A70D}"
EndProject
Project("{2150E333-8FDC-42A3-9474-1A3956D46DE8}") = "lib", "lib", "{A2095C3E-FC40-4446-9B89-4100267F47A7}"
EndProject
Project("{8BC9CEB8-8B4A-11D0-8D11-00A0C91BC942}") = "LoginServer", "LoginServer\LoginServer.vcxproj", "{3BFAC32A-A71A-4A3C-A43C-6644EC77B6D7}"
	ProjectSection(ProjectDependencies) = postProject
		{847E3017-0B22-4481-96BF-C86D39734304} = {847E3017-0B22-4481-96BF-C86D39734304}
		{CB583C72-DDA2-4F0B-9838-21F853F4CF3A} = {CB583C72-DDA2-4F0B-9838-21F853F4CF3A}
		{34340F95-0055-434F-95C7-A7D3B69390DB} = {34340F95-0055-434F-95C7-A7D3B69390DB}
		{D1C528B6-AA02-4D29-9D61-DC08E317A70D} = {D1C528B6-AA02-4D29-9D61-DC08E317A70D}
		{0B71D9E0-A92E-4BC5-828D-79F402674807} = {0B71D9E0-A92E-4BC5-828D-79F402674807}
	EndProjectSection
EndProject
Project("{8BC9CEB8-8B4A-11D0-8D11-00A0C91BC942}") = "CenterServer", "CenterServer\CenterServer.vcxproj", "{9C4FA4E6-AA7C-498F-B9A0-F2FD07934F86}"
	ProjectSection(ProjectDependencies) = postProject
		{847E3017-0B22-4481-96BF-C86D39734304} = {847E3017-0B22-4481-96BF-C86D39734304}
		{85689A49-56BC-3EBA-9BCB-9429A0969B7B} = {85689A49-56BC-3EBA-9BCB-9429A0969B7B}
		{CB583C72-DDA2-4F0B-9838-21F853F4CF3A} = {CB583C72-DDA2-4F0B-9838-21F853F4CF3A}
		{D1C528B6-AA02-4D29-9D61-DC08E317A70D} = {D1C528B6-AA02-4D29-9D61-DC08E317A70D}
		{0B71D9E0-A92E-4BC5-828D-79F402674807} = {0B71D9E0-A92E-4BC5-828D-79F402674807}
	EndProjectSection
EndProject
Project("{8BC9CEB8-8B4A-11D0-8D11-00A0C91BC942}") = "GameGateway", "GameGateway\GameGateway.vcxproj", "{BD62C60B-DB3E-4896-800F-C153B8AB56E0}"
	ProjectSection(ProjectDependencies) = postProject
		{847E3017-0B22-4481-96BF-C86D39734304} = {847E3017-0B22-4481-96BF-C86D39734304}
		{85689A49-56BC-3EBA-9BCB-9429A0969B7B} = {85689A49-56BC-3EBA-9BCB-9429A0969B7B}
		{CB583C72-DDA2-4F0B-9838-21F853F4CF3A} = {CB583C72-DDA2-4F0B-9838-21F853F4CF3A}
		{D1C528B6-AA02-4D29-9D61-DC08E317A70D} = {D1C528B6-AA02-4D29-9D61-DC08E317A70D}
		{0B71D9E0-A92E-4BC5-828D-79F402674807} = {0B71D9E0-A92E-4BC5-828D-79F402674807}
	EndProjectSection
EndProject
Project("{8BC9CEB8-8B4A-11D0-8D11-00A0C91BC942}") = "DBServer", "DBServer\DBServer.vcxproj", "{1F7B86FE-C7AB-47D0-BFDC-84974E4DD73A}"
	ProjectSection(ProjectDependencies) = postProject
		{847E3017-0B22-4481-96BF-C86D39734304} = {847E3017-0B22-4481-96BF-C86D39734304}
		{85689A49-56BC-3EBA-9BCB-9429A0969B7B} = {85689A49-56BC-3EBA-9BCB-9429A0969B7B}
		{CB583C72-DDA2-4F0B-9838-21F853F4CF3A} = {CB583C72-DDA2-4F0B-9838-21F853F4CF3A}
		{D1C528B6-AA02-4D29-9D61-DC08E317A70D} = {D1C528B6-AA02-4D29-9D61-DC08E317A70D}
		{0B71D9E0-A92E-4BC5-828D-79F402674807} = {0B71D9E0-A92E-4BC5-828D-79F402674807}
	EndProjectSection
EndProject
Project("{8BC9CEB8-8B4A-11D0-8D11-00A0C91BC942}") = "GameServer", "GameServer\GameServer.vcxproj", "{34340F95-0055-434F-95C7-A7D3B69390DB}"
	ProjectSection(ProjectDependencies) = postProject
		{847E3017-0B22-4481-96BF-C86D39734304} = {847E3017-0B22-4481-96BF-C86D39734304}
		{85689A49-56BC-3EBA-9BCB-9429A0969B7B} = {85689A49-56BC-3EBA-9BCB-9429A0969B7B}
		{CB583C72-DDA2-4F0B-9838-21F853F4CF3A} = {CB583C72-DDA2-4F0B-9838-21F853F4CF3A}
		{D1C528B6-AA02-4D29-9D61-DC08E317A70D} = {D1C528B6-AA02-4D29-9D61-DC08E317A70D}
		{0B71D9E0-A92E-4BC5-828D-79F402674807} = {0B71D9E0-A92E-4BC5-828D-79F402674807}
	EndProjectSection
EndProject
Project("{8BC9CEB8-8B4A-11D0-8D11-00A0C91BC942}") = "Common", "Common\Common.vcxproj", "{0B71D9E0-A92E-4BC5-828D-79F402674807}"
EndProject
Project("{8BC9CEB8-8B4A-11D0-8D11-00A0C91BC942}") = "Robot", "Robot\Robot.vcxproj", "{42B94EE0-BA5C-4B88-AB6A-17CDE09C5847}"
	ProjectSection(ProjectDependencies) = postProject
		{847E3017-0B22-4481-96BF-C86D39734304} = {847E3017-0B22-4481-96BF-C86D39734304}
		{85689A49-56BC-3EBA-9BCB-9429A0969B7B} = {85689A49-56BC-3EBA-9BCB-9429A0969B7B}
		{CB583C72-DDA2-4F0B-9838-21F853F4CF3A} = {CB583C72-DDA2-4F0B-9838-21F853F4CF3A}
		{D1C528B6-AA02-4D29-9D61-DC08E317A70D} = {D1C528B6-AA02-4D29-9D61-DC08E317A70D}
		{0B71D9E0-A92E-4BC5-828D-79F402674807} = {0B71D9E0-A92E-4BC5-828D-79F402674807}
	EndProjectSection
EndProject
Project("{8BC9CEB8-8B4A-11D0-8D11-00A0C91BC942}") = "libprotobuf", "3rd\protobuf\builds\libprotobuf.vcxproj", "{85689A49-56BC-3EBA-9BCB-9429A0969B7B}"
EndProject
Project("{8BC9CEB8-8B4A-11D0-8D11-00A0C91BC942}") = "Base", "base\Base.vcxproj", "{847E3017-0B22-4481-96BF-C86D39734304}"
	ProjectSection(ProjectDependencies) = postProject
		{138FD043-37DB-3906-9FE6-0C4669BEFA8F} = {138FD043-37DB-3906-9FE6-0C4669BEFA8F}
	EndProjectSection
EndProject
Project("{8BC9CEB8-8B4A-11D0-8D11-00A0C91BC942}") = "cryptlib", "3rd\cryptopp\cryptlib.vcxproj", "{C39F4B46-6E89-4074-902E-CA57073044D2}"
EndProject
Project("{2150E333-8FDC-42A3-9474-1A3956D46DE8}") = "3rd", "3rd", "{54B4D016-3A77-4F23-B905-D2A849D3E41F}"
EndProject
Project("{8BC9CEB8-8B4A-11D0-8D11-00A0C91BC942}") = "fmt", "3rd\fmtlib\build\fmt.vcxproj", "{138FD043-37DB-3906-9FE6-0C4669BEFA8F}"
EndProject
Project("{8BC9CEB8-8B4A-11D0-8D11-00A0C91BC942}") = "protoc", "3rd\protobuf\builds\protoc.vcxproj", "{0EA8DDBD-B141-347A-8302-C3CC7BDA2D4C}"
EndProject
Project("{8BC9CEB8-8B4A-11D0-8D11-00A0C91BC942}") = "libprotoc", "3rd\protobuf\builds\libprotoc.vcxproj", "{10F86A9A-F788-3226-8F91-999B0A0D155C}"
EndProject
Project("{8BC9CEB8-8B4A-11D0-8D11-00A0C91BC942}") = "js_embed", "3rd\protobuf\builds\js_embed.vcxproj", "{56FFD5C8-48A0-3E58-9E7E-5E84824115DD}"
EndProject
Project("{2150E333-8FDC-42A3-9474-1A3956D46DE8}") = "protobuf", "protobuf", "{FEFFCB48-A287-441E-A94B-91F219310CF5}"
EndProject
Global
	GlobalSection(SolutionConfigurationPlatforms) = preSolution
		Debug|x64 = Debug|x64
		Debug|x86 = Debug|x86
		Debug-Dll|x64 = Debug-Dll|x64
		Debug-Dll|x86 = Debug-Dll|x86
		Debug-Lib|x64 = Debug-Lib|x64
		Debug-Lib|x86 = Debug-Lib|x86
		DLL-Import Debug|x64 = DLL-Import Debug|x64
		DLL-Import Debug|x86 = DLL-Import Debug|x86
		DLL-Import Release|x64 = DLL-Import Release|x64
		DLL-Import Release|x86 = DLL-Import Release|x86
		MinSizeRel|x64 = MinSizeRel|x64
		MinSizeRel|x86 = MinSizeRel|x86
		Release|x64 = Release|x64
		Release|x86 = Release|x86
		Release-Dll|x64 = Release-Dll|x64
		Release-Dll|x86 = Release-Dll|x86
		Release-Lib|x64 = Release-Lib|x64
		Release-Lib|x86 = Release-Lib|x86
		RelWithDebInfo|x64 = RelWithDebInfo|x64
		RelWithDebInfo|x86 = RelWithDebInfo|x86
	EndGlobalSection
	GlobalSection(ProjectConfigurationPlatforms) = postSolution
		{CB583C72-DDA2-4F0B-9838-21F853F4CF3A}.Debug|x64.ActiveCfg = Debug|Win32
		{CB583C72-DDA2-4F0B-9838-21F853F4CF3A}.Debug|x86.ActiveCfg = Debug|Win32
		{CB583C72-DDA2-4F0B-9838-21F853F4CF3A}.Debug|x86.Build.0 = Debug|Win32
		{CB583C72-DDA2-4F0B-9838-21F853F4CF3A}.Debug-Dll|x64.ActiveCfg = Release|Win32
		{CB583C72-DDA2-4F0B-9838-21F853F4CF3A}.Debug-Dll|x64.Build.0 = Release|Win32
		{CB583C72-DDA2-4F0B-9838-21F853F4CF3A}.Debug-Dll|x86.ActiveCfg = Debug|Win32
		{CB583C72-DDA2-4F0B-9838-21F853F4CF3A}.Debug-Dll|x86.Build.0 = Debug|Win32
		{CB583C72-DDA2-4F0B-9838-21F853F4CF3A}.Debug-Lib|x64.ActiveCfg = Release|Win32
		{CB583C72-DDA2-4F0B-9838-21F853F4CF3A}.Debug-Lib|x64.Build.0 = Release|Win32
		{CB583C72-DDA2-4F0B-9838-21F853F4CF3A}.Debug-Lib|x86.ActiveCfg = Debug|Win32
		{CB583C72-DDA2-4F0B-9838-21F853F4CF3A}.Debug-Lib|x86.Build.0 = Debug|Win32
		{CB583C72-DDA2-4F0B-9838-21F853F4CF3A}.DLL-Import Debug|x64.ActiveCfg = Release|Win32
		{CB583C72-DDA2-4F0B-9838-21F853F4CF3A}.DLL-Import Debug|x64.Build.0 = Release|Win32
		{CB583C72-DDA2-4F0B-9838-21F853F4CF3A}.DLL-Import Debug|x64.Deploy.0 = Release|Win32
		{CB583C72-DDA2-4F0B-9838-21F853F4CF3A}.DLL-Import Debug|x86.ActiveCfg = Debug|Win32
		{CB583C72-DDA2-4F0B-9838-21F853F4CF3A}.DLL-Import Debug|x86.Build.0 = Debug|Win32
		{CB583C72-DDA2-4F0B-9838-21F853F4CF3A}.DLL-Import Debug|x86.Deploy.0 = Debug|Win32
		{CB583C72-DDA2-4F0B-9838-21F853F4CF3A}.DLL-Import Release|x64.ActiveCfg = Release|Win32
		{CB583C72-DDA2-4F0B-9838-21F853F4CF3A}.DLL-Import Release|x64.Build.0 = Release|Win32
		{CB583C72-DDA2-4F0B-9838-21F853F4CF3A}.DLL-Import Release|x64.Deploy.0 = Release|Win32
		{CB583C72-DDA2-4F0B-9838-21F853F4CF3A}.DLL-Import Release|x86.ActiveCfg = Release|Win32
		{CB583C72-DDA2-4F0B-9838-21F853F4CF3A}.DLL-Import Release|x86.Build.0 = Release|Win32
		{CB583C72-DDA2-4F0B-9838-21F853F4CF3A}.DLL-Import Release|x86.Deploy.0 = Release|Win32
		{CB583C72-DDA2-4F0B-9838-21F853F4CF3A}.MinSizeRel|x64.ActiveCfg = Release|Win32
		{CB583C72-DDA2-4F0B-9838-21F853F4CF3A}.MinSizeRel|x64.Build.0 = Release|Win32
		{CB583C72-DDA2-4F0B-9838-21F853F4CF3A}.MinSizeRel|x64.Deploy.0 = Release|Win32
		{CB583C72-DDA2-4F0B-9838-21F853F4CF3A}.MinSizeRel|x86.ActiveCfg = Release|Win32
		{CB583C72-DDA2-4F0B-9838-21F853F4CF3A}.MinSizeRel|x86.Build.0 = Release|Win32
		{CB583C72-DDA2-4F0B-9838-21F853F4CF3A}.MinSizeRel|x86.Deploy.0 = Release|Win32
		{CB583C72-DDA2-4F0B-9838-21F853F4CF3A}.Release|x64.ActiveCfg = Release|Win32
		{CB583C72-DDA2-4F0B-9838-21F853F4CF3A}.Release|x86.ActiveCfg = Release|Win32
		{CB583C72-DDA2-4F0B-9838-21F853F4CF3A}.Release|x86.Build.0 = Release|Win32
		{CB583C72-DDA2-4F0B-9838-21F853F4CF3A}.Release-Dll|x64.ActiveCfg = Release|Win32
		{CB583C72-DDA2-4F0B-9838-21F853F4CF3A}.Release-Dll|x64.Build.0 = Release|Win32
		{CB583C72-DDA2-4F0B-9838-21F853F4CF3A}.Release-Dll|x86.ActiveCfg = Release|Win32
		{CB583C72-DDA2-4F0B-9838-21F853F4CF3A}.Release-Dll|x86.Build.0 = Release|Win32
		{CB583C72-DDA2-4F0B-9838-21F853F4CF3A}.Release-Lib|x64.ActiveCfg = Release|Win32
		{CB583C72-DDA2-4F0B-9838-21F853F4CF3A}.Release-Lib|x64.Build.0 = Release|Win32
		{CB583C72-DDA2-4F0B-9838-21F853F4CF3A}.Release-Lib|x86.ActiveCfg = Release|Win32
		{CB583C72-DDA2-4F0B-9838-21F853F4CF3A}.Release-Lib|x86.Build.0 = Release|Win32
		{CB583C72-DDA2-4F0B-9838-21F853F4CF3A}.RelWithDebInfo|x64.ActiveCfg = Release|Win32
		{CB583C72-DDA2-4F0B-9838-21F853F4CF3A}.RelWithDebInfo|x64.Build.0 = Release|Win32
		{CB583C72-DDA2-4F0B-9838-21F853F4CF3A}.RelWithDebInfo|x64.Deploy.0 = Release|Win32
		{CB583C72-DDA2-4F0B-9838-21F853F4CF3A}.RelWithDebInfo|x86.ActiveCfg = Release|Win32
		{CB583C72-DDA2-4F0B-9838-21F853F4CF3A}.RelWithDebInfo|x86.Build.0 = Release|Win32
		{CB583C72-DDA2-4F0B-9838-21F853F4CF3A}.RelWithDebInfo|x86.Deploy.0 = Release|Win32
		{D1C528B6-AA02-4D29-9D61-DC08E317A70D}.Debug|x64.ActiveCfg = Debug-Dll|x64
		{D1C528B6-AA02-4D29-9D61-DC08E317A70D}.Debug|x64.Build.0 = Debug-Dll|x64
		{D1C528B6-AA02-4D29-9D61-DC08E317A70D}.Debug|x86.ActiveCfg = Debug-Dll|Win32
		{D1C528B6-AA02-4D29-9D61-DC08E317A70D}.Debug|x86.Build.0 = Debug-Dll|Win32
		{D1C528B6-AA02-4D29-9D61-DC08E317A70D}.Debug-Dll|x64.ActiveCfg = Debug-Dll|x64
		{D1C528B6-AA02-4D29-9D61-DC08E317A70D}.Debug-Dll|x64.Build.0 = Debug-Dll|x64
		{D1C528B6-AA02-4D29-9D61-DC08E317A70D}.Debug-Dll|x86.ActiveCfg = Debug-Dll|Win32
		{D1C528B6-AA02-4D29-9D61-DC08E317A70D}.Debug-Dll|x86.Build.0 = Debug-Dll|Win32
		{D1C528B6-AA02-4D29-9D61-DC08E317A70D}.Debug-Lib|x64.ActiveCfg = Debug-Lib|x64
		{D1C528B6-AA02-4D29-9D61-DC08E317A70D}.Debug-Lib|x64.Build.0 = Debug-Lib|x64
		{D1C528B6-AA02-4D29-9D61-DC08E317A70D}.Debug-Lib|x86.ActiveCfg = Debug-Lib|Win32
		{D1C528B6-AA02-4D29-9D61-DC08E317A70D}.Debug-Lib|x86.Build.0 = Debug-Lib|Win32
		{D1C528B6-AA02-4D29-9D61-DC08E317A70D}.DLL-Import Debug|x64.ActiveCfg = Debug-Lib|x64
		{D1C528B6-AA02-4D29-9D61-DC08E317A70D}.DLL-Import Debug|x64.Build.0 = Debug-Lib|x64
		{D1C528B6-AA02-4D29-9D61-DC08E317A70D}.DLL-Import Debug|x64.Deploy.0 = Debug-Lib|x64
		{D1C528B6-AA02-4D29-9D61-DC08E317A70D}.DLL-Import Debug|x86.ActiveCfg = Debug-Lib|Win32
		{D1C528B6-AA02-4D29-9D61-DC08E317A70D}.DLL-Import Debug|x86.Build.0 = Debug-Lib|Win32
		{D1C528B6-AA02-4D29-9D61-DC08E317A70D}.DLL-Import Debug|x86.Deploy.0 = Debug-Lib|Win32
		{D1C528B6-AA02-4D29-9D61-DC08E317A70D}.DLL-Import Release|x64.ActiveCfg = Debug-Lib|x64
		{D1C528B6-AA02-4D29-9D61-DC08E317A70D}.DLL-Import Release|x64.Build.0 = Debug-Lib|x64
		{D1C528B6-AA02-4D29-9D61-DC08E317A70D}.DLL-Import Release|x64.Deploy.0 = Debug-Lib|x64
		{D1C528B6-AA02-4D29-9D61-DC08E317A70D}.DLL-Import Release|x86.ActiveCfg = Debug-Lib|Win32
		{D1C528B6-AA02-4D29-9D61-DC08E317A70D}.DLL-Import Release|x86.Build.0 = Debug-Lib|Win32
		{D1C528B6-AA02-4D29-9D61-DC08E317A70D}.DLL-Import Release|x86.Deploy.0 = Debug-Lib|Win32
		{D1C528B6-AA02-4D29-9D61-DC08E317A70D}.MinSizeRel|x64.ActiveCfg = Release-Dll|x64
		{D1C528B6-AA02-4D29-9D61-DC08E317A70D}.MinSizeRel|x64.Build.0 = Release-Dll|x64
		{D1C528B6-AA02-4D29-9D61-DC08E317A70D}.MinSizeRel|x64.Deploy.0 = Release-Dll|x64
		{D1C528B6-AA02-4D29-9D61-DC08E317A70D}.MinSizeRel|x86.ActiveCfg = Release-Dll|Win32
		{D1C528B6-AA02-4D29-9D61-DC08E317A70D}.MinSizeRel|x86.Build.0 = Release-Dll|Win32
		{D1C528B6-AA02-4D29-9D61-DC08E317A70D}.MinSizeRel|x86.Deploy.0 = Release-Dll|Win32
		{D1C528B6-AA02-4D29-9D61-DC08E317A70D}.Release|x64.ActiveCfg = Release-Lib|x64
		{D1C528B6-AA02-4D29-9D61-DC08E317A70D}.Release|x64.Build.0 = Release-Lib|x64
		{D1C528B6-AA02-4D29-9D61-DC08E317A70D}.Release|x86.ActiveCfg = Release-Lib|Win32
		{D1C528B6-AA02-4D29-9D61-DC08E317A70D}.Release|x86.Build.0 = Release-Lib|Win32
		{D1C528B6-AA02-4D29-9D61-DC08E317A70D}.Release-Dll|x64.ActiveCfg = Release-Dll|x64
		{D1C528B6-AA02-4D29-9D61-DC08E317A70D}.Release-Dll|x64.Build.0 = Release-Dll|x64
		{D1C528B6-AA02-4D29-9D61-DC08E317A70D}.Release-Dll|x86.ActiveCfg = Release-Dll|Win32
		{D1C528B6-AA02-4D29-9D61-DC08E317A70D}.Release-Dll|x86.Build.0 = Release-Dll|Win32
		{D1C528B6-AA02-4D29-9D61-DC08E317A70D}.Release-Lib|x64.ActiveCfg = Release-Lib|x64
		{D1C528B6-AA02-4D29-9D61-DC08E317A70D}.Release-Lib|x64.Build.0 = Release-Lib|x64
		{D1C528B6-AA02-4D29-9D61-DC08E317A70D}.Release-Lib|x86.ActiveCfg = Release-Lib|Win32
		{D1C528B6-AA02-4D29-9D61-DC08E317A70D}.Release-Lib|x86.Build.0 = Release-Lib|Win32
		{D1C528B6-AA02-4D29-9D61-DC08E317A70D}.RelWithDebInfo|x64.ActiveCfg = Release-Dll|x64
		{D1C528B6-AA02-4D29-9D61-DC08E317A70D}.RelWithDebInfo|x64.Build.0 = Release-Dll|x64
		{D1C528B6-AA02-4D29-9D61-DC08E317A70D}.RelWithDebInfo|x64.Deploy.0 = Release-Dll|x64
		{D1C528B6-AA02-4D29-9D61-DC08E317A70D}.RelWithDebInfo|x86.ActiveCfg = Release-Dll|Win32
		{D1C528B6-AA02-4D29-9D61-DC08E317A70D}.RelWithDebInfo|x86.Build.0 = Release-Dll|Win32
		{D1C528B6-AA02-4D29-9D61-DC08E317A70D}.RelWithDebInfo|x86.Deploy.0 = Release-Dll|Win32
		{3BFAC32A-A71A-4A3C-A43C-6644EC77B6D7}.Debug|x64.ActiveCfg = Debug|x64
		{3BFAC32A-A71A-4A3C-A43C-6644EC77B6D7}.Debug|x64.Build.0 = Debug|x64
		{3BFAC32A-A71A-4A3C-A43C-6644EC77B6D7}.Debug|x86.ActiveCfg = Debug|Win32
		{3BFAC32A-A71A-4A3C-A43C-6644EC77B6D7}.Debug|x86.Build.0 = Debug|Win32
		{3BFAC32A-A71A-4A3C-A43C-6644EC77B6D7}.Debug-Dll|x64.ActiveCfg = Debug|x64
		{3BFAC32A-A71A-4A3C-A43C-6644EC77B6D7}.Debug-Dll|x64.Build.0 = Debug|x64
		{3BFAC32A-A71A-4A3C-A43C-6644EC77B6D7}.Debug-Dll|x86.ActiveCfg = Debug|Win32
		{3BFAC32A-A71A-4A3C-A43C-6644EC77B6D7}.Debug-Dll|x86.Build.0 = Debug|Win32
		{3BFAC32A-A71A-4A3C-A43C-6644EC77B6D7}.Debug-Lib|x64.ActiveCfg = Debug|x64
		{3BFAC32A-A71A-4A3C-A43C-6644EC77B6D7}.Debug-Lib|x64.Build.0 = Debug|x64
		{3BFAC32A-A71A-4A3C-A43C-6644EC77B6D7}.Debug-Lib|x86.ActiveCfg = Debug|Win32
		{3BFAC32A-A71A-4A3C-A43C-6644EC77B6D7}.Debug-Lib|x86.Build.0 = Debug|Win32
		{3BFAC32A-A71A-4A3C-A43C-6644EC77B6D7}.DLL-Import Debug|x64.ActiveCfg = Debug|x64
		{3BFAC32A-A71A-4A3C-A43C-6644EC77B6D7}.DLL-Import Debug|x64.Build.0 = Debug|x64
		{3BFAC32A-A71A-4A3C-A43C-6644EC77B6D7}.DLL-Import Debug|x64.Deploy.0 = Debug|x64
		{3BFAC32A-A71A-4A3C-A43C-6644EC77B6D7}.DLL-Import Debug|x86.ActiveCfg = Debug|Win32
		{3BFAC32A-A71A-4A3C-A43C-6644EC77B6D7}.DLL-Import Debug|x86.Build.0 = Debug|Win32
		{3BFAC32A-A71A-4A3C-A43C-6644EC77B6D7}.DLL-Import Debug|x86.Deploy.0 = Debug|Win32
		{3BFAC32A-A71A-4A3C-A43C-6644EC77B6D7}.DLL-Import Release|x64.ActiveCfg = Release|x64
		{3BFAC32A-A71A-4A3C-A43C-6644EC77B6D7}.DLL-Import Release|x64.Build.0 = Release|x64
		{3BFAC32A-A71A-4A3C-A43C-6644EC77B6D7}.DLL-Import Release|x64.Deploy.0 = Release|x64
		{3BFAC32A-A71A-4A3C-A43C-6644EC77B6D7}.DLL-Import Release|x86.ActiveCfg = Release|Win32
		{3BFAC32A-A71A-4A3C-A43C-6644EC77B6D7}.DLL-Import Release|x86.Build.0 = Release|Win32
		{3BFAC32A-A71A-4A3C-A43C-6644EC77B6D7}.DLL-Import Release|x86.Deploy.0 = Release|Win32
		{3BFAC32A-A71A-4A3C-A43C-6644EC77B6D7}.MinSizeRel|x64.ActiveCfg = Release|x64
		{3BFAC32A-A71A-4A3C-A43C-6644EC77B6D7}.MinSizeRel|x64.Build.0 = Release|x64
		{3BFAC32A-A71A-4A3C-A43C-6644EC77B6D7}.MinSizeRel|x64.Deploy.0 = Release|x64
		{3BFAC32A-A71A-4A3C-A43C-6644EC77B6D7}.MinSizeRel|x86.ActiveCfg = Release|Win32
		{3BFAC32A-A71A-4A3C-A43C-6644EC77B6D7}.MinSizeRel|x86.Build.0 = Release|Win32
		{3BFAC32A-A71A-4A3C-A43C-6644EC77B6D7}.MinSizeRel|x86.Deploy.0 = Release|Win32
		{3BFAC32A-A71A-4A3C-A43C-6644EC77B6D7}.Release|x64.ActiveCfg = Release|x64
		{3BFAC32A-A71A-4A3C-A43C-6644EC77B6D7}.Release|x64.Build.0 = Release|x64
		{3BFAC32A-A71A-4A3C-A43C-6644EC77B6D7}.Release|x86.ActiveCfg = Release|Win32
		{3BFAC32A-A71A-4A3C-A43C-6644EC77B6D7}.Release|x86.Build.0 = Release|Win32
		{3BFAC32A-A71A-4A3C-A43C-6644EC77B6D7}.Release-Dll|x64.ActiveCfg = Release|x64
		{3BFAC32A-A71A-4A3C-A43C-6644EC77B6D7}.Release-Dll|x64.Build.0 = Release|x64
		{3BFAC32A-A71A-4A3C-A43C-6644EC77B6D7}.Release-Dll|x86.ActiveCfg = Release|Win32
		{3BFAC32A-A71A-4A3C-A43C-6644EC77B6D7}.Release-Dll|x86.Build.0 = Release|Win32
		{3BFAC32A-A71A-4A3C-A43C-6644EC77B6D7}.Release-Lib|x64.ActiveCfg = Release|x64
		{3BFAC32A-A71A-4A3C-A43C-6644EC77B6D7}.Release-Lib|x64.Build.0 = Release|x64
		{3BFAC32A-A71A-4A3C-A43C-6644EC77B6D7}.Release-Lib|x86.ActiveCfg = Release|Win32
		{3BFAC32A-A71A-4A3C-A43C-6644EC77B6D7}.Release-Lib|x86.Build.0 = Release|Win32
		{3BFAC32A-A71A-4A3C-A43C-6644EC77B6D7}.RelWithDebInfo|x64.ActiveCfg = Release|x64
		{3BFAC32A-A71A-4A3C-A43C-6644EC77B6D7}.RelWithDebInfo|x64.Build.0 = Release|x64
		{3BFAC32A-A71A-4A3C-A43C-6644EC77B6D7}.RelWithDebInfo|x64.Deploy.0 = Release|x64
		{3BFAC32A-A71A-4A3C-A43C-6644EC77B6D7}.RelWithDebInfo|x86.ActiveCfg = Release|Win32
		{3BFAC32A-A71A-4A3C-A43C-6644EC77B6D7}.RelWithDebInfo|x86.Build.0 = Release|Win32
		{3BFAC32A-A71A-4A3C-A43C-6644EC77B6D7}.RelWithDebInfo|x86.Deploy.0 = Release|Win32
		{9C4FA4E6-AA7C-498F-B9A0-F2FD07934F86}.Debug|x64.ActiveCfg = Debug|x64
		{9C4FA4E6-AA7C-498F-B9A0-F2FD07934F86}.Debug|x64.Build.0 = Debug|x64
		{9C4FA4E6-AA7C-498F-B9A0-F2FD07934F86}.Debug|x86.ActiveCfg = Debug|Win32
		{9C4FA4E6-AA7C-498F-B9A0-F2FD07934F86}.Debug|x86.Build.0 = Debug|Win32
		{9C4FA4E6-AA7C-498F-B9A0-F2FD07934F86}.Debug-Dll|x64.ActiveCfg = Debug|x64
		{9C4FA4E6-AA7C-498F-B9A0-F2FD07934F86}.Debug-Dll|x64.Build.0 = Debug|x64
		{9C4FA4E6-AA7C-498F-B9A0-F2FD07934F86}.Debug-Dll|x86.ActiveCfg = Debug|Win32
		{9C4FA4E6-AA7C-498F-B9A0-F2FD07934F86}.Debug-Dll|x86.Build.0 = Debug|Win32
		{9C4FA4E6-AA7C-498F-B9A0-F2FD07934F86}.Debug-Lib|x64.ActiveCfg = Debug|x64
		{9C4FA4E6-AA7C-498F-B9A0-F2FD07934F86}.Debug-Lib|x64.Build.0 = Debug|x64
		{9C4FA4E6-AA7C-498F-B9A0-F2FD07934F86}.Debug-Lib|x86.ActiveCfg = Debug|Win32
		{9C4FA4E6-AA7C-498F-B9A0-F2FD07934F86}.Debug-Lib|x86.Build.0 = Debug|Win32
		{9C4FA4E6-AA7C-498F-B9A0-F2FD07934F86}.DLL-Import Debug|x64.ActiveCfg = Debug|x64
		{9C4FA4E6-AA7C-498F-B9A0-F2FD07934F86}.DLL-Import Debug|x64.Build.0 = Debug|x64
		{9C4FA4E6-AA7C-498F-B9A0-F2FD07934F86}.DLL-Import Debug|x64.Deploy.0 = Debug|x64
		{9C4FA4E6-AA7C-498F-B9A0-F2FD07934F86}.DLL-Import Debug|x86.ActiveCfg = Debug|Win32
		{9C4FA4E6-AA7C-498F-B9A0-F2FD07934F86}.DLL-Import Debug|x86.Build.0 = Debug|Win32
		{9C4FA4E6-AA7C-498F-B9A0-F2FD07934F86}.DLL-Import Debug|x86.Deploy.0 = Debug|Win32
		{9C4FA4E6-AA7C-498F-B9A0-F2FD07934F86}.DLL-Import Release|x64.ActiveCfg = Release|x64
		{9C4FA4E6-AA7C-498F-B9A0-F2FD07934F86}.DLL-Import Release|x64.Build.0 = Release|x64
		{9C4FA4E6-AA7C-498F-B9A0-F2FD07934F86}.DLL-Import Release|x64.Deploy.0 = Release|x64
		{9C4FA4E6-AA7C-498F-B9A0-F2FD07934F86}.DLL-Import Release|x86.ActiveCfg = Release|Win32
		{9C4FA4E6-AA7C-498F-B9A0-F2FD07934F86}.DLL-Import Release|x86.Build.0 = Release|Win32
		{9C4FA4E6-AA7C-498F-B9A0-F2FD07934F86}.DLL-Import Release|x86.Deploy.0 = Release|Win32
		{9C4FA4E6-AA7C-498F-B9A0-F2FD07934F86}.MinSizeRel|x64.ActiveCfg = Release|x64
		{9C4FA4E6-AA7C-498F-B9A0-F2FD07934F86}.MinSizeRel|x64.Build.0 = Release|x64
		{9C4FA4E6-AA7C-498F-B9A0-F2FD07934F86}.MinSizeRel|x86.ActiveCfg = Release|Win32
		{9C4FA4E6-AA7C-498F-B9A0-F2FD07934F86}.MinSizeRel|x86.Build.0 = Release|Win32
		{9C4FA4E6-AA7C-498F-B9A0-F2FD07934F86}.Release|x64.ActiveCfg = Release|x64
		{9C4FA4E6-AA7C-498F-B9A0-F2FD07934F86}.Release|x64.Build.0 = Release|x64
		{9C4FA4E6-AA7C-498F-B9A0-F2FD07934F86}.Release|x86.ActiveCfg = Release|Win32
		{9C4FA4E6-AA7C-498F-B9A0-F2FD07934F86}.Release|x86.Build.0 = Release|Win32
		{9C4FA4E6-AA7C-498F-B9A0-F2FD07934F86}.Release-Dll|x64.ActiveCfg = Release|x64
		{9C4FA4E6-AA7C-498F-B9A0-F2FD07934F86}.Release-Dll|x64.Build.0 = Release|x64
		{9C4FA4E6-AA7C-498F-B9A0-F2FD07934F86}.Release-Dll|x86.ActiveCfg = Release|Win32
		{9C4FA4E6-AA7C-498F-B9A0-F2FD07934F86}.Release-Dll|x86.Build.0 = Release|Win32
		{9C4FA4E6-AA7C-498F-B9A0-F2FD07934F86}.Release-Lib|x64.ActiveCfg = Release|x64
		{9C4FA4E6-AA7C-498F-B9A0-F2FD07934F86}.Release-Lib|x64.Build.0 = Release|x64
		{9C4FA4E6-AA7C-498F-B9A0-F2FD07934F86}.Release-Lib|x86.ActiveCfg = Release|Win32
		{9C4FA4E6-AA7C-498F-B9A0-F2FD07934F86}.Release-Lib|x86.Build.0 = Release|Win32
		{9C4FA4E6-AA7C-498F-B9A0-F2FD07934F86}.RelWithDebInfo|x64.ActiveCfg = Release|x64
		{9C4FA4E6-AA7C-498F-B9A0-F2FD07934F86}.RelWithDebInfo|x64.Build.0 = Release|x64
		{9C4FA4E6-AA7C-498F-B9A0-F2FD07934F86}.RelWithDebInfo|x86.ActiveCfg = Release|Win32
		{9C4FA4E6-AA7C-498F-B9A0-F2FD07934F86}.RelWithDebInfo|x86.Build.0 = Release|Win32
		{BD62C60B-DB3E-4896-800F-C153B8AB56E0}.Debug|x64.ActiveCfg = Debug|x64
		{BD62C60B-DB3E-4896-800F-C153B8AB56E0}.Debug|x64.Build.0 = Debug|x64
		{BD62C60B-DB3E-4896-800F-C153B8AB56E0}.Debug|x86.ActiveCfg = Debug|Win32
		{BD62C60B-DB3E-4896-800F-C153B8AB56E0}.Debug|x86.Build.0 = Debug|Win32
		{BD62C60B-DB3E-4896-800F-C153B8AB56E0}.Debug-Dll|x64.ActiveCfg = Debug|x64
		{BD62C60B-DB3E-4896-800F-C153B8AB56E0}.Debug-Dll|x64.Build.0 = Debug|x64
		{BD62C60B-DB3E-4896-800F-C153B8AB56E0}.Debug-Dll|x86.ActiveCfg = Debug|Win32
		{BD62C60B-DB3E-4896-800F-C153B8AB56E0}.Debug-Dll|x86.Build.0 = Debug|Win32
		{BD62C60B-DB3E-4896-800F-C153B8AB56E0}.Debug-Lib|x64.ActiveCfg = Debug|x64
		{BD62C60B-DB3E-4896-800F-C153B8AB56E0}.Debug-Lib|x64.Build.0 = Debug|x64
		{BD62C60B-DB3E-4896-800F-C153B8AB56E0}.Debug-Lib|x86.ActiveCfg = Debug|Win32
		{BD62C60B-DB3E-4896-800F-C153B8AB56E0}.Debug-Lib|x86.Build.0 = Debug|Win32
		{BD62C60B-DB3E-4896-800F-C153B8AB56E0}.DLL-Import Debug|x64.ActiveCfg = Debug|x64
		{BD62C60B-DB3E-4896-800F-C153B8AB56E0}.DLL-Import Debug|x64.Build.0 = Debug|x64
		{BD62C60B-DB3E-4896-800F-C153B8AB56E0}.DLL-Import Debug|x64.Deploy.0 = Debug|x64
		{BD62C60B-DB3E-4896-800F-C153B8AB56E0}.DLL-Import Debug|x86.ActiveCfg = Debug|Win32
		{BD62C60B-DB3E-4896-800F-C153B8AB56E0}.DLL-Import Debug|x86.Build.0 = Debug|Win32
		{BD62C60B-DB3E-4896-800F-C153B8AB56E0}.DLL-Import Debug|x86.Deploy.0 = Debug|Win32
		{BD62C60B-DB3E-4896-800F-C153B8AB56E0}.DLL-Import Release|x64.ActiveCfg = Release|x64
		{BD62C60B-DB3E-4896-800F-C153B8AB56E0}.DLL-Import Release|x64.Build.0 = Release|x64
		{BD62C60B-DB3E-4896-800F-C153B8AB56E0}.DLL-Import Release|x64.Deploy.0 = Release|x64
		{BD62C60B-DB3E-4896-800F-C153B8AB56E0}.DLL-Import Release|x86.ActiveCfg = Release|Win32
		{BD62C60B-DB3E-4896-800F-C153B8AB56E0}.DLL-Import Release|x86.Build.0 = Release|Win32
		{BD62C60B-DB3E-4896-800F-C153B8AB56E0}.DLL-Import Release|x86.Deploy.0 = Release|Win32
		{BD62C60B-DB3E-4896-800F-C153B8AB56E0}.MinSizeRel|x64.ActiveCfg = Release|x64
		{BD62C60B-DB3E-4896-800F-C153B8AB56E0}.MinSizeRel|x64.Build.0 = Release|x64
		{BD62C60B-DB3E-4896-800F-C153B8AB56E0}.MinSizeRel|x64.Deploy.0 = Release|x64
		{BD62C60B-DB3E-4896-800F-C153B8AB56E0}.MinSizeRel|x86.ActiveCfg = Release|Win32
		{BD62C60B-DB3E-4896-800F-C153B8AB56E0}.MinSizeRel|x86.Build.0 = Release|Win32
		{BD62C60B-DB3E-4896-800F-C153B8AB56E0}.MinSizeRel|x86.Deploy.0 = Release|Win32
		{BD62C60B-DB3E-4896-800F-C153B8AB56E0}.Release|x64.ActiveCfg = Release|x64
		{BD62C60B-DB3E-4896-800F-C153B8AB56E0}.Release|x64.Build.0 = Release|x64
		{BD62C60B-DB3E-4896-800F-C153B8AB56E0}.Release|x86.ActiveCfg = Release|Win32
		{BD62C60B-DB3E-4896-800F-C153B8AB56E0}.Release|x86.Build.0 = Release|Win32
		{BD62C60B-DB3E-4896-800F-C153B8AB56E0}.Release-Dll|x64.ActiveCfg = Release|x64
		{BD62C60B-DB3E-4896-800F-C153B8AB56E0}.Release-Dll|x64.Build.0 = Release|x64
		{BD62C60B-DB3E-4896-800F-C153B8AB56E0}.Release-Dll|x86.ActiveCfg = Release|Win32
		{BD62C60B-DB3E-4896-800F-C153B8AB56E0}.Release-Dll|x86.Build.0 = Release|Win32
		{BD62C60B-DB3E-4896-800F-C153B8AB56E0}.Release-Lib|x64.ActiveCfg = Release|x64
		{BD62C60B-DB3E-4896-800F-C153B8AB56E0}.Release-Lib|x64.Build.0 = Release|x64
		{BD62C60B-DB3E-4896-800F-C153B8AB56E0}.Release-Lib|x86.ActiveCfg = Release|Win32
		{BD62C60B-DB3E-4896-800F-C153B8AB56E0}.Release-Lib|x86.Build.0 = Release|Win32
		{BD62C60B-DB3E-4896-800F-C153B8AB56E0}.RelWithDebInfo|x64.ActiveCfg = Release|x64
		{BD62C60B-DB3E-4896-800F-C153B8AB56E0}.RelWithDebInfo|x64.Build.0 = Release|x64
		{BD62C60B-DB3E-4896-800F-C153B8AB56E0}.RelWithDebInfo|x64.Deploy.0 = Release|x64
		{BD62C60B-DB3E-4896-800F-C153B8AB56E0}.RelWithDebInfo|x86.ActiveCfg = Release|Win32
		{BD62C60B-DB3E-4896-800F-C153B8AB56E0}.RelWithDebInfo|x86.Build.0 = Release|Win32
		{BD62C60B-DB3E-4896-800F-C153B8AB56E0}.RelWithDebInfo|x86.Deploy.0 = Release|Win32
		{1F7B86FE-C7AB-47D0-BFDC-84974E4DD73A}.Debug|x64.ActiveCfg = Debug|x64
		{1F7B86FE-C7AB-47D0-BFDC-84974E4DD73A}.Debug|x64.Build.0 = Debug|x64
		{1F7B86FE-C7AB-47D0-BFDC-84974E4DD73A}.Debug|x86.ActiveCfg = Debug|Win32
		{1F7B86FE-C7AB-47D0-BFDC-84974E4DD73A}.Debug|x86.Build.0 = Debug|Win32
		{1F7B86FE-C7AB-47D0-BFDC-84974E4DD73A}.Debug-Dll|x64.ActiveCfg = Debug|x64
		{1F7B86FE-C7AB-47D0-BFDC-84974E4DD73A}.Debug-Dll|x64.Build.0 = Debug|x64
		{1F7B86FE-C7AB-47D0-BFDC-84974E4DD73A}.Debug-Dll|x86.ActiveCfg = Debug|Win32
		{1F7B86FE-C7AB-47D0-BFDC-84974E4DD73A}.Debug-Dll|x86.Build.0 = Debug|Win32
		{1F7B86FE-C7AB-47D0-BFDC-84974E4DD73A}.Debug-Lib|x64.ActiveCfg = Debug|x64
		{1F7B86FE-C7AB-47D0-BFDC-84974E4DD73A}.Debug-Lib|x64.Build.0 = Debug|x64
		{1F7B86FE-C7AB-47D0-BFDC-84974E4DD73A}.Debug-Lib|x86.ActiveCfg = Debug|Win32
		{1F7B86FE-C7AB-47D0-BFDC-84974E4DD73A}.Debug-Lib|x86.Build.0 = Debug|Win32
		{1F7B86FE-C7AB-47D0-BFDC-84974E4DD73A}.DLL-Import Debug|x64.ActiveCfg = Debug|x64
		{1F7B86FE-C7AB-47D0-BFDC-84974E4DD73A}.DLL-Import Debug|x64.Build.0 = Debug|x64
		{1F7B86FE-C7AB-47D0-BFDC-84974E4DD73A}.DLL-Import Debug|x64.Deploy.0 = Debug|x64
		{1F7B86FE-C7AB-47D0-BFDC-84974E4DD73A}.DLL-Import Debug|x86.ActiveCfg = Debug|Win32
		{1F7B86FE-C7AB-47D0-BFDC-84974E4DD73A}.DLL-Import Debug|x86.Build.0 = Debug|Win32
		{1F7B86FE-C7AB-47D0-BFDC-84974E4DD73A}.DLL-Import Debug|x86.Deploy.0 = Debug|Win32
		{1F7B86FE-C7AB-47D0-BFDC-84974E4DD73A}.DLL-Import Release|x64.ActiveCfg = Release|x64
		{1F7B86FE-C7AB-47D0-BFDC-84974E4DD73A}.DLL-Import Release|x64.Build.0 = Release|x64
		{1F7B86FE-C7AB-47D0-BFDC-84974E4DD73A}.DLL-Import Release|x64.Deploy.0 = Release|x64
		{1F7B86FE-C7AB-47D0-BFDC-84974E4DD73A}.DLL-Import Release|x86.ActiveCfg = Release|Win32
		{1F7B86FE-C7AB-47D0-BFDC-84974E4DD73A}.DLL-Import Release|x86.Build.0 = Release|Win32
		{1F7B86FE-C7AB-47D0-BFDC-84974E4DD73A}.DLL-Import Release|x86.Deploy.0 = Release|Win32
		{1F7B86FE-C7AB-47D0-BFDC-84974E4DD73A}.MinSizeRel|x64.ActiveCfg = Release|x64
		{1F7B86FE-C7AB-47D0-BFDC-84974E4DD73A}.MinSizeRel|x64.Build.0 = Release|x64
		{1F7B86FE-C7AB-47D0-BFDC-84974E4DD73A}.MinSizeRel|x64.Deploy.0 = Release|x64
		{1F7B86FE-C7AB-47D0-BFDC-84974E4DD73A}.MinSizeRel|x86.ActiveCfg = Release|Win32
		{1F7B86FE-C7AB-47D0-BFDC-84974E4DD73A}.MinSizeRel|x86.Build.0 = Release|Win32
		{1F7B86FE-C7AB-47D0-BFDC-84974E4DD73A}.MinSizeRel|x86.Deploy.0 = Release|Win32
		{1F7B86FE-C7AB-47D0-BFDC-84974E4DD73A}.Release|x64.ActiveCfg = Release|x64
		{1F7B86FE-C7AB-47D0-BFDC-84974E4DD73A}.Release|x64.Build.0 = Release|x64
		{1F7B86FE-C7AB-47D0-BFDC-84974E4DD73A}.Release|x86.ActiveCfg = Release|Win32
		{1F7B86FE-C7AB-47D0-BFDC-84974E4DD73A}.Release|x86.Build.0 = Release|Win32
		{1F7B86FE-C7AB-47D0-BFDC-84974E4DD73A}.Release-Dll|x64.ActiveCfg = Release|x64
		{1F7B86FE-C7AB-47D0-BFDC-84974E4DD73A}.Release-Dll|x64.Build.0 = Release|x64
		{1F7B86FE-C7AB-47D0-BFDC-84974E4DD73A}.Release-Dll|x86.ActiveCfg = Release|Win32
		{1F7B86FE-C7AB-47D0-BFDC-84974E4DD73A}.Release-Dll|x86.Build.0 = Release|Win32
		{1F7B86FE-C7AB-47D0-BFDC-84974E4DD73A}.Release-Lib|x64.ActiveCfg = Release|x64
		{1F7B86FE-C7AB-47D0-BFDC-84974E4DD73A}.Release-Lib|x64.Build.0 = Release|x64
		{1F7B86FE-C7AB-47D0-BFDC-84974E4DD73A}.Release-Lib|x86.ActiveCfg = Release|Win32
		{1F7B86FE-C7AB-47D0-BFDC-84974E4DD73A}.Release-Lib|x86.Build.0 = Release|Win32
		{1F7B86FE-C7AB-47D0-BFDC-84974E4DD73A}.RelWithDebInfo|x64.ActiveCfg = Release|x64
		{1F7B86FE-C7AB-47D0-BFDC-84974E4DD73A}.RelWithDebInfo|x64.Build.0 = Release|x64
		{1F7B86FE-C7AB-47D0-BFDC-84974E4DD73A}.RelWithDebInfo|x64.Deploy.0 = Release|x64
		{1F7B86FE-C7AB-47D0-BFDC-84974E4DD73A}.RelWithDebInfo|x86.ActiveCfg = Release|Win32
		{1F7B86FE-C7AB-47D0-BFDC-84974E4DD73A}.RelWithDebInfo|x86.Build.0 = Release|Win32
		{1F7B86FE-C7AB-47D0-BFDC-84974E4DD73A}.RelWithDebInfo|x86.Deploy.0 = Release|Win32
		{34340F95-0055-434F-95C7-A7D3B69390DB}.Debug|x64.ActiveCfg = Debug|x64
		{34340F95-0055-434F-95C7-A7D3B69390DB}.Debug|x64.Build.0 = Debug|x64
		{34340F95-0055-434F-95C7-A7D3B69390DB}.Debug|x86.ActiveCfg = Debug|Win32
		{34340F95-0055-434F-95C7-A7D3B69390DB}.Debug|x86.Build.0 = Debug|Win32
		{34340F95-0055-434F-95C7-A7D3B69390DB}.Debug-Dll|x64.ActiveCfg = Debug|x64
		{34340F95-0055-434F-95C7-A7D3B69390DB}.Debug-Dll|x64.Build.0 = Debug|x64
		{34340F95-0055-434F-95C7-A7D3B69390DB}.Debug-Dll|x86.ActiveCfg = Debug|Win32
		{34340F95-0055-434F-95C7-A7D3B69390DB}.Debug-Dll|x86.Build.0 = Debug|Win32
		{34340F95-0055-434F-95C7-A7D3B69390DB}.Debug-Lib|x64.ActiveCfg = Debug|x64
		{34340F95-0055-434F-95C7-A7D3B69390DB}.Debug-Lib|x64.Build.0 = Debug|x64
		{34340F95-0055-434F-95C7-A7D3B69390DB}.Debug-Lib|x86.ActiveCfg = Debug|Win32
		{34340F95-0055-434F-95C7-A7D3B69390DB}.Debug-Lib|x86.Build.0 = Debug|Win32
		{34340F95-0055-434F-95C7-A7D3B69390DB}.DLL-Import Debug|x64.ActiveCfg = Debug|x64
		{34340F95-0055-434F-95C7-A7D3B69390DB}.DLL-Import Debug|x64.Build.0 = Debug|x64
		{34340F95-0055-434F-95C7-A7D3B69390DB}.DLL-Import Debug|x64.Deploy.0 = Debug|x64
		{34340F95-0055-434F-95C7-A7D3B69390DB}.DLL-Import Debug|x86.ActiveCfg = Debug|Win32
		{34340F95-0055-434F-95C7-A7D3B69390DB}.DLL-Import Debug|x86.Build.0 = Debug|Win32
		{34340F95-0055-434F-95C7-A7D3B69390DB}.DLL-Import Debug|x86.Deploy.0 = Debug|Win32
		{34340F95-0055-434F-95C7-A7D3B69390DB}.DLL-Import Release|x64.ActiveCfg = Release|x64
		{34340F95-0055-434F-95C7-A7D3B69390DB}.DLL-Import Release|x64.Build.0 = Release|x64
		{34340F95-0055-434F-95C7-A7D3B69390DB}.DLL-Import Release|x64.Deploy.0 = Release|x64
		{34340F95-0055-434F-95C7-A7D3B69390DB}.DLL-Import Release|x86.ActiveCfg = Release|Win32
		{34340F95-0055-434F-95C7-A7D3B69390DB}.DLL-Import Release|x86.Build.0 = Release|Win32
		{34340F95-0055-434F-95C7-A7D3B69390DB}.DLL-Import Release|x86.Deploy.0 = Release|Win32
		{34340F95-0055-434F-95C7-A7D3B69390DB}.MinSizeRel|x64.ActiveCfg = Release|x64
		{34340F95-0055-434F-95C7-A7D3B69390DB}.MinSizeRel|x64.Build.0 = Release|x64
		{34340F95-0055-434F-95C7-A7D3B69390DB}.MinSizeRel|x64.Deploy.0 = Release|x64
		{34340F95-0055-434F-95C7-A7D3B69390DB}.MinSizeRel|x86.ActiveCfg = Release|Win32
		{34340F95-0055-434F-95C7-A7D3B69390DB}.MinSizeRel|x86.Build.0 = Release|Win32
		{34340F95-0055-434F-95C7-A7D3B69390DB}.MinSizeRel|x86.Deploy.0 = Release|Win32
		{34340F95-0055-434F-95C7-A7D3B69390DB}.Release|x64.ActiveCfg = Release|x64
		{34340F95-0055-434F-95C7-A7D3B69390DB}.Release|x64.Build.0 = Release|x64
		{34340F95-0055-434F-95C7-A7D3B69390DB}.Release|x86.ActiveCfg = Release|Win32
		{34340F95-0055-434F-95C7-A7D3B69390DB}.Release|x86.Build.0 = Release|Win32
		{34340F95-0055-434F-95C7-A7D3B69390DB}.Release-Dll|x64.ActiveCfg = Release|x64
		{34340F95-0055-434F-95C7-A7D3B69390DB}.Release-Dll|x64.Build.0 = Release|x64
		{34340F95-0055-434F-95C7-A7D3B69390DB}.Release-Dll|x86.ActiveCfg = Release|Win32
		{34340F95-0055-434F-95C7-A7D3B69390DB}.Release-Dll|x86.Build.0 = Release|Win32
		{34340F95-0055-434F-95C7-A7D3B69390DB}.Release-Lib|x64.ActiveCfg = Release|x64
		{34340F95-0055-434F-95C7-A7D3B69390DB}.Release-Lib|x64.Build.0 = Release|x64
		{34340F95-0055-434F-95C7-A7D3B69390DB}.Release-Lib|x86.ActiveCfg = Release|Win32
		{34340F95-0055-434F-95C7-A7D3B69390DB}.Release-Lib|x86.Build.0 = Release|Win32
		{34340F95-0055-434F-95C7-A7D3B69390DB}.RelWithDebInfo|x64.ActiveCfg = Release|x64
		{34340F95-0055-434F-95C7-A7D3B69390DB}.RelWithDebInfo|x64.Build.0 = Release|x64
		{34340F95-0055-434F-95C7-A7D3B69390DB}.RelWithDebInfo|x64.Deploy.0 = Release|x64
		{34340F95-0055-434F-95C7-A7D3B69390DB}.RelWithDebInfo|x86.ActiveCfg = Release|Win32
		{34340F95-0055-434F-95C7-A7D3B69390DB}.RelWithDebInfo|x86.Build.0 = Release|Win32
		{34340F95-0055-434F-95C7-A7D3B69390DB}.RelWithDebInfo|x86.Deploy.0 = Release|Win32
		{0B71D9E0-A92E-4BC5-828D-79F402674807}.Debug|x64.ActiveCfg = Debug|x64
		{0B71D9E0-A92E-4BC5-828D-79F402674807}.Debug|x64.Build.0 = Debug|x64
		{0B71D9E0-A92E-4BC5-828D-79F402674807}.Debug|x86.ActiveCfg = Debug|Win32
		{0B71D9E0-A92E-4BC5-828D-79F402674807}.Debug|x86.Build.0 = Debug|Win32
		{0B71D9E0-A92E-4BC5-828D-79F402674807}.Debug-Dll|x64.ActiveCfg = Debug|x64
		{0B71D9E0-A92E-4BC5-828D-79F402674807}.Debug-Dll|x64.Build.0 = Debug|x64
		{0B71D9E0-A92E-4BC5-828D-79F402674807}.Debug-Dll|x86.ActiveCfg = Debug|Win32
		{0B71D9E0-A92E-4BC5-828D-79F402674807}.Debug-Dll|x86.Build.0 = Debug|Win32
		{0B71D9E0-A92E-4BC5-828D-79F402674807}.Debug-Lib|x64.ActiveCfg = Debug|x64
		{0B71D9E0-A92E-4BC5-828D-79F402674807}.Debug-Lib|x64.Build.0 = Debug|x64
		{0B71D9E0-A92E-4BC5-828D-79F402674807}.Debug-Lib|x86.ActiveCfg = Debug|Win32
		{0B71D9E0-A92E-4BC5-828D-79F402674807}.Debug-Lib|x86.Build.0 = Debug|Win32
		{0B71D9E0-A92E-4BC5-828D-79F402674807}.DLL-Import Debug|x64.ActiveCfg = Debug|x64
		{0B71D9E0-A92E-4BC5-828D-79F402674807}.DLL-Import Debug|x64.Build.0 = Debug|x64
		{0B71D9E0-A92E-4BC5-828D-79F402674807}.DLL-Import Debug|x86.ActiveCfg = Debug|Win32
		{0B71D9E0-A92E-4BC5-828D-79F402674807}.DLL-Import Debug|x86.Build.0 = Debug|Win32
		{0B71D9E0-A92E-4BC5-828D-79F402674807}.DLL-Import Release|x64.ActiveCfg = Release|x64
		{0B71D9E0-A92E-4BC5-828D-79F402674807}.DLL-Import Release|x64.Build.0 = Release|x64
		{0B71D9E0-A92E-4BC5-828D-79F402674807}.DLL-Import Release|x86.ActiveCfg = Release|Win32
		{0B71D9E0-A92E-4BC5-828D-79F402674807}.DLL-Import Release|x86.Build.0 = Release|Win32
		{0B71D9E0-A92E-4BC5-828D-79F402674807}.MinSizeRel|x64.ActiveCfg = Release|x64
		{0B71D9E0-A92E-4BC5-828D-79F402674807}.MinSizeRel|x64.Build.0 = Release|x64
		{0B71D9E0-A92E-4BC5-828D-79F402674807}.MinSizeRel|x64.Deploy.0 = Release|x64
		{0B71D9E0-A92E-4BC5-828D-79F402674807}.MinSizeRel|x86.ActiveCfg = Release|Win32
		{0B71D9E0-A92E-4BC5-828D-79F402674807}.MinSizeRel|x86.Build.0 = Release|Win32
		{0B71D9E0-A92E-4BC5-828D-79F402674807}.MinSizeRel|x86.Deploy.0 = Release|Win32
		{0B71D9E0-A92E-4BC5-828D-79F402674807}.Release|x64.ActiveCfg = Release|x64
		{0B71D9E0-A92E-4BC5-828D-79F402674807}.Release|x64.Build.0 = Release|x64
		{0B71D9E0-A92E-4BC5-828D-79F402674807}.Release|x86.ActiveCfg = Release|Win32
		{0B71D9E0-A92E-4BC5-828D-79F402674807}.Release|x86.Build.0 = Release|Win32
		{0B71D9E0-A92E-4BC5-828D-79F402674807}.Release-Dll|x64.ActiveCfg = Release|x64
		{0B71D9E0-A92E-4BC5-828D-79F402674807}.Release-Dll|x64.Build.0 = Release|x64
		{0B71D9E0-A92E-4BC5-828D-79F402674807}.Release-Dll|x86.ActiveCfg = Release|Win32
		{0B71D9E0-A92E-4BC5-828D-79F402674807}.Release-Dll|x86.Build.0 = Release|Win32
		{0B71D9E0-A92E-4BC5-828D-79F402674807}.Release-Lib|x64.ActiveCfg = Release|x64
		{0B71D9E0-A92E-4BC5-828D-79F402674807}.Release-Lib|x64.Build.0 = Release|x64
		{0B71D9E0-A92E-4BC5-828D-79F402674807}.Release-Lib|x86.ActiveCfg = Release|Win32
		{0B71D9E0-A92E-4BC5-828D-79F402674807}.Release-Lib|x86.Build.0 = Release|Win32
		{0B71D9E0-A92E-4BC5-828D-79F402674807}.RelWithDebInfo|x64.ActiveCfg = Release|x64
		{0B71D9E0-A92E-4BC5-828D-79F402674807}.RelWithDebInfo|x64.Build.0 = Release|x64
		{0B71D9E0-A92E-4BC5-828D-79F402674807}.RelWithDebInfo|x64.Deploy.0 = Release|x64
		{0B71D9E0-A92E-4BC5-828D-79F402674807}.RelWithDebInfo|x86.ActiveCfg = Release|Win32
		{0B71D9E0-A92E-4BC5-828D-79F402674807}.RelWithDebInfo|x86.Build.0 = Release|Win32
		{0B71D9E0-A92E-4BC5-828D-79F402674807}.RelWithDebInfo|x86.Deploy.0 = Release|Win32
		{42B94EE0-BA5C-4B88-AB6A-17CDE09C5847}.Debug|x64.ActiveCfg = Debug|x64
		{42B94EE0-BA5C-4B88-AB6A-17CDE09C5847}.Debug|x64.Build.0 = Debug|x64
		{42B94EE0-BA5C-4B88-AB6A-17CDE09C5847}.Debug|x86.ActiveCfg = Debug|Win32
		{42B94EE0-BA5C-4B88-AB6A-17CDE09C5847}.Debug|x86.Build.0 = Debug|Win32
		{42B94EE0-BA5C-4B88-AB6A-17CDE09C5847}.Debug-Dll|x64.ActiveCfg = Debug|x64
		{42B94EE0-BA5C-4B88-AB6A-17CDE09C5847}.Debug-Dll|x64.Build.0 = Debug|x64
		{42B94EE0-BA5C-4B88-AB6A-17CDE09C5847}.Debug-Dll|x86.ActiveCfg = Debug|Win32
		{42B94EE0-BA5C-4B88-AB6A-17CDE09C5847}.Debug-Dll|x86.Build.0 = Debug|Win32
		{42B94EE0-BA5C-4B88-AB6A-17CDE09C5847}.Debug-Lib|x64.ActiveCfg = Debug|x64
		{42B94EE0-BA5C-4B88-AB6A-17CDE09C5847}.Debug-Lib|x64.Build.0 = Debug|x64
		{42B94EE0-BA5C-4B88-AB6A-17CDE09C5847}.Debug-Lib|x86.ActiveCfg = Debug|Win32
		{42B94EE0-BA5C-4B88-AB6A-17CDE09C5847}.Debug-Lib|x86.Build.0 = Debug|Win32
		{42B94EE0-BA5C-4B88-AB6A-17CDE09C5847}.DLL-Import Debug|x64.ActiveCfg = Debug|x64
		{42B94EE0-BA5C-4B88-AB6A-17CDE09C5847}.DLL-Import Debug|x64.Build.0 = Debug|x64
		{42B94EE0-BA5C-4B88-AB6A-17CDE09C5847}.DLL-Import Debug|x86.ActiveCfg = Debug|Win32
		{42B94EE0-BA5C-4B88-AB6A-17CDE09C5847}.DLL-Import Debug|x86.Build.0 = Debug|Win32
		{42B94EE0-BA5C-4B88-AB6A-17CDE09C5847}.DLL-Import Release|x64.ActiveCfg = Release|x64
		{42B94EE0-BA5C-4B88-AB6A-17CDE09C5847}.DLL-Import Release|x64.Build.0 = Release|x64
		{42B94EE0-BA5C-4B88-AB6A-17CDE09C5847}.DLL-Import Release|x86.ActiveCfg = Release|Win32
		{42B94EE0-BA5C-4B88-AB6A-17CDE09C5847}.DLL-Import Release|x86.Build.0 = Release|Win32
		{42B94EE0-BA5C-4B88-AB6A-17CDE09C5847}.MinSizeRel|x64.ActiveCfg = Release|x64
		{42B94EE0-BA5C-4B88-AB6A-17CDE09C5847}.MinSizeRel|x64.Build.0 = Release|x64
		{42B94EE0-BA5C-4B88-AB6A-17CDE09C5847}.MinSizeRel|x64.Deploy.0 = Release|x64
		{42B94EE0-BA5C-4B88-AB6A-17CDE09C5847}.MinSizeRel|x86.ActiveCfg = Release|Win32
		{42B94EE0-BA5C-4B88-AB6A-17CDE09C5847}.MinSizeRel|x86.Build.0 = Release|Win32
		{42B94EE0-BA5C-4B88-AB6A-17CDE09C5847}.MinSizeRel|x86.Deploy.0 = Release|Win32
		{42B94EE0-BA5C-4B88-AB6A-17CDE09C5847}.Release|x64.ActiveCfg = Release|x64
		{42B94EE0-BA5C-4B88-AB6A-17CDE09C5847}.Release|x64.Build.0 = Release|x64
		{42B94EE0-BA5C-4B88-AB6A-17CDE09C5847}.Release|x86.ActiveCfg = Release|Win32
		{42B94EE0-BA5C-4B88-AB6A-17CDE09C5847}.Release|x86.Build.0 = Release|Win32
		{42B94EE0-BA5C-4B88-AB6A-17CDE09C5847}.Release-Dll|x64.ActiveCfg = Release|x64
		{42B94EE0-BA5C-4B88-AB6A-17CDE09C5847}.Release-Dll|x64.Build.0 = Release|x64
		{42B94EE0-BA5C-4B88-AB6A-17CDE09C5847}.Release-Dll|x86.ActiveCfg = Release|Win32
		{42B94EE0-BA5C-4B88-AB6A-17CDE09C5847}.Release-Dll|x86.Build.0 = Release|Win32
		{42B94EE0-BA5C-4B88-AB6A-17CDE09C5847}.Release-Lib|x64.ActiveCfg = Release|x64
		{42B94EE0-BA5C-4B88-AB6A-17CDE09C5847}.Release-Lib|x64.Build.0 = Release|x64
		{42B94EE0-BA5C-4B88-AB6A-17CDE09C5847}.Release-Lib|x86.ActiveCfg = Release|Win32
		{42B94EE0-BA5C-4B88-AB6A-17CDE09C5847}.Release-Lib|x86.Build.0 = Release|Win32
		{42B94EE0-BA5C-4B88-AB6A-17CDE09C5847}.RelWithDebInfo|x64.ActiveCfg = Release|x64
		{42B94EE0-BA5C-4B88-AB6A-17CDE09C5847}.RelWithDebInfo|x64.Build.0 = Release|x64
		{42B94EE0-BA5C-4B88-AB6A-17CDE09C5847}.RelWithDebInfo|x64.Deploy.0 = Release|x64
		{42B94EE0-BA5C-4B88-AB6A-17CDE09C5847}.RelWithDebInfo|x86.ActiveCfg = Release|Win32
		{42B94EE0-BA5C-4B88-AB6A-17CDE09C5847}.RelWithDebInfo|x86.Build.0 = Release|Win32
		{42B94EE0-BA5C-4B88-AB6A-17CDE09C5847}.RelWithDebInfo|x86.Deploy.0 = Release|Win32
		{85689A49-56BC-3EBA-9BCB-9429A0969B7B}.Debug|x64.ActiveCfg = Debug|Win32
		{85689A49-56BC-3EBA-9BCB-9429A0969B7B}.Debug|x86.ActiveCfg = Debug|Win32
		{85689A49-56BC-3EBA-9BCB-9429A0969B7B}.Debug|x86.Build.0 = Debug|Win32
		{85689A49-56BC-3EBA-9BCB-9429A0969B7B}.Debug-Dll|x64.ActiveCfg = Release|Win32
		{85689A49-56BC-3EBA-9BCB-9429A0969B7B}.Debug-Dll|x64.Build.0 = Release|Win32
		{85689A49-56BC-3EBA-9BCB-9429A0969B7B}.Debug-Dll|x86.ActiveCfg = Debug|Win32
		{85689A49-56BC-3EBA-9BCB-9429A0969B7B}.Debug-Dll|x86.Build.0 = Debug|Win32
		{85689A49-56BC-3EBA-9BCB-9429A0969B7B}.Debug-Lib|x64.ActiveCfg = Release|Win32
		{85689A49-56BC-3EBA-9BCB-9429A0969B7B}.Debug-Lib|x64.Build.0 = Release|Win32
		{85689A49-56BC-3EBA-9BCB-9429A0969B7B}.Debug-Lib|x86.ActiveCfg = Debug|Win32
		{85689A49-56BC-3EBA-9BCB-9429A0969B7B}.Debug-Lib|x86.Build.0 = Debug|Win32
		{85689A49-56BC-3EBA-9BCB-9429A0969B7B}.DLL-Import Debug|x64.ActiveCfg = RelWithDebInfo|Win32
		{85689A49-56BC-3EBA-9BCB-9429A0969B7B}.DLL-Import Debug|x64.Build.0 = RelWithDebInfo|Win32
		{85689A49-56BC-3EBA-9BCB-9429A0969B7B}.DLL-Import Debug|x64.Deploy.0 = RelWithDebInfo|Win32
		{85689A49-56BC-3EBA-9BCB-9429A0969B7B}.DLL-Import Debug|x86.ActiveCfg = Debug|Win32
		{85689A49-56BC-3EBA-9BCB-9429A0969B7B}.DLL-Import Debug|x86.Build.0 = Debug|Win32
		{85689A49-56BC-3EBA-9BCB-9429A0969B7B}.DLL-Import Debug|x86.Deploy.0 = Debug|Win32
		{85689A49-56BC-3EBA-9BCB-9429A0969B7B}.DLL-Import Release|x64.ActiveCfg = RelWithDebInfo|Win32
		{85689A49-56BC-3EBA-9BCB-9429A0969B7B}.DLL-Import Release|x64.Build.0 = RelWithDebInfo|Win32
		{85689A49-56BC-3EBA-9BCB-9429A0969B7B}.DLL-Import Release|x64.Deploy.0 = RelWithDebInfo|Win32
		{85689A49-56BC-3EBA-9BCB-9429A0969B7B}.DLL-Import Release|x86.ActiveCfg = Release|Win32
		{85689A49-56BC-3EBA-9BCB-9429A0969B7B}.DLL-Import Release|x86.Build.0 = Release|Win32
		{85689A49-56BC-3EBA-9BCB-9429A0969B7B}.DLL-Import Release|x86.Deploy.0 = Release|Win32
		{85689A49-56BC-3EBA-9BCB-9429A0969B7B}.MinSizeRel|x64.ActiveCfg = MinSizeRel|Win32
		{85689A49-56BC-3EBA-9BCB-9429A0969B7B}.MinSizeRel|x86.ActiveCfg = MinSizeRel|Win32
		{85689A49-56BC-3EBA-9BCB-9429A0969B7B}.MinSizeRel|x86.Build.0 = MinSizeRel|Win32
		{85689A49-56BC-3EBA-9BCB-9429A0969B7B}.Release|x64.ActiveCfg = Release|Win32
		{85689A49-56BC-3EBA-9BCB-9429A0969B7B}.Release|x86.ActiveCfg = Release|Win32
		{85689A49-56BC-3EBA-9BCB-9429A0969B7B}.Release|x86.Build.0 = Release|Win32
		{85689A49-56BC-3EBA-9BCB-9429A0969B7B}.Release-Dll|x64.ActiveCfg = Release|Win32
		{85689A49-56BC-3EBA-9BCB-9429A0969B7B}.Release-Dll|x64.Build.0 = Release|Win32
		{85689A49-56BC-3EBA-9BCB-9429A0969B7B}.Release-Dll|x86.ActiveCfg = Release|Win32
		{85689A49-56BC-3EBA-9BCB-9429A0969B7B}.Release-Dll|x86.Build.0 = Release|Win32
		{85689A49-56BC-3EBA-9BCB-9429A0969B7B}.Release-Lib|x64.ActiveCfg = Release|Win32
		{85689A49-56BC-3EBA-9BCB-9429A0969B7B}.Release-Lib|x64.Build.0 = Release|Win32
		{85689A49-56BC-3EBA-9BCB-9429A0969B7B}.Release-Lib|x86.ActiveCfg = Release|Win32
		{85689A49-56BC-3EBA-9BCB-9429A0969B7B}.Release-Lib|x86.Build.0 = Release|Win32
		{85689A49-56BC-3EBA-9BCB-9429A0969B7B}.RelWithDebInfo|x64.ActiveCfg = RelWithDebInfo|Win32
		{85689A49-56BC-3EBA-9BCB-9429A0969B7B}.RelWithDebInfo|x86.ActiveCfg = RelWithDebInfo|Win32
		{85689A49-56BC-3EBA-9BCB-9429A0969B7B}.RelWithDebInfo|x86.Build.0 = RelWithDebInfo|Win32
		{847E3017-0B22-4481-96BF-C86D39734304}.Debug|x64.ActiveCfg = Debug|x64
		{847E3017-0B22-4481-96BF-C86D39734304}.Debug|x64.Build.0 = Debug|x64
		{847E3017-0B22-4481-96BF-C86D39734304}.Debug|x86.ActiveCfg = Debug|Win32
		{847E3017-0B22-4481-96BF-C86D39734304}.Debug|x86.Build.0 = Debug|Win32
		{847E3017-0B22-4481-96BF-C86D39734304}.Debug-Dll|x64.ActiveCfg = Debug|x64
		{847E3017-0B22-4481-96BF-C86D39734304}.Debug-Dll|x64.Build.0 = Debug|x64
		{847E3017-0B22-4481-96BF-C86D39734304}.Debug-Dll|x86.ActiveCfg = Debug|Win32
		{847E3017-0B22-4481-96BF-C86D39734304}.Debug-Dll|x86.Build.0 = Debug|Win32
		{847E3017-0B22-4481-96BF-C86D39734304}.Debug-Lib|x64.ActiveCfg = Debug|x64
		{847E3017-0B22-4481-96BF-C86D39734304}.Debug-Lib|x64.Build.0 = Debug|x64
		{847E3017-0B22-4481-96BF-C86D39734304}.Debug-Lib|x86.ActiveCfg = Debug|Win32
		{847E3017-0B22-4481-96BF-C86D39734304}.Debug-Lib|x86.Build.0 = Debug|Win32
		{847E3017-0B22-4481-96BF-C86D39734304}.DLL-Import Debug|x64.ActiveCfg = Debug|x64
		{847E3017-0B22-4481-96BF-C86D39734304}.DLL-Import Debug|x64.Build.0 = Debug|x64
		{847E3017-0B22-4481-96BF-C86D39734304}.DLL-Import Debug|x86.ActiveCfg = Debug|Win32
		{847E3017-0B22-4481-96BF-C86D39734304}.DLL-Import Debug|x86.Build.0 = Debug|Win32
		{847E3017-0B22-4481-96BF-C86D39734304}.DLL-Import Release|x64.ActiveCfg = Release|x64
		{847E3017-0B22-4481-96BF-C86D39734304}.DLL-Import Release|x64.Build.0 = Release|x64
		{847E3017-0B22-4481-96BF-C86D39734304}.DLL-Import Release|x86.ActiveCfg = Release|Win32
		{847E3017-0B22-4481-96BF-C86D39734304}.DLL-Import Release|x86.Build.0 = Release|Win32
		{847E3017-0B22-4481-96BF-C86D39734304}.MinSizeRel|x64.ActiveCfg = Release|x64
		{847E3017-0B22-4481-96BF-C86D39734304}.MinSizeRel|x64.Build.0 = Release|x64
		{847E3017-0B22-4481-96BF-C86D39734304}.MinSizeRel|x86.ActiveCfg = Release|Win32
		{847E3017-0B22-4481-96BF-C86D39734304}.MinSizeRel|x86.Build.0 = Release|Win32
		{847E3017-0B22-4481-96BF-C86D39734304}.Release|x64.ActiveCfg = Release|x64
		{847E3017-0B22-4481-96BF-C86D39734304}.Release|x64.Build.0 = Release|x64
		{847E3017-0B22-4481-96BF-C86D39734304}.Release|x86.ActiveCfg = Release|Win32
		{847E3017-0B22-4481-96BF-C86D39734304}.Release|x86.Build.0 = Release|Win32
		{847E3017-0B22-4481-96BF-C86D39734304}.Release-Dll|x64.ActiveCfg = Release|x64
		{847E3017-0B22-4481-96BF-C86D39734304}.Release-Dll|x64.Build.0 = Release|x64
		{847E3017-0B22-4481-96BF-C86D39734304}.Release-Dll|x86.ActiveCfg = Release|Win32
		{847E3017-0B22-4481-96BF-C86D39734304}.Release-Dll|x86.Build.0 = Release|Win32
		{847E3017-0B22-4481-96BF-C86D39734304}.Release-Lib|x64.ActiveCfg = Release|x64
		{847E3017-0B22-4481-96BF-C86D39734304}.Release-Lib|x64.Build.0 = Release|x64
		{847E3017-0B22-4481-96BF-C86D39734304}.Release-Lib|x86.ActiveCfg = Release|Win32
		{847E3017-0B22-4481-96BF-C86D39734304}.Release-Lib|x86.Build.0 = Release|Win32
		{847E3017-0B22-4481-96BF-C86D39734304}.RelWithDebInfo|x64.ActiveCfg = Release|x64
		{847E3017-0B22-4481-96BF-C86D39734304}.RelWithDebInfo|x64.Build.0 = Release|x64
		{847E3017-0B22-4481-96BF-C86D39734304}.RelWithDebInfo|x86.ActiveCfg = Release|Win32
		{847E3017-0B22-4481-96BF-C86D39734304}.RelWithDebInfo|x86.Build.0 = Release|Win32
		{C39F4B46-6E89-4074-902E-CA57073044D2}.Debug|x64.ActiveCfg = Debug|x64
		{C39F4B46-6E89-4074-902E-CA57073044D2}.Debug|x64.Build.0 = Debug|x64
		{C39F4B46-6E89-4074-902E-CA57073044D2}.Debug|x86.ActiveCfg = Debug|Win32
		{C39F4B46-6E89-4074-902E-CA57073044D2}.Debug|x86.Build.0 = Debug|Win32
		{C39F4B46-6E89-4074-902E-CA57073044D2}.Debug-Dll|x64.ActiveCfg = Debug|x64
		{C39F4B46-6E89-4074-902E-CA57073044D2}.Debug-Dll|x64.Build.0 = Debug|x64
		{C39F4B46-6E89-4074-902E-CA57073044D2}.Debug-Dll|x86.ActiveCfg = Debug|Win32
		{C39F4B46-6E89-4074-902E-CA57073044D2}.Debug-Dll|x86.Build.0 = Debug|Win32
		{C39F4B46-6E89-4074-902E-CA57073044D2}.Debug-Lib|x64.ActiveCfg = Debug|x64
		{C39F4B46-6E89-4074-902E-CA57073044D2}.Debug-Lib|x64.Build.0 = Debug|x64
		{C39F4B46-6E89-4074-902E-CA57073044D2}.Debug-Lib|x86.ActiveCfg = Debug|Win32
		{C39F4B46-6E89-4074-902E-CA57073044D2}.Debug-Lib|x86.Build.0 = Debug|Win32
		{C39F4B46-6E89-4074-902E-CA57073044D2}.DLL-Import Debug|x64.ActiveCfg = DLL-Import Debug|x64
		{C39F4B46-6E89-4074-902E-CA57073044D2}.DLL-Import Debug|x64.Build.0 = DLL-Import Debug|x64
		{C39F4B46-6E89-4074-902E-CA57073044D2}.DLL-Import Debug|x86.ActiveCfg = DLL-Import Debug|Win32
		{C39F4B46-6E89-4074-902E-CA57073044D2}.DLL-Import Debug|x86.Build.0 = DLL-Import Debug|Win32
		{C39F4B46-6E89-4074-902E-CA57073044D2}.DLL-Import Release|x64.ActiveCfg = DLL-Import Release|x64
		{C39F4B46-6E89-4074-902E-CA57073044D2}.DLL-Import Release|x64.Build.0 = DLL-Import Release|x64
		{C39F4B46-6E89-4074-902E-CA57073044D2}.DLL-Import Release|x86.ActiveCfg = DLL-Import Release|Win32
		{C39F4B46-6E89-4074-902E-CA57073044D2}.DLL-Import Release|x86.Build.0 = DLL-Import Release|Win32
		{C39F4B46-6E89-4074-902E-CA57073044D2}.MinSizeRel|x64.ActiveCfg = Release|x64
		{C39F4B46-6E89-4074-902E-CA57073044D2}.MinSizeRel|x64.Build.0 = Release|x64
		{C39F4B46-6E89-4074-902E-CA57073044D2}.MinSizeRel|x86.ActiveCfg = Release|Win32
		{C39F4B46-6E89-4074-902E-CA57073044D2}.MinSizeRel|x86.Build.0 = Release|Win32
		{C39F4B46-6E89-4074-902E-CA57073044D2}.Release|x64.ActiveCfg = Release|x64
		{C39F4B46-6E89-4074-902E-CA57073044D2}.Release|x64.Build.0 = Release|x64
		{C39F4B46-6E89-4074-902E-CA57073044D2}.Release|x86.ActiveCfg = Release|Win32
		{C39F4B46-6E89-4074-902E-CA57073044D2}.Release|x86.Build.0 = Release|Win32
		{C39F4B46-6E89-4074-902E-CA57073044D2}.Release-Dll|x64.ActiveCfg = Release|x64
		{C39F4B46-6E89-4074-902E-CA57073044D2}.Release-Dll|x64.Build.0 = Release|x64
		{C39F4B46-6E89-4074-902E-CA57073044D2}.Release-Dll|x86.ActiveCfg = Release|Win32
		{C39F4B46-6E89-4074-902E-CA57073044D2}.Release-Dll|x86.Build.0 = Release|Win32
		{C39F4B46-6E89-4074-902E-CA57073044D2}.Release-Lib|x64.ActiveCfg = Release|x64
		{C39F4B46-6E89-4074-902E-CA57073044D2}.Release-Lib|x64.Build.0 = Release|x64
		{C39F4B46-6E89-4074-902E-CA57073044D2}.Release-Lib|x86.ActiveCfg = Release|Win32
		{C39F4B46-6E89-4074-902E-CA57073044D2}.Release-Lib|x86.Build.0 = Release|Win32
		{C39F4B46-6E89-4074-902E-CA57073044D2}.RelWithDebInfo|x64.ActiveCfg = Release|x64
		{C39F4B46-6E89-4074-902E-CA57073044D2}.RelWithDebInfo|x64.Build.0 = Release|x64
		{C39F4B46-6E89-4074-902E-CA57073044D2}.RelWithDebInfo|x86.ActiveCfg = Release|Win32
		{C39F4B46-6E89-4074-902E-CA57073044D2}.RelWithDebInfo|x86.Build.0 = Release|Win32
		{138FD043-37DB-3906-9FE6-0C4669BEFA8F}.Debug|x64.ActiveCfg = Debug|Win32
		{138FD043-37DB-3906-9FE6-0C4669BEFA8F}.Debug|x86.ActiveCfg = Debug|Win32
		{138FD043-37DB-3906-9FE6-0C4669BEFA8F}.Debug|x86.Build.0 = Debug|Win32
		{138FD043-37DB-3906-9FE6-0C4669BEFA8F}.Debug-Dll|x64.ActiveCfg = Release|Win32
		{138FD043-37DB-3906-9FE6-0C4669BEFA8F}.Debug-Dll|x64.Build.0 = Release|Win32
		{138FD043-37DB-3906-9FE6-0C4669BEFA8F}.Debug-Dll|x86.ActiveCfg = Debug|Win32
		{138FD043-37DB-3906-9FE6-0C4669BEFA8F}.Debug-Dll|x86.Build.0 = Debug|Win32
		{138FD043-37DB-3906-9FE6-0C4669BEFA8F}.Debug-Lib|x64.ActiveCfg = Release|Win32
		{138FD043-37DB-3906-9FE6-0C4669BEFA8F}.Debug-Lib|x64.Build.0 = Release|Win32
		{138FD043-37DB-3906-9FE6-0C4669BEFA8F}.Debug-Lib|x86.ActiveCfg = Debug|Win32
		{138FD043-37DB-3906-9FE6-0C4669BEFA8F}.Debug-Lib|x86.Build.0 = Debug|Win32
		{138FD043-37DB-3906-9FE6-0C4669BEFA8F}.DLL-Import Debug|x64.ActiveCfg = Release|Win32
		{138FD043-37DB-3906-9FE6-0C4669BEFA8F}.DLL-Import Debug|x64.Build.0 = Release|Win32
		{138FD043-37DB-3906-9FE6-0C4669BEFA8F}.DLL-Import Debug|x86.ActiveCfg = Debug|Win32
		{138FD043-37DB-3906-9FE6-0C4669BEFA8F}.DLL-Import Debug|x86.Build.0 = Debug|Win32
		{138FD043-37DB-3906-9FE6-0C4669BEFA8F}.DLL-Import Release|x64.ActiveCfg = Release|Win32
		{138FD043-37DB-3906-9FE6-0C4669BEFA8F}.DLL-Import Release|x64.Build.0 = Release|Win32
		{138FD043-37DB-3906-9FE6-0C4669BEFA8F}.DLL-Import Release|x86.ActiveCfg = Release|Win32
		{138FD043-37DB-3906-9FE6-0C4669BEFA8F}.DLL-Import Release|x86.Build.0 = Release|Win32
		{138FD043-37DB-3906-9FE6-0C4669BEFA8F}.MinSizeRel|x64.ActiveCfg = MinSizeRel|Win32
		{138FD043-37DB-3906-9FE6-0C4669BEFA8F}.MinSizeRel|x86.ActiveCfg = MinSizeRel|Win32
		{138FD043-37DB-3906-9FE6-0C4669BEFA8F}.MinSizeRel|x86.Build.0 = MinSizeRel|Win32
		{138FD043-37DB-3906-9FE6-0C4669BEFA8F}.Release|x64.ActiveCfg = Release|Win32
		{138FD043-37DB-3906-9FE6-0C4669BEFA8F}.Release|x86.ActiveCfg = Release|Win32
		{138FD043-37DB-3906-9FE6-0C4669BEFA8F}.Release|x86.Build.0 = Release|Win32
		{138FD043-37DB-3906-9FE6-0C4669BEFA8F}.Release-Dll|x64.ActiveCfg = Release|Win32
		{138FD043-37DB-3906-9FE6-0C4669BEFA8F}.Release-Dll|x64.Build.0 = Release|Win32
		{138FD043-37DB-3906-9FE6-0C4669BEFA8F}.Release-Dll|x86.ActiveCfg = Release|Win32
		{138FD043-37DB-3906-9FE6-0C4669BEFA8F}.Release-Dll|x86.Build.0 = Release|Win32
		{138FD043-37DB-3906-9FE6-0C4669BEFA8F}.Release-Lib|x64.ActiveCfg = Release|Win32
		{138FD043-37DB-3906-9FE6-0C4669BEFA8F}.Release-Lib|x64.Build.0 = Release|Win32
		{138FD043-37DB-3906-9FE6-0C4669BEFA8F}.Release-Lib|x86.ActiveCfg = Release|Win32
		{138FD043-37DB-3906-9FE6-0C4669BEFA8F}.Release-Lib|x86.Build.0 = Release|Win32
		{138FD043-37DB-3906-9FE6-0C4669BEFA8F}.RelWithDebInfo|x64.ActiveCfg = RelWithDebInfo|Win32
		{138FD043-37DB-3906-9FE6-0C4669BEFA8F}.RelWithDebInfo|x86.ActiveCfg = RelWithDebInfo|Win32
		{138FD043-37DB-3906-9FE6-0C4669BEFA8F}.RelWithDebInfo|x86.Build.0 = RelWithDebInfo|Win32
		{0EA8DDBD-B141-347A-8302-C3CC7BDA2D4C}.Debug|x64.ActiveCfg = Debug|Win32
		{0EA8DDBD-B141-347A-8302-C3CC7BDA2D4C}.Debug|x86.ActiveCfg = Debug|Win32
		{0EA8DDBD-B141-347A-8302-C3CC7BDA2D4C}.Debug|x86.Build.0 = Debug|Win32
		{0EA8DDBD-B141-347A-8302-C3CC7BDA2D4C}.Debug-Dll|x64.ActiveCfg = Release|Win32
		{0EA8DDBD-B141-347A-8302-C3CC7BDA2D4C}.Debug-Dll|x64.Build.0 = Release|Win32
		{0EA8DDBD-B141-347A-8302-C3CC7BDA2D4C}.Debug-Dll|x86.ActiveCfg = Debug|Win32
		{0EA8DDBD-B141-347A-8302-C3CC7BDA2D4C}.Debug-Dll|x86.Build.0 = Debug|Win32
		{0EA8DDBD-B141-347A-8302-C3CC7BDA2D4C}.Debug-Lib|x64.ActiveCfg = Release|Win32
		{0EA8DDBD-B141-347A-8302-C3CC7BDA2D4C}.Debug-Lib|x64.Build.0 = Release|Win32
		{0EA8DDBD-B141-347A-8302-C3CC7BDA2D4C}.Debug-Lib|x86.ActiveCfg = Debug|Win32
		{0EA8DDBD-B141-347A-8302-C3CC7BDA2D4C}.Debug-Lib|x86.Build.0 = Debug|Win32
		{0EA8DDBD-B141-347A-8302-C3CC7BDA2D4C}.DLL-Import Debug|x64.ActiveCfg = Release|Win32
		{0EA8DDBD-B141-347A-8302-C3CC7BDA2D4C}.DLL-Import Debug|x64.Build.0 = Release|Win32
		{0EA8DDBD-B141-347A-8302-C3CC7BDA2D4C}.DLL-Import Debug|x86.ActiveCfg = Debug|Win32
		{0EA8DDBD-B141-347A-8302-C3CC7BDA2D4C}.DLL-Import Debug|x86.Build.0 = Debug|Win32
		{0EA8DDBD-B141-347A-8302-C3CC7BDA2D4C}.DLL-Import Release|x64.ActiveCfg = Release|Win32
		{0EA8DDBD-B141-347A-8302-C3CC7BDA2D4C}.DLL-Import Release|x64.Build.0 = Release|Win32
		{0EA8DDBD-B141-347A-8302-C3CC7BDA2D4C}.DLL-Import Release|x86.ActiveCfg = Release|Win32
		{0EA8DDBD-B141-347A-8302-C3CC7BDA2D4C}.DLL-Import Release|x86.Build.0 = Release|Win32
		{0EA8DDBD-B141-347A-8302-C3CC7BDA2D4C}.MinSizeRel|x64.ActiveCfg = MinSizeRel|Win32
		{0EA8DDBD-B141-347A-8302-C3CC7BDA2D4C}.MinSizeRel|x86.ActiveCfg = MinSizeRel|Win32
		{0EA8DDBD-B141-347A-8302-C3CC7BDA2D4C}.MinSizeRel|x86.Build.0 = MinSizeRel|Win32
		{0EA8DDBD-B141-347A-8302-C3CC7BDA2D4C}.Release|x64.ActiveCfg = Release|Win32
		{0EA8DDBD-B141-347A-8302-C3CC7BDA2D4C}.Release|x86.ActiveCfg = Release|Win32
		{0EA8DDBD-B141-347A-8302-C3CC7BDA2D4C}.Release|x86.Build.0 = Release|Win32
		{0EA8DDBD-B141-347A-8302-C3CC7BDA2D4C}.Release-Dll|x64.ActiveCfg = Release|Win32
		{0EA8DDBD-B141-347A-8302-C3CC7BDA2D4C}.Release-Dll|x64.Build.0 = Release|Win32
		{0EA8DDBD-B141-347A-8302-C3CC7BDA2D4C}.Release-Dll|x86.ActiveCfg = Release|Win32
		{0EA8DDBD-B141-347A-8302-C3CC7BDA2D4C}.Release-Dll|x86.Build.0 = Release|Win32
		{0EA8DDBD-B141-347A-8302-C3CC7BDA2D4C}.Release-Lib|x64.ActiveCfg = Release|Win32
		{0EA8DDBD-B141-347A-8302-C3CC7BDA2D4C}.Release-Lib|x64.Build.0 = Release|Win32
		{0EA8DDBD-B141-347A-8302-C3CC7BDA2D4C}.Release-Lib|x86.ActiveCfg = Release|Win32
		{0EA8DDBD-B141-347A-8302-C3CC7BDA2D4C}.Release-Lib|x86.Build.0 = Release|Win32
		{0EA8DDBD-B141-347A-8302-C3CC7BDA2D4C}.RelWithDebInfo|x64.ActiveCfg = RelWithDebInfo|Win32
		{0EA8DDBD-B141-347A-8302-C3CC7BDA2D4C}.RelWithDebInfo|x86.ActiveCfg = RelWithDebInfo|Win32
		{0EA8DDBD-B141-347A-8302-C3CC7BDA2D4C}.RelWithDebInfo|x86.Build.0 = RelWithDebInfo|Win32
		{10F86A9A-F788-3226-8F91-999B0A0D155C}.Debug|x64.ActiveCfg = Debug|Win32
		{10F86A9A-F788-3226-8F91-999B0A0D155C}.Debug|x86.ActiveCfg = Debug|Win32
		{10F86A9A-F788-3226-8F91-999B0A0D155C}.Debug|x86.Build.0 = Debug|Win32
		{10F86A9A-F788-3226-8F91-999B0A0D155C}.Debug-Dll|x64.ActiveCfg = Release|Win32
		{10F86A9A-F788-3226-8F91-999B0A0D155C}.Debug-Dll|x64.Build.0 = Release|Win32
		{10F86A9A-F788-3226-8F91-999B0A0D155C}.Debug-Dll|x86.ActiveCfg = Debug|Win32
		{10F86A9A-F788-3226-8F91-999B0A0D155C}.Debug-Dll|x86.Build.0 = Debug|Win32
		{10F86A9A-F788-3226-8F91-999B0A0D155C}.Debug-Lib|x64.ActiveCfg = Release|Win32
		{10F86A9A-F788-3226-8F91-999B0A0D155C}.Debug-Lib|x64.Build.0 = Release|Win32
		{10F86A9A-F788-3226-8F91-999B0A0D155C}.Debug-Lib|x86.ActiveCfg = Debug|Win32
		{10F86A9A-F788-3226-8F91-999B0A0D155C}.Debug-Lib|x86.Build.0 = Debug|Win32
		{10F86A9A-F788-3226-8F91-999B0A0D155C}.DLL-Import Debug|x64.ActiveCfg = Release|Win32
		{10F86A9A-F788-3226-8F91-999B0A0D155C}.DLL-Import Debug|x64.Build.0 = Release|Win32
		{10F86A9A-F788-3226-8F91-999B0A0D155C}.DLL-Import Debug|x86.ActiveCfg = Debug|Win32
		{10F86A9A-F788-3226-8F91-999B0A0D155C}.DLL-Import Debug|x86.Build.0 = Debug|Win32
		{10F86A9A-F788-3226-8F91-999B0A0D155C}.DLL-Import Release|x64.ActiveCfg = Release|Win32
		{10F86A9A-F788-3226-8F91-999B0A0D155C}.DLL-Import Release|x64.Build.0 = Release|Win32
		{10F86A9A-F788-3226-8F91-999B0A0D155C}.DLL-Import Release|x86.ActiveCfg = Release|Win32
		{10F86A9A-F788-3226-8F91-999B0A0D155C}.DLL-Import Release|x86.Build.0 = Release|Win32
		{10F86A9A-F788-3226-8F91-999B0A0D155C}.MinSizeRel|x64.ActiveCfg = MinSizeRel|Win32
		{10F86A9A-F788-3226-8F91-999B0A0D155C}.MinSizeRel|x86.ActiveCfg = MinSizeRel|Win32
		{10F86A9A-F788-3226-8F91-999B0A0D155C}.MinSizeRel|x86.Build.0 = MinSizeRel|Win32
		{10F86A9A-F788-3226-8F91-999B0A0D155C}.Release|x64.ActiveCfg = Release|Win32
		{10F86A9A-F788-3226-8F91-999B0A0D155C}.Release|x86.ActiveCfg = Release|Win32
		{10F86A9A-F788-3226-8F91-999B0A0D155C}.Release|x86.Build.0 = Release|Win32
		{10F86A9A-F788-3226-8F91-999B0A0D155C}.Release-Dll|x64.ActiveCfg = Release|Win32
		{10F86A9A-F788-3226-8F91-999B0A0D155C}.Release-Dll|x64.Build.0 = Release|Win32
		{10F86A9A-F788-3226-8F91-999B0A0D155C}.Release-Dll|x86.ActiveCfg = Release|Win32
		{10F86A9A-F788-3226-8F91-999B0A0D155C}.Release-Dll|x86.Build.0 = Release|Win32
		{10F86A9A-F788-3226-8F91-999B0A0D155C}.Release-Lib|x64.ActiveCfg = Release|Win32
		{10F86A9A-F788-3226-8F91-999B0A0D155C}.Release-Lib|x64.Build.0 = Release|Win32
		{10F86A9A-F788-3226-8F91-999B0A0D155C}.Release-Lib|x86.ActiveCfg = Release|Win32
		{10F86A9A-F788-3226-8F91-999B0A0D155C}.Release-Lib|x86.Build.0 = Release|Win32
		{10F86A9A-F788-3226-8F91-999B0A0D155C}.RelWithDebInfo|x64.ActiveCfg = RelWithDebInfo|Win32
		{10F86A9A-F788-3226-8F91-999B0A0D155C}.RelWithDebInfo|x86.ActiveCfg = RelWithDebInfo|Win32
		{10F86A9A-F788-3226-8F91-999B0A0D155C}.RelWithDebInfo|x86.Build.0 = RelWithDebInfo|Win32
		{56FFD5C8-48A0-3E58-9E7E-5E84824115DD}.Debug|x64.ActiveCfg = Debug|Win32
		{56FFD5C8-48A0-3E58-9E7E-5E84824115DD}.Debug|x86.ActiveCfg = Debug|Win32
		{56FFD5C8-48A0-3E58-9E7E-5E84824115DD}.Debug|x86.Build.0 = Debug|Win32
		{56FFD5C8-48A0-3E58-9E7E-5E84824115DD}.Debug-Dll|x64.ActiveCfg = Release|Win32
		{56FFD5C8-48A0-3E58-9E7E-5E84824115DD}.Debug-Dll|x64.Build.0 = Release|Win32
		{56FFD5C8-48A0-3E58-9E7E-5E84824115DD}.Debug-Dll|x86.ActiveCfg = Debug|Win32
		{56FFD5C8-48A0-3E58-9E7E-5E84824115DD}.Debug-Dll|x86.Build.0 = Debug|Win32
		{56FFD5C8-48A0-3E58-9E7E-5E84824115DD}.Debug-Lib|x64.ActiveCfg = Release|Win32
		{56FFD5C8-48A0-3E58-9E7E-5E84824115DD}.Debug-Lib|x64.Build.0 = Release|Win32
		{56FFD5C8-48A0-3E58-9E7E-5E84824115DD}.Debug-Lib|x86.ActiveCfg = Debug|Win32
		{56FFD5C8-48A0-3E58-9E7E-5E84824115DD}.Debug-Lib|x86.Build.0 = Debug|Win32
		{56FFD5C8-48A0-3E58-9E7E-5E84824115DD}.DLL-Import Debug|x64.ActiveCfg = Release|Win32
		{56FFD5C8-48A0-3E58-9E7E-5E84824115DD}.DLL-Import Debug|x64.Build.0 = Release|Win32
		{56FFD5C8-48A0-3E58-9E7E-5E84824115DD}.DLL-Import Debug|x86.ActiveCfg = Debug|Win32
		{56FFD5C8-48A0-3E58-9E7E-5E84824115DD}.DLL-Import Debug|x86.Build.0 = Debug|Win32
		{56FFD5C8-48A0-3E58-9E7E-5E84824115DD}.DLL-Import Release|x64.ActiveCfg = Release|Win32
		{56FFD5C8-48A0-3E58-9E7E-5E84824115DD}.DLL-Import Release|x64.Build.0 = Release|Win32
		{56FFD5C8-48A0-3E58-9E7E-5E84824115DD}.DLL-Import Release|x86.ActiveCfg = Release|Win32
		{56FFD5C8-48A0-3E58-9E7E-5E84824115DD}.DLL-Import Release|x86.Build.0 = Release|Win32
		{56FFD5C8-48A0-3E58-9E7E-5E84824115DD}.MinSizeRel|x64.ActiveCfg = MinSizeRel|Win32
		{56FFD5C8-48A0-3E58-9E7E-5E84824115DD}.MinSizeRel|x86.ActiveCfg = MinSizeRel|Win32
		{56FFD5C8-48A0-3E58-9E7E-5E84824115DD}.MinSizeRel|x86.Build.0 = MinSizeRel|Win32
		{56FFD5C8-48A0-3E58-9E7E-5E84824115DD}.Release|x64.ActiveCfg = Release|Win32
		{56FFD5C8-48A0-3E58-9E7E-5E84824115DD}.Release|x86.ActiveCfg = Release|Win32
		{56FFD5C8-48A0-3E58-9E7E-5E84824115DD}.Release|x86.Build.0 = Release|Win32
		{56FFD5C8-48A0-3E58-9E7E-5E84824115DD}.Release-Dll|x64.ActiveCfg = Release|Win32
		{56FFD5C8-48A0-3E58-9E7E-5E84824115DD}.Release-Dll|x64.Build.0 = Release|Win32
		{56FFD5C8-48A0-3E58-9E7E-5E84824115DD}.Release-Dll|x86.ActiveCfg = Release|Win32
		{56FFD5C8-48A0-3E58-9E7E-5E84824115DD}.Release-Dll|x86.Build.0 = Release|Win32
		{56FFD5C8-48A0-3E58-9E7E-5E84824115DD}.Release-Lib|x64.ActiveCfg = Release|Win32
		{56FFD5C8-48A0-3E58-9E7E-5E84824115DD}.Release-Lib|x64.Build.0 = Release|Win32
		{56FFD5C8-48A0-3E58-9E7E-5E84824115DD}.Release-Lib|x86.ActiveCfg = Release|Win32
		{56FFD5C8-48A0-3E58-9E7E-5E84824115DD}.Release-Lib|x86.Build.0 = Release|Win32
		{56FFD5C8-48A0-3E58-9E7E-5E84824115DD}.RelWithDebInfo|x64.ActiveCfg = RelWithDebInfo|Win32
		{56FFD5C8-48A0-3E58-9E7E-5E84824115DD}.RelWithDebInfo|x86.ActiveCfg = RelWithDebInfo|Win32
		{56FFD5C8-48A0-3E58-9E7E-5E84824115DD}.RelWithDebInfo|x86.Build.0 = RelWithDebInfo|Win32
	EndGlobalSection
	GlobalSection(SolutionProperties) = preSolution
		HideSolutionNode = FALSE
	EndGlobalSection
	GlobalSection(NestedProjects) = preSolution
		{CB583C72-DDA2-4F0B-9838-21F853F4CF3A} = {54B4D016-3A77-4F23-B905-D2A849D3E41F}
		{D1C528B6-AA02-4D29-9D61-DC08E317A70D} = {54B4D016-3A77-4F23-B905-D2A849D3E41F}
		{0B71D9E0-A92E-4BC5-828D-79F402674807} = {A2095C3E-FC40-4446-9B89-4100267F47A7}
		{85689A49-56BC-3EBA-9BCB-9429A0969B7B} = {FEFFCB48-A287-441E-A94B-91F219310CF5}
		{847E3017-0B22-4481-96BF-C86D39734304} = {A2095C3E-FC40-4446-9B89-4100267F47A7}
		{C39F4B46-6E89-4074-902E-CA57073044D2} = {54B4D016-3A77-4F23-B905-D2A849D3E41F}
		{54B4D016-3A77-4F23-B905-D2A849D3E41F} = {A2095C3E-FC40-4446-9B89-4100267F47A7}
		{138FD043-37DB-3906-9FE6-0C4669BEFA8F} = {54B4D016-3A77-4F23-B905-D2A849D3E41F}
		{0EA8DDBD-B141-347A-8302-C3CC7BDA2D4C} = {FEFFCB48-A287-441E-A94B-91F219310CF5}
		{10F86A9A-F788-3226-8F91-999B0A0D155C} = {FEFFCB48-A287-441E-A94B-91F219310CF5}
		{56FFD5C8-48A0-3E58-9E7E-5E84824115DD} = {FEFFCB48-A287-441E-A94B-91F219310CF5}
		{FEFFCB48-A287-441E-A94B-91F219310CF5} = {54B4D016-3A77-4F23-B905-D2A849D3E41F}
	EndGlobalSection
	GlobalSection(ExtensibilityGlobals) = postSolution
		SolutionGuid = {C01FEDA8-377F-408C-BD0A-B902183EBB28}
	EndGlobalSection
	GlobalSection(Performance) = preSolution
		HasPerformanceSessions = true
	EndGlobalSection
EndGlobal
