
Microsoft Visual Studio Solution File, Format Version 12.00
# Visual Studio 15
VisualStudioVersion = 15.0.27130.2036
MinimumVisualStudioVersion = 10.0.40219.1
Project("{2150E333-8FDC-42A3-9474-1A3956D46DE8}") = "lib", "lib", "{A2095C3E-FC40-4446-9B89-4100267F47A7}"
EndProject
Project("{8BC9CEB8-8B4A-11D0-8D11-00A0C91BC942}") = "LoginServer", "LoginServer\LoginServer.vcxproj", "{3BFAC32A-A71A-4A3C-A43C-6644EC77B6D7}"
	ProjectSection(ProjectDependencies) = postProject
		{0B71D9E0-A92E-4BC5-828D-79F402674807} = {0B71D9E0-A92E-4BC5-828D-79F402674807}
	EndProjectSection
EndProject
Project("{8BC9CEB8-8B4A-11D0-8D11-00A0C91BC942}") = "CenterServer", "CenterServer\CenterServer.vcxproj", "{9C4FA4E6-AA7C-498F-B9A0-F2FD07934F86}"
	ProjectSection(ProjectDependencies) = postProject
		{0B71D9E0-A92E-4BC5-828D-79F402674807} = {0B71D9E0-A92E-4BC5-828D-79F402674807}
	EndProjectSection
EndProject
Project("{8BC9CEB8-8B4A-11D0-8D11-00A0C91BC942}") = "GameGateway", "GameGateway\GameGateway.vcxproj", "{BD62C60B-DB3E-4896-800F-C153B8AB56E0}"
	ProjectSection(ProjectDependencies) = postProject
		{0B71D9E0-A92E-4BC5-828D-79F402674807} = {0B71D9E0-A92E-4BC5-828D-79F402674807}
	EndProjectSection
EndProject
Project("{8BC9CEB8-8B4A-11D0-8D11-00A0C91BC942}") = "DBServer", "DBServer\DBServer.vcxproj", "{1F7B86FE-C7AB-47D0-BFDC-84974E4DD73A}"
	ProjectSection(ProjectDependencies) = postProject
		{0B71D9E0-A92E-4BC5-828D-79F402674807} = {0B71D9E0-A92E-4BC5-828D-79F402674807}
	EndProjectSection
EndProject
Project("{8BC9CEB8-8B4A-11D0-8D11-00A0C91BC942}") = "GameServer", "GameServer\GameServer.vcxproj", "{34340F95-0055-434F-95C7-A7D3B69390DB}"
	ProjectSection(ProjectDependencies) = postProject
		{0B71D9E0-A92E-4BC5-828D-79F402674807} = {0B71D9E0-A92E-4BC5-828D-79F402674807}
	EndProjectSection
EndProject
Project("{8BC9CEB8-8B4A-11D0-8D11-00A0C91BC942}") = "Common", "Common\Common.vcxproj", "{0B71D9E0-A92E-4BC5-828D-79F402674807}"
	ProjectSection(ProjectDependencies) = postProject
		{C39F4B46-6E89-4074-902E-CA57073044D2} = {C39F4B46-6E89-4074-902E-CA57073044D2}
		{CB583C72-DDA2-4F0B-9838-21F853F4CF3A} = {CB583C72-DDA2-4F0B-9838-21F853F4CF3A}
		{8039A88D-832F-3209-A407-9EF5C9CF579F} = {8039A88D-832F-3209-A407-9EF5C9CF579F}
	EndProjectSection
EndProject
Project("{8BC9CEB8-8B4A-11D0-8D11-00A0C91BC942}") = "Robot", "Robot\Robot.vcxproj", "{42B94EE0-BA5C-4B88-AB6A-17CDE09C5847}"
	ProjectSection(ProjectDependencies) = postProject
		{0B71D9E0-A92E-4BC5-828D-79F402674807} = {0B71D9E0-A92E-4BC5-828D-79F402674807}
	EndProjectSection
EndProject
Project("{8BC9CEB8-8B4A-11D0-8D11-00A0C91BC942}") = "LogServer", "LogServer\LogServer.vcxproj", "{A34F896C-CDB2-408E-BB13-1F501829B412}"
	ProjectSection(ProjectDependencies) = postProject
		{0B71D9E0-A92E-4BC5-828D-79F402674807} = {0B71D9E0-A92E-4BC5-828D-79F402674807}
	EndProjectSection
EndProject
Project("{8BC9CEB8-8B4A-11D0-8D11-00A0C91BC942}") = "NameCheckServer", "NameCheckServer\NameCheckServer.vcxproj", "{9DDF7AD2-0C98-40AC-A2FC-461C84D8964D}"
	ProjectSection(ProjectDependencies) = postProject
		{0B71D9E0-A92E-4BC5-828D-79F402674807} = {0B71D9E0-A92E-4BC5-828D-79F402674807}
	EndProjectSection
EndProject
Project("{2150E333-8FDC-42A3-9474-1A3956D46DE8}") = "3rd", "3rd", "{C6D57540-4863-4B80-B171-1BE3D8486CFD}"
EndProject
Project("{8BC9CEB8-8B4A-11D0-8D11-00A0C91BC942}") = "libprotobuf", "3rd\protobuf\builds\libprotobuf.vcxproj", "{8039A88D-832F-3209-A407-9EF5C9CF579F}"
EndProject
Project("{8BC9CEB8-8B4A-11D0-8D11-00A0C91BC942}") = "cryptlib", "3rd\cryptopp\cryptlib.vcxproj", "{C39F4B46-6E89-4074-902E-CA57073044D2}"
EndProject
Project("{8BC9CEB8-8B4A-11D0-8D11-00A0C91BC942}") = "lxnet", "3rd\lxnet\lib\lxnet\lxnet.vcxproj", "{CB583C72-DDA2-4F0B-9838-21F853F4CF3A}"
EndProject
Global
	GlobalSection(SolutionConfigurationPlatforms) = preSolution
		Debug|x64 = Debug|x64
		Debug|x86 = Debug|x86
		DLL-Import Debug|x64 = DLL-Import Debug|x64
		DLL-Import Debug|x86 = DLL-Import Debug|x86
		DLL-Import Release|x64 = DLL-Import Release|x64
		DLL-Import Release|x86 = DLL-Import Release|x86
		MinSizeRel|x64 = MinSizeRel|x64
		MinSizeRel|x86 = MinSizeRel|x86
		Release|x64 = Release|x64
		Release|x86 = Release|x86
		RelWithDebInfo|x64 = RelWithDebInfo|x64
		RelWithDebInfo|x86 = RelWithDebInfo|x86
	EndGlobalSection
	GlobalSection(ProjectConfigurationPlatforms) = postSolution
		{3BFAC32A-A71A-4A3C-A43C-6644EC77B6D7}.Debug|x64.ActiveCfg = Debug|x64
		{3BFAC32A-A71A-4A3C-A43C-6644EC77B6D7}.Debug|x64.Build.0 = Debug|x64
		{3BFAC32A-A71A-4A3C-A43C-6644EC77B6D7}.Debug|x86.ActiveCfg = Debug|Win32
		{3BFAC32A-A71A-4A3C-A43C-6644EC77B6D7}.Debug|x86.Build.0 = Debug|Win32
		{3BFAC32A-A71A-4A3C-A43C-6644EC77B6D7}.DLL-Import Debug|x64.ActiveCfg = Debug|x64
		{3BFAC32A-A71A-4A3C-A43C-6644EC77B6D7}.DLL-Import Debug|x64.Build.0 = Debug|x64
		{3BFAC32A-A71A-4A3C-A43C-6644EC77B6D7}.DLL-Import Debug|x64.Deploy.0 = Debug|x64
		{3BFAC32A-A71A-4A3C-A43C-6644EC77B6D7}.DLL-Import Debug|x86.ActiveCfg = Debug|Win32
		{3BFAC32A-A71A-4A3C-A43C-6644EC77B6D7}.DLL-Import Debug|x86.Build.0 = Debug|Win32
		{3BFAC32A-A71A-4A3C-A43C-6644EC77B6D7}.DLL-Import Debug|x86.Deploy.0 = Debug|Win32
		{3BFAC32A-A71A-4A3C-A43C-6644EC77B6D7}.DLL-Import Release|x64.ActiveCfg = Release|x64
		{3BFAC32A-A71A-4A3C-A43C-6644EC77B6D7}.DLL-Import Release|x64.Build.0 = Release|x64
		{3BFAC32A-A71A-4A3C-A43C-6644EC77B6D7}.DLL-Import Release|x64.Deploy.0 = Release|x64
		{3BFAC32A-A71A-4A3C-A43C-6644EC77B6D7}.DLL-Import Release|x86.ActiveCfg = Release|Win32
		{3BFAC32A-A71A-4A3C-A43C-6644EC77B6D7}.DLL-Import Release|x86.Build.0 = Release|Win32
		{3BFAC32A-A71A-4A3C-A43C-6644EC77B6D7}.DLL-Import Release|x86.Deploy.0 = Release|Win32
		{3BFAC32A-A71A-4A3C-A43C-6644EC77B6D7}.MinSizeRel|x64.ActiveCfg = Release|x64
		{3BFAC32A-A71A-4A3C-A43C-6644EC77B6D7}.MinSizeRel|x64.Build.0 = Release|x64
		{3BFAC32A-A71A-4A3C-A43C-6644EC77B6D7}.MinSizeRel|x64.Deploy.0 = Release|x64
		{3BFAC32A-A71A-4A3C-A43C-6644EC77B6D7}.MinSizeRel|x86.ActiveCfg = Release|Win32
		{3BFAC32A-A71A-4A3C-A43C-6644EC77B6D7}.MinSizeRel|x86.Build.0 = Release|Win32
		{3BFAC32A-A71A-4A3C-A43C-6644EC77B6D7}.MinSizeRel|x86.Deploy.0 = Release|Win32
		{3BFAC32A-A71A-4A3C-A43C-6644EC77B6D7}.Release|x64.ActiveCfg = Release|x64
		{3BFAC32A-A71A-4A3C-A43C-6644EC77B6D7}.Release|x64.Build.0 = Release|x64
		{3BFAC32A-A71A-4A3C-A43C-6644EC77B6D7}.Release|x86.ActiveCfg = Release|Win32
		{3BFAC32A-A71A-4A3C-A43C-6644EC77B6D7}.Release|x86.Build.0 = Release|Win32
		{3BFAC32A-A71A-4A3C-A43C-6644EC77B6D7}.RelWithDebInfo|x64.ActiveCfg = RelWithDebInfo|x64
		{3BFAC32A-A71A-4A3C-A43C-6644EC77B6D7}.RelWithDebInfo|x64.Build.0 = RelWithDebInfo|x64
		{3BFAC32A-A71A-4A3C-A43C-6644EC77B6D7}.RelWithDebInfo|x64.Deploy.0 = RelWithDebInfo|x64
		{3BFAC32A-A71A-4A3C-A43C-6644EC77B6D7}.RelWithDebInfo|x86.ActiveCfg = RelWithDebInfo|Win32
		{3BFAC32A-A71A-4A3C-A43C-6644EC77B6D7}.RelWithDebInfo|x86.Build.0 = RelWithDebInfo|Win32
		{3BFAC32A-A71A-4A3C-A43C-6644EC77B6D7}.RelWithDebInfo|x86.Deploy.0 = RelWithDebInfo|Win32
		{9C4FA4E6-AA7C-498F-B9A0-F2FD07934F86}.Debug|x64.ActiveCfg = Debug|x64
		{9C4FA4E6-AA7C-498F-B9A0-F2FD07934F86}.Debug|x64.Build.0 = Debug|x64
		{9C4FA4E6-AA7C-498F-B9A0-F2FD07934F86}.Debug|x86.ActiveCfg = Debug|Win32
		{9C4FA4E6-AA7C-498F-B9A0-F2FD07934F86}.Debug|x86.Build.0 = Debug|Win32
		{9C4FA4E6-AA7C-498F-B9A0-F2FD07934F86}.DLL-Import Debug|x64.ActiveCfg = Debug|x64
		{9C4FA4E6-AA7C-498F-B9A0-F2FD07934F86}.DLL-Import Debug|x64.Build.0 = Debug|x64
		{9C4FA4E6-AA7C-498F-B9A0-F2FD07934F86}.DLL-Import Debug|x64.Deploy.0 = Debug|x64
		{9C4FA4E6-AA7C-498F-B9A0-F2FD07934F86}.DLL-Import Debug|x86.ActiveCfg = Debug|Win32
		{9C4FA4E6-AA7C-498F-B9A0-F2FD07934F86}.DLL-Import Debug|x86.Build.0 = Debug|Win32
		{9C4FA4E6-AA7C-498F-B9A0-F2FD07934F86}.DLL-Import Debug|x86.Deploy.0 = Debug|Win32
		{9C4FA4E6-AA7C-498F-B9A0-F2FD07934F86}.DLL-Import Release|x64.ActiveCfg = Release|x64
		{9C4FA4E6-AA7C-498F-B9A0-F2FD07934F86}.DLL-Import Release|x64.Build.0 = Release|x64
		{9C4FA4E6-AA7C-498F-B9A0-F2FD07934F86}.DLL-Import Release|x64.Deploy.0 = Release|x64
		{9C4FA4E6-AA7C-498F-B9A0-F2FD07934F86}.DLL-Import Release|x86.ActiveCfg = Release|Win32
		{9C4FA4E6-AA7C-498F-B9A0-F2FD07934F86}.DLL-Import Release|x86.Build.0 = Release|Win32
		{9C4FA4E6-AA7C-498F-B9A0-F2FD07934F86}.DLL-Import Release|x86.Deploy.0 = Release|Win32
		{9C4FA4E6-AA7C-498F-B9A0-F2FD07934F86}.MinSizeRel|x64.ActiveCfg = Release|x64
		{9C4FA4E6-AA7C-498F-B9A0-F2FD07934F86}.MinSizeRel|x64.Build.0 = Release|x64
		{9C4FA4E6-AA7C-498F-B9A0-F2FD07934F86}.MinSizeRel|x86.ActiveCfg = Release|Win32
		{9C4FA4E6-AA7C-498F-B9A0-F2FD07934F86}.MinSizeRel|x86.Build.0 = Release|Win32
		{9C4FA4E6-AA7C-498F-B9A0-F2FD07934F86}.Release|x64.ActiveCfg = Release|x64
		{9C4FA4E6-AA7C-498F-B9A0-F2FD07934F86}.Release|x64.Build.0 = Release|x64
		{9C4FA4E6-AA7C-498F-B9A0-F2FD07934F86}.Release|x86.ActiveCfg = Release|Win32
		{9C4FA4E6-AA7C-498F-B9A0-F2FD07934F86}.Release|x86.Build.0 = Release|Win32
		{9C4FA4E6-AA7C-498F-B9A0-F2FD07934F86}.RelWithDebInfo|x64.ActiveCfg = RelWithDebInfo|x64
		{9C4FA4E6-AA7C-498F-B9A0-F2FD07934F86}.RelWithDebInfo|x64.Build.0 = RelWithDebInfo|x64
		{9C4FA4E6-AA7C-498F-B9A0-F2FD07934F86}.RelWithDebInfo|x86.ActiveCfg = RelWithDebInfo|Win32
		{9C4FA4E6-AA7C-498F-B9A0-F2FD07934F86}.RelWithDebInfo|x86.Build.0 = RelWithDebInfo|Win32
		{BD62C60B-DB3E-4896-800F-C153B8AB56E0}.Debug|x64.ActiveCfg = Debug|x64
		{BD62C60B-DB3E-4896-800F-C153B8AB56E0}.Debug|x64.Build.0 = Debug|x64
		{BD62C60B-DB3E-4896-800F-C153B8AB56E0}.Debug|x86.ActiveCfg = Debug|Win32
		{BD62C60B-DB3E-4896-800F-C153B8AB56E0}.Debug|x86.Build.0 = Debug|Win32
		{BD62C60B-DB3E-4896-800F-C153B8AB56E0}.DLL-Import Debug|x64.ActiveCfg = Debug|x64
		{BD62C60B-DB3E-4896-800F-C153B8AB56E0}.DLL-Import Debug|x64.Build.0 = Debug|x64
		{BD62C60B-DB3E-4896-800F-C153B8AB56E0}.DLL-Import Debug|x64.Deploy.0 = Debug|x64
		{BD62C60B-DB3E-4896-800F-C153B8AB56E0}.DLL-Import Debug|x86.ActiveCfg = Debug|Win32
		{BD62C60B-DB3E-4896-800F-C153B8AB56E0}.DLL-Import Debug|x86.Build.0 = Debug|Win32
		{BD62C60B-DB3E-4896-800F-C153B8AB56E0}.DLL-Import Debug|x86.Deploy.0 = Debug|Win32
		{BD62C60B-DB3E-4896-800F-C153B8AB56E0}.DLL-Import Release|x64.ActiveCfg = Release|x64
		{BD62C60B-DB3E-4896-800F-C153B8AB56E0}.DLL-Import Release|x64.Build.0 = Release|x64
		{BD62C60B-DB3E-4896-800F-C153B8AB56E0}.DLL-Import Release|x64.Deploy.0 = Release|x64
		{BD62C60B-DB3E-4896-800F-C153B8AB56E0}.DLL-Import Release|x86.ActiveCfg = Release|Win32
		{BD62C60B-DB3E-4896-800F-C153B8AB56E0}.DLL-Import Release|x86.Build.0 = Release|Win32
		{BD62C60B-DB3E-4896-800F-C153B8AB56E0}.DLL-Import Release|x86.Deploy.0 = Release|Win32
		{BD62C60B-DB3E-4896-800F-C153B8AB56E0}.MinSizeRel|x64.ActiveCfg = Release|x64
		{BD62C60B-DB3E-4896-800F-C153B8AB56E0}.MinSizeRel|x64.Build.0 = Release|x64
		{BD62C60B-DB3E-4896-800F-C153B8AB56E0}.MinSizeRel|x64.Deploy.0 = Release|x64
		{BD62C60B-DB3E-4896-800F-C153B8AB56E0}.MinSizeRel|x86.ActiveCfg = Release|Win32
		{BD62C60B-DB3E-4896-800F-C153B8AB56E0}.MinSizeRel|x86.Build.0 = Release|Win32
		{BD62C60B-DB3E-4896-800F-C153B8AB56E0}.MinSizeRel|x86.Deploy.0 = Release|Win32
		{BD62C60B-DB3E-4896-800F-C153B8AB56E0}.Release|x64.ActiveCfg = Release|x64
		{BD62C60B-DB3E-4896-800F-C153B8AB56E0}.Release|x64.Build.0 = Release|x64
		{BD62C60B-DB3E-4896-800F-C153B8AB56E0}.Release|x86.ActiveCfg = Release|Win32
		{BD62C60B-DB3E-4896-800F-C153B8AB56E0}.Release|x86.Build.0 = Release|Win32
		{BD62C60B-DB3E-4896-800F-C153B8AB56E0}.RelWithDebInfo|x64.ActiveCfg = RelWithDebInfo|x64
		{BD62C60B-DB3E-4896-800F-C153B8AB56E0}.RelWithDebInfo|x64.Build.0 = RelWithDebInfo|x64
		{BD62C60B-DB3E-4896-800F-C153B8AB56E0}.RelWithDebInfo|x64.Deploy.0 = RelWithDebInfo|x64
		{BD62C60B-DB3E-4896-800F-C153B8AB56E0}.RelWithDebInfo|x86.ActiveCfg = RelWithDebInfo|Win32
		{BD62C60B-DB3E-4896-800F-C153B8AB56E0}.RelWithDebInfo|x86.Build.0 = RelWithDebInfo|Win32
		{BD62C60B-DB3E-4896-800F-C153B8AB56E0}.RelWithDebInfo|x86.Deploy.0 = RelWithDebInfo|Win32
		{1F7B86FE-C7AB-47D0-BFDC-84974E4DD73A}.Debug|x64.ActiveCfg = Debug|x64
		{1F7B86FE-C7AB-47D0-BFDC-84974E4DD73A}.Debug|x64.Build.0 = Debug|x64
		{1F7B86FE-C7AB-47D0-BFDC-84974E4DD73A}.Debug|x86.ActiveCfg = Debug|Win32
		{1F7B86FE-C7AB-47D0-BFDC-84974E4DD73A}.Debug|x86.Build.0 = Debug|Win32
		{1F7B86FE-C7AB-47D0-BFDC-84974E4DD73A}.DLL-Import Debug|x64.ActiveCfg = Debug|x64
		{1F7B86FE-C7AB-47D0-BFDC-84974E4DD73A}.DLL-Import Debug|x64.Build.0 = Debug|x64
		{1F7B86FE-C7AB-47D0-BFDC-84974E4DD73A}.DLL-Import Debug|x64.Deploy.0 = Debug|x64
		{1F7B86FE-C7AB-47D0-BFDC-84974E4DD73A}.DLL-Import Debug|x86.ActiveCfg = Debug|Win32
		{1F7B86FE-C7AB-47D0-BFDC-84974E4DD73A}.DLL-Import Debug|x86.Build.0 = Debug|Win32
		{1F7B86FE-C7AB-47D0-BFDC-84974E4DD73A}.DLL-Import Debug|x86.Deploy.0 = Debug|Win32
		{1F7B86FE-C7AB-47D0-BFDC-84974E4DD73A}.DLL-Import Release|x64.ActiveCfg = Release|x64
		{1F7B86FE-C7AB-47D0-BFDC-84974E4DD73A}.DLL-Import Release|x64.Build.0 = Release|x64
		{1F7B86FE-C7AB-47D0-BFDC-84974E4DD73A}.DLL-Import Release|x64.Deploy.0 = Release|x64
		{1F7B86FE-C7AB-47D0-BFDC-84974E4DD73A}.DLL-Import Release|x86.ActiveCfg = Release|Win32
		{1F7B86FE-C7AB-47D0-BFDC-84974E4DD73A}.DLL-Import Release|x86.Build.0 = Release|Win32
		{1F7B86FE-C7AB-47D0-BFDC-84974E4DD73A}.DLL-Import Release|x86.Deploy.0 = Release|Win32
		{1F7B86FE-C7AB-47D0-BFDC-84974E4DD73A}.MinSizeRel|x64.ActiveCfg = Release|x64
		{1F7B86FE-C7AB-47D0-BFDC-84974E4DD73A}.MinSizeRel|x64.Build.0 = Release|x64
		{1F7B86FE-C7AB-47D0-BFDC-84974E4DD73A}.MinSizeRel|x64.Deploy.0 = Release|x64
		{1F7B86FE-C7AB-47D0-BFDC-84974E4DD73A}.MinSizeRel|x86.ActiveCfg = Release|Win32
		{1F7B86FE-C7AB-47D0-BFDC-84974E4DD73A}.MinSizeRel|x86.Build.0 = Release|Win32
		{1F7B86FE-C7AB-47D0-BFDC-84974E4DD73A}.MinSizeRel|x86.Deploy.0 = Release|Win32
		{1F7B86FE-C7AB-47D0-BFDC-84974E4DD73A}.Release|x64.ActiveCfg = Release|x64
		{1F7B86FE-C7AB-47D0-BFDC-84974E4DD73A}.Release|x64.Build.0 = Release|x64
		{1F7B86FE-C7AB-47D0-BFDC-84974E4DD73A}.Release|x86.ActiveCfg = Release|Win32
		{1F7B86FE-C7AB-47D0-BFDC-84974E4DD73A}.Release|x86.Build.0 = Release|Win32
		{1F7B86FE-C7AB-47D0-BFDC-84974E4DD73A}.RelWithDebInfo|x64.ActiveCfg = RelWithDebInfo|x64
		{1F7B86FE-C7AB-47D0-BFDC-84974E4DD73A}.RelWithDebInfo|x64.Build.0 = RelWithDebInfo|x64
		{1F7B86FE-C7AB-47D0-BFDC-84974E4DD73A}.RelWithDebInfo|x64.Deploy.0 = RelWithDebInfo|x64
		{1F7B86FE-C7AB-47D0-BFDC-84974E4DD73A}.RelWithDebInfo|x86.ActiveCfg = RelWithDebInfo|Win32
		{1F7B86FE-C7AB-47D0-BFDC-84974E4DD73A}.RelWithDebInfo|x86.Build.0 = RelWithDebInfo|Win32
		{1F7B86FE-C7AB-47D0-BFDC-84974E4DD73A}.RelWithDebInfo|x86.Deploy.0 = RelWithDebInfo|Win32
		{34340F95-0055-434F-95C7-A7D3B69390DB}.Debug|x64.ActiveCfg = Debug|x64
		{34340F95-0055-434F-95C7-A7D3B69390DB}.Debug|x64.Build.0 = Debug|x64
		{34340F95-0055-434F-95C7-A7D3B69390DB}.Debug|x86.ActiveCfg = Debug|Win32
		{34340F95-0055-434F-95C7-A7D3B69390DB}.Debug|x86.Build.0 = Debug|Win32
		{34340F95-0055-434F-95C7-A7D3B69390DB}.DLL-Import Debug|x64.ActiveCfg = Debug|x64
		{34340F95-0055-434F-95C7-A7D3B69390DB}.DLL-Import Debug|x64.Build.0 = Debug|x64
		{34340F95-0055-434F-95C7-A7D3B69390DB}.DLL-Import Debug|x64.Deploy.0 = Debug|x64
		{34340F95-0055-434F-95C7-A7D3B69390DB}.DLL-Import Debug|x86.ActiveCfg = Debug|Win32
		{34340F95-0055-434F-95C7-A7D3B69390DB}.DLL-Import Debug|x86.Build.0 = Debug|Win32
		{34340F95-0055-434F-95C7-A7D3B69390DB}.DLL-Import Debug|x86.Deploy.0 = Debug|Win32
		{34340F95-0055-434F-95C7-A7D3B69390DB}.DLL-Import Release|x64.ActiveCfg = Release|x64
		{34340F95-0055-434F-95C7-A7D3B69390DB}.DLL-Import Release|x64.Build.0 = Release|x64
		{34340F95-0055-434F-95C7-A7D3B69390DB}.DLL-Import Release|x64.Deploy.0 = Release|x64
		{34340F95-0055-434F-95C7-A7D3B69390DB}.DLL-Import Release|x86.ActiveCfg = Release|Win32
		{34340F95-0055-434F-95C7-A7D3B69390DB}.DLL-Import Release|x86.Build.0 = Release|Win32
		{34340F95-0055-434F-95C7-A7D3B69390DB}.DLL-Import Release|x86.Deploy.0 = Release|Win32
		{34340F95-0055-434F-95C7-A7D3B69390DB}.MinSizeRel|x64.ActiveCfg = Release|x64
		{34340F95-0055-434F-95C7-A7D3B69390DB}.MinSizeRel|x64.Build.0 = Release|x64
		{34340F95-0055-434F-95C7-A7D3B69390DB}.MinSizeRel|x64.Deploy.0 = Release|x64
		{34340F95-0055-434F-95C7-A7D3B69390DB}.MinSizeRel|x86.ActiveCfg = Release|Win32
		{34340F95-0055-434F-95C7-A7D3B69390DB}.MinSizeRel|x86.Build.0 = Release|Win32
		{34340F95-0055-434F-95C7-A7D3B69390DB}.MinSizeRel|x86.Deploy.0 = Release|Win32
		{34340F95-0055-434F-95C7-A7D3B69390DB}.Release|x64.ActiveCfg = Release|x64
		{34340F95-0055-434F-95C7-A7D3B69390DB}.Release|x64.Build.0 = Release|x64
		{34340F95-0055-434F-95C7-A7D3B69390DB}.Release|x86.ActiveCfg = Release|Win32
		{34340F95-0055-434F-95C7-A7D3B69390DB}.Release|x86.Build.0 = Release|Win32
		{34340F95-0055-434F-95C7-A7D3B69390DB}.RelWithDebInfo|x64.ActiveCfg = RelWithDebInfo|x64
		{34340F95-0055-434F-95C7-A7D3B69390DB}.RelWithDebInfo|x64.Build.0 = RelWithDebInfo|x64
		{34340F95-0055-434F-95C7-A7D3B69390DB}.RelWithDebInfo|x64.Deploy.0 = RelWithDebInfo|x64
		{34340F95-0055-434F-95C7-A7D3B69390DB}.RelWithDebInfo|x86.ActiveCfg = RelWithDebInfo|Win32
		{34340F95-0055-434F-95C7-A7D3B69390DB}.RelWithDebInfo|x86.Build.0 = RelWithDebInfo|Win32
		{34340F95-0055-434F-95C7-A7D3B69390DB}.RelWithDebInfo|x86.Deploy.0 = RelWithDebInfo|Win32
		{0B71D9E0-A92E-4BC5-828D-79F402674807}.Debug|x64.ActiveCfg = Debug|x64
		{0B71D9E0-A92E-4BC5-828D-79F402674807}.Debug|x64.Build.0 = Debug|x64
		{0B71D9E0-A92E-4BC5-828D-79F402674807}.Debug|x86.ActiveCfg = Debug|Win32
		{0B71D9E0-A92E-4BC5-828D-79F402674807}.Debug|x86.Build.0 = Debug|Win32
		{0B71D9E0-A92E-4BC5-828D-79F402674807}.DLL-Import Debug|x64.ActiveCfg = Debug|x64
		{0B71D9E0-A92E-4BC5-828D-79F402674807}.DLL-Import Debug|x64.Build.0 = Debug|x64
		{0B71D9E0-A92E-4BC5-828D-79F402674807}.DLL-Import Debug|x86.ActiveCfg = Debug|Win32
		{0B71D9E0-A92E-4BC5-828D-79F402674807}.DLL-Import Debug|x86.Build.0 = Debug|Win32
		{0B71D9E0-A92E-4BC5-828D-79F402674807}.DLL-Import Release|x64.ActiveCfg = Release|x64
		{0B71D9E0-A92E-4BC5-828D-79F402674807}.DLL-Import Release|x64.Build.0 = Release|x64
		{0B71D9E0-A92E-4BC5-828D-79F402674807}.DLL-Import Release|x86.ActiveCfg = Release|Win32
		{0B71D9E0-A92E-4BC5-828D-79F402674807}.DLL-Import Release|x86.Build.0 = Release|Win32
		{0B71D9E0-A92E-4BC5-828D-79F402674807}.MinSizeRel|x64.ActiveCfg = Release|x64
		{0B71D9E0-A92E-4BC5-828D-79F402674807}.MinSizeRel|x64.Build.0 = Release|x64
		{0B71D9E0-A92E-4BC5-828D-79F402674807}.MinSizeRel|x64.Deploy.0 = Release|x64
		{0B71D9E0-A92E-4BC5-828D-79F402674807}.MinSizeRel|x86.ActiveCfg = Release|Win32
		{0B71D9E0-A92E-4BC5-828D-79F402674807}.MinSizeRel|x86.Build.0 = Release|Win32
		{0B71D9E0-A92E-4BC5-828D-79F402674807}.MinSizeRel|x86.Deploy.0 = Release|Win32
		{0B71D9E0-A92E-4BC5-828D-79F402674807}.Release|x64.ActiveCfg = Release|x64
		{0B71D9E0-A92E-4BC5-828D-79F402674807}.Release|x64.Build.0 = Release|x64
		{0B71D9E0-A92E-4BC5-828D-79F402674807}.Release|x86.ActiveCfg = Release|Win32
		{0B71D9E0-A92E-4BC5-828D-79F402674807}.Release|x86.Build.0 = Release|Win32
		{0B71D9E0-A92E-4BC5-828D-79F402674807}.RelWithDebInfo|x64.ActiveCfg = RelWithDebInfo|x64
		{0B71D9E0-A92E-4BC5-828D-79F402674807}.RelWithDebInfo|x64.Build.0 = RelWithDebInfo|x64
		{0B71D9E0-A92E-4BC5-828D-79F402674807}.RelWithDebInfo|x64.Deploy.0 = RelWithDebInfo|x64
		{0B71D9E0-A92E-4BC5-828D-79F402674807}.RelWithDebInfo|x86.ActiveCfg = RelWithDebInfo|Win32
		{0B71D9E0-A92E-4BC5-828D-79F402674807}.RelWithDebInfo|x86.Build.0 = RelWithDebInfo|Win32
		{0B71D9E0-A92E-4BC5-828D-79F402674807}.RelWithDebInfo|x86.Deploy.0 = RelWithDebInfo|Win32
		{42B94EE0-BA5C-4B88-AB6A-17CDE09C5847}.Debug|x64.ActiveCfg = Debug|x64
		{42B94EE0-BA5C-4B88-AB6A-17CDE09C5847}.Debug|x64.Build.0 = Debug|x64
		{42B94EE0-BA5C-4B88-AB6A-17CDE09C5847}.Debug|x86.ActiveCfg = Debug|Win32
		{42B94EE0-BA5C-4B88-AB6A-17CDE09C5847}.Debug|x86.Build.0 = Debug|Win32
		{42B94EE0-BA5C-4B88-AB6A-17CDE09C5847}.DLL-Import Debug|x64.ActiveCfg = Debug|x64
		{42B94EE0-BA5C-4B88-AB6A-17CDE09C5847}.DLL-Import Debug|x64.Build.0 = Debug|x64
		{42B94EE0-BA5C-4B88-AB6A-17CDE09C5847}.DLL-Import Debug|x86.ActiveCfg = Debug|Win32
		{42B94EE0-BA5C-4B88-AB6A-17CDE09C5847}.DLL-Import Debug|x86.Build.0 = Debug|Win32
		{42B94EE0-BA5C-4B88-AB6A-17CDE09C5847}.DLL-Import Release|x64.ActiveCfg = Release|x64
		{42B94EE0-BA5C-4B88-AB6A-17CDE09C5847}.DLL-Import Release|x64.Build.0 = Release|x64
		{42B94EE0-BA5C-4B88-AB6A-17CDE09C5847}.DLL-Import Release|x86.ActiveCfg = Release|Win32
		{42B94EE0-BA5C-4B88-AB6A-17CDE09C5847}.DLL-Import Release|x86.Build.0 = Release|Win32
		{42B94EE0-BA5C-4B88-AB6A-17CDE09C5847}.MinSizeRel|x64.ActiveCfg = Release|x64
		{42B94EE0-BA5C-4B88-AB6A-17CDE09C5847}.MinSizeRel|x64.Build.0 = Release|x64
		{42B94EE0-BA5C-4B88-AB6A-17CDE09C5847}.MinSizeRel|x64.Deploy.0 = Release|x64
		{42B94EE0-BA5C-4B88-AB6A-17CDE09C5847}.MinSizeRel|x86.ActiveCfg = Release|Win32
		{42B94EE0-BA5C-4B88-AB6A-17CDE09C5847}.MinSizeRel|x86.Build.0 = Release|Win32
		{42B94EE0-BA5C-4B88-AB6A-17CDE09C5847}.MinSizeRel|x86.Deploy.0 = Release|Win32
		{42B94EE0-BA5C-4B88-AB6A-17CDE09C5847}.Release|x64.ActiveCfg = Release|x64
		{42B94EE0-BA5C-4B88-AB6A-17CDE09C5847}.Release|x64.Build.0 = Release|x64
		{42B94EE0-BA5C-4B88-AB6A-17CDE09C5847}.Release|x86.ActiveCfg = Release|Win32
		{42B94EE0-BA5C-4B88-AB6A-17CDE09C5847}.Release|x86.Build.0 = Release|Win32
		{42B94EE0-BA5C-4B88-AB6A-17CDE09C5847}.RelWithDebInfo|x64.ActiveCfg = RelWithDebInfo|x64
		{42B94EE0-BA5C-4B88-AB6A-17CDE09C5847}.RelWithDebInfo|x64.Build.0 = RelWithDebInfo|x64
		{42B94EE0-BA5C-4B88-AB6A-17CDE09C5847}.RelWithDebInfo|x64.Deploy.0 = RelWithDebInfo|x64
		{42B94EE0-BA5C-4B88-AB6A-17CDE09C5847}.RelWithDebInfo|x86.ActiveCfg = RelWithDebInfo|Win32
		{42B94EE0-BA5C-4B88-AB6A-17CDE09C5847}.RelWithDebInfo|x86.Build.0 = RelWithDebInfo|Win32
		{42B94EE0-BA5C-4B88-AB6A-17CDE09C5847}.RelWithDebInfo|x86.Deploy.0 = RelWithDebInfo|Win32
		{A34F896C-CDB2-408E-BB13-1F501829B412}.Debug|x64.ActiveCfg = Debug|x64
		{A34F896C-CDB2-408E-BB13-1F501829B412}.Debug|x64.Build.0 = Debug|x64
		{A34F896C-CDB2-408E-BB13-1F501829B412}.Debug|x86.ActiveCfg = Debug|Win32
		{A34F896C-CDB2-408E-BB13-1F501829B412}.Debug|x86.Build.0 = Debug|Win32
		{A34F896C-CDB2-408E-BB13-1F501829B412}.DLL-Import Debug|x64.ActiveCfg = Debug|x64
		{A34F896C-CDB2-408E-BB13-1F501829B412}.DLL-Import Debug|x64.Build.0 = Debug|x64
		{A34F896C-CDB2-408E-BB13-1F501829B412}.DLL-Import Debug|x86.ActiveCfg = Debug|Win32
		{A34F896C-CDB2-408E-BB13-1F501829B412}.DLL-Import Debug|x86.Build.0 = Debug|Win32
		{A34F896C-CDB2-408E-BB13-1F501829B412}.DLL-Import Release|x64.ActiveCfg = Release|x64
		{A34F896C-CDB2-408E-BB13-1F501829B412}.DLL-Import Release|x64.Build.0 = Release|x64
		{A34F896C-CDB2-408E-BB13-1F501829B412}.DLL-Import Release|x86.ActiveCfg = Release|Win32
		{A34F896C-CDB2-408E-BB13-1F501829B412}.DLL-Import Release|x86.Build.0 = Release|Win32
		{A34F896C-CDB2-408E-BB13-1F501829B412}.MinSizeRel|x64.ActiveCfg = Release|x64
		{A34F896C-CDB2-408E-BB13-1F501829B412}.MinSizeRel|x64.Build.0 = Release|x64
		{A34F896C-CDB2-408E-BB13-1F501829B412}.MinSizeRel|x86.ActiveCfg = Release|Win32
		{A34F896C-CDB2-408E-BB13-1F501829B412}.MinSizeRel|x86.Build.0 = Release|Win32
		{A34F896C-CDB2-408E-BB13-1F501829B412}.Release|x64.ActiveCfg = Release|x64
		{A34F896C-CDB2-408E-BB13-1F501829B412}.Release|x64.Build.0 = Release|x64
		{A34F896C-CDB2-408E-BB13-1F501829B412}.Release|x86.ActiveCfg = Release|Win32
		{A34F896C-CDB2-408E-BB13-1F501829B412}.Release|x86.Build.0 = Release|Win32
		{A34F896C-CDB2-408E-BB13-1F501829B412}.RelWithDebInfo|x64.ActiveCfg = RelWithDebInfo|x64
		{A34F896C-CDB2-408E-BB13-1F501829B412}.RelWithDebInfo|x64.Build.0 = RelWithDebInfo|x64
		{A34F896C-CDB2-408E-BB13-1F501829B412}.RelWithDebInfo|x86.ActiveCfg = RelWithDebInfo|Win32
		{A34F896C-CDB2-408E-BB13-1F501829B412}.RelWithDebInfo|x86.Build.0 = RelWithDebInfo|Win32
		{9DDF7AD2-0C98-40AC-A2FC-461C84D8964D}.Debug|x64.ActiveCfg = Debug|x64
		{9DDF7AD2-0C98-40AC-A2FC-461C84D8964D}.Debug|x64.Build.0 = Debug|x64
		{9DDF7AD2-0C98-40AC-A2FC-461C84D8964D}.Debug|x86.ActiveCfg = Debug|Win32
		{9DDF7AD2-0C98-40AC-A2FC-461C84D8964D}.Debug|x86.Build.0 = Debug|Win32
		{9DDF7AD2-0C98-40AC-A2FC-461C84D8964D}.DLL-Import Debug|x64.ActiveCfg = Debug|x64
		{9DDF7AD2-0C98-40AC-A2FC-461C84D8964D}.DLL-Import Debug|x64.Build.0 = Debug|x64
		{9DDF7AD2-0C98-40AC-A2FC-461C84D8964D}.DLL-Import Debug|x86.ActiveCfg = Debug|Win32
		{9DDF7AD2-0C98-40AC-A2FC-461C84D8964D}.DLL-Import Debug|x86.Build.0 = Debug|Win32
		{9DDF7AD2-0C98-40AC-A2FC-461C84D8964D}.DLL-Import Release|x64.ActiveCfg = Release|x64
		{9DDF7AD2-0C98-40AC-A2FC-461C84D8964D}.DLL-Import Release|x64.Build.0 = Release|x64
		{9DDF7AD2-0C98-40AC-A2FC-461C84D8964D}.DLL-Import Release|x86.ActiveCfg = Release|Win32
		{9DDF7AD2-0C98-40AC-A2FC-461C84D8964D}.DLL-Import Release|x86.Build.0 = Release|Win32
		{9DDF7AD2-0C98-40AC-A2FC-461C84D8964D}.MinSizeRel|x64.ActiveCfg = Release|x64
		{9DDF7AD2-0C98-40AC-A2FC-461C84D8964D}.MinSizeRel|x64.Build.0 = Release|x64
		{9DDF7AD2-0C98-40AC-A2FC-461C84D8964D}.MinSizeRel|x86.ActiveCfg = Release|Win32
		{9DDF7AD2-0C98-40AC-A2FC-461C84D8964D}.MinSizeRel|x86.Build.0 = Release|Win32
		{9DDF7AD2-0C98-40AC-A2FC-461C84D8964D}.Release|x64.ActiveCfg = Release|x64
		{9DDF7AD2-0C98-40AC-A2FC-461C84D8964D}.Release|x64.Build.0 = Release|x64
		{9DDF7AD2-0C98-40AC-A2FC-461C84D8964D}.Release|x86.ActiveCfg = Release|Win32
		{9DDF7AD2-0C98-40AC-A2FC-461C84D8964D}.Release|x86.Build.0 = Release|Win32
		{9DDF7AD2-0C98-40AC-A2FC-461C84D8964D}.RelWithDebInfo|x64.ActiveCfg = RelWithDebInfo|x64
		{9DDF7AD2-0C98-40AC-A2FC-461C84D8964D}.RelWithDebInfo|x64.Build.0 = RelWithDebInfo|x64
		{9DDF7AD2-0C98-40AC-A2FC-461C84D8964D}.RelWithDebInfo|x86.ActiveCfg = RelWithDebInfo|Win32
		{9DDF7AD2-0C98-40AC-A2FC-461C84D8964D}.RelWithDebInfo|x86.Build.0 = RelWithDebInfo|Win32
		{8039A88D-832F-3209-A407-9EF5C9CF579F}.Debug|x64.ActiveCfg = Debug|Win32
		{8039A88D-832F-3209-A407-9EF5C9CF579F}.Debug|x86.ActiveCfg = Debug|Win32
		{8039A88D-832F-3209-A407-9EF5C9CF579F}.Debug|x86.Build.0 = Debug|Win32
		{8039A88D-832F-3209-A407-9EF5C9CF579F}.DLL-Import Debug|x64.ActiveCfg = Release|Win32
		{8039A88D-832F-3209-A407-9EF5C9CF579F}.DLL-Import Debug|x64.Build.0 = Release|Win32
		{8039A88D-832F-3209-A407-9EF5C9CF579F}.DLL-Import Debug|x86.ActiveCfg = Debug|Win32
		{8039A88D-832F-3209-A407-9EF5C9CF579F}.DLL-Import Debug|x86.Build.0 = Debug|Win32
		{8039A88D-832F-3209-A407-9EF5C9CF579F}.DLL-Import Release|x64.ActiveCfg = Release|Win32
		{8039A88D-832F-3209-A407-9EF5C9CF579F}.DLL-Import Release|x64.Build.0 = Release|Win32
		{8039A88D-832F-3209-A407-9EF5C9CF579F}.DLL-Import Release|x86.ActiveCfg = Release|Win32
		{8039A88D-832F-3209-A407-9EF5C9CF579F}.DLL-Import Release|x86.Build.0 = Release|Win32
		{8039A88D-832F-3209-A407-9EF5C9CF579F}.MinSizeRel|x64.ActiveCfg = MinSizeRel|Win32
		{8039A88D-832F-3209-A407-9EF5C9CF579F}.MinSizeRel|x86.ActiveCfg = MinSizeRel|Win32
		{8039A88D-832F-3209-A407-9EF5C9CF579F}.MinSizeRel|x86.Build.0 = MinSizeRel|Win32
		{8039A88D-832F-3209-A407-9EF5C9CF579F}.Release|x64.ActiveCfg = Release|Win32
		{8039A88D-832F-3209-A407-9EF5C9CF579F}.Release|x86.ActiveCfg = Release|Win32
		{8039A88D-832F-3209-A407-9EF5C9CF579F}.Release|x86.Build.0 = Release|Win32
		{8039A88D-832F-3209-A407-9EF5C9CF579F}.RelWithDebInfo|x64.ActiveCfg = RelWithDebInfo|Win32
		{8039A88D-832F-3209-A407-9EF5C9CF579F}.RelWithDebInfo|x86.ActiveCfg = RelWithDebInfo|Win32
		{8039A88D-832F-3209-A407-9EF5C9CF579F}.RelWithDebInfo|x86.Build.0 = RelWithDebInfo|Win32
		{C39F4B46-6E89-4074-902E-CA57073044D2}.Debug|x64.ActiveCfg = Debug|x64
		{C39F4B46-6E89-4074-902E-CA57073044D2}.Debug|x64.Build.0 = Debug|x64
		{C39F4B46-6E89-4074-902E-CA57073044D2}.Debug|x64.Deploy.0 = Debug|x64
		{C39F4B46-6E89-4074-902E-CA57073044D2}.Debug|x86.ActiveCfg = Debug|Win32
		{C39F4B46-6E89-4074-902E-CA57073044D2}.Debug|x86.Build.0 = Debug|Win32
		{C39F4B46-6E89-4074-902E-CA57073044D2}.Debug|x86.Deploy.0 = Debug|Win32
		{C39F4B46-6E89-4074-902E-CA57073044D2}.DLL-Import Debug|x64.ActiveCfg = DLL-Import Debug|x64
		{C39F4B46-6E89-4074-902E-CA57073044D2}.DLL-Import Debug|x64.Build.0 = DLL-Import Debug|x64
		{C39F4B46-6E89-4074-902E-CA57073044D2}.DLL-Import Debug|x64.Deploy.0 = DLL-Import Debug|x64
		{C39F4B46-6E89-4074-902E-CA57073044D2}.DLL-Import Debug|x86.ActiveCfg = DLL-Import Debug|Win32
		{C39F4B46-6E89-4074-902E-CA57073044D2}.DLL-Import Debug|x86.Build.0 = DLL-Import Debug|Win32
		{C39F4B46-6E89-4074-902E-CA57073044D2}.DLL-Import Debug|x86.Deploy.0 = DLL-Import Debug|Win32
		{C39F4B46-6E89-4074-902E-CA57073044D2}.DLL-Import Release|x64.ActiveCfg = DLL-Import Release|x64
		{C39F4B46-6E89-4074-902E-CA57073044D2}.DLL-Import Release|x64.Build.0 = DLL-Import Release|x64
		{C39F4B46-6E89-4074-902E-CA57073044D2}.DLL-Import Release|x64.Deploy.0 = DLL-Import Release|x64
		{C39F4B46-6E89-4074-902E-CA57073044D2}.DLL-Import Release|x86.ActiveCfg = DLL-Import Release|Win32
		{C39F4B46-6E89-4074-902E-CA57073044D2}.DLL-Import Release|x86.Build.0 = DLL-Import Release|Win32
		{C39F4B46-6E89-4074-902E-CA57073044D2}.DLL-Import Release|x86.Deploy.0 = DLL-Import Release|Win32
		{C39F4B46-6E89-4074-902E-CA57073044D2}.MinSizeRel|x64.ActiveCfg = DLL-Import Release|x64
		{C39F4B46-6E89-4074-902E-CA57073044D2}.MinSizeRel|x64.Build.0 = DLL-Import Release|x64
		{C39F4B46-6E89-4074-902E-CA57073044D2}.MinSizeRel|x64.Deploy.0 = DLL-Import Release|x64
		{C39F4B46-6E89-4074-902E-CA57073044D2}.MinSizeRel|x86.ActiveCfg = DLL-Import Release|Win32
		{C39F4B46-6E89-4074-902E-CA57073044D2}.MinSizeRel|x86.Build.0 = DLL-Import Release|Win32
		{C39F4B46-6E89-4074-902E-CA57073044D2}.MinSizeRel|x86.Deploy.0 = DLL-Import Release|Win32
		{C39F4B46-6E89-4074-902E-CA57073044D2}.Release|x64.ActiveCfg = Release|x64
		{C39F4B46-6E89-4074-902E-CA57073044D2}.Release|x64.Build.0 = Release|x64
		{C39F4B46-6E89-4074-902E-CA57073044D2}.Release|x64.Deploy.0 = Release|x64
		{C39F4B46-6E89-4074-902E-CA57073044D2}.Release|x86.ActiveCfg = Release|Win32
		{C39F4B46-6E89-4074-902E-CA57073044D2}.Release|x86.Build.0 = Release|Win32
		{C39F4B46-6E89-4074-902E-CA57073044D2}.Release|x86.Deploy.0 = Release|Win32
		{C39F4B46-6E89-4074-902E-CA57073044D2}.RelWithDebInfo|x64.ActiveCfg = Release|x64
		{C39F4B46-6E89-4074-902E-CA57073044D2}.RelWithDebInfo|x64.Build.0 = Release|x64
		{C39F4B46-6E89-4074-902E-CA57073044D2}.RelWithDebInfo|x64.Deploy.0 = Release|x64
		{C39F4B46-6E89-4074-902E-CA57073044D2}.RelWithDebInfo|x86.ActiveCfg = Release|Win32
		{C39F4B46-6E89-4074-902E-CA57073044D2}.RelWithDebInfo|x86.Build.0 = Release|Win32
		{C39F4B46-6E89-4074-902E-CA57073044D2}.RelWithDebInfo|x86.Deploy.0 = Release|Win32
		{CB583C72-DDA2-4F0B-9838-21F853F4CF3A}.Debug|x64.ActiveCfg = Debug|Win32
		{CB583C72-DDA2-4F0B-9838-21F853F4CF3A}.Debug|x86.ActiveCfg = Debug|Win32
		{CB583C72-DDA2-4F0B-9838-21F853F4CF3A}.Debug|x86.Build.0 = Debug|Win32
		{CB583C72-DDA2-4F0B-9838-21F853F4CF3A}.DLL-Import Debug|x64.ActiveCfg = Release|Win32
		{CB583C72-DDA2-4F0B-9838-21F853F4CF3A}.DLL-Import Debug|x64.Build.0 = Release|Win32
		{CB583C72-DDA2-4F0B-9838-21F853F4CF3A}.DLL-Import Debug|x86.ActiveCfg = Debug|Win32
		{CB583C72-DDA2-4F0B-9838-21F853F4CF3A}.DLL-Import Debug|x86.Build.0 = Debug|Win32
		{CB583C72-DDA2-4F0B-9838-21F853F4CF3A}.DLL-Import Release|x64.ActiveCfg = Release|Win32
		{CB583C72-DDA2-4F0B-9838-21F853F4CF3A}.DLL-Import Release|x64.Build.0 = Release|Win32
		{CB583C72-DDA2-4F0B-9838-21F853F4CF3A}.DLL-Import Release|x86.ActiveCfg = Release|Win32
		{CB583C72-DDA2-4F0B-9838-21F853F4CF3A}.DLL-Import Release|x86.Build.0 = Release|Win32
		{CB583C72-DDA2-4F0B-9838-21F853F4CF3A}.MinSizeRel|x64.ActiveCfg = Release|Win32
		{CB583C72-DDA2-4F0B-9838-21F853F4CF3A}.MinSizeRel|x64.Build.0 = Release|Win32
		{CB583C72-DDA2-4F0B-9838-21F853F4CF3A}.MinSizeRel|x86.ActiveCfg = Release|Win32
		{CB583C72-DDA2-4F0B-9838-21F853F4CF3A}.MinSizeRel|x86.Build.0 = Release|Win32
		{CB583C72-DDA2-4F0B-9838-21F853F4CF3A}.Release|x64.ActiveCfg = Release|Win32
		{CB583C72-DDA2-4F0B-9838-21F853F4CF3A}.Release|x86.ActiveCfg = Release|Win32
		{CB583C72-DDA2-4F0B-9838-21F853F4CF3A}.Release|x86.Build.0 = Release|Win32
		{CB583C72-DDA2-4F0B-9838-21F853F4CF3A}.RelWithDebInfo|x64.ActiveCfg = Release|Win32
		{CB583C72-DDA2-4F0B-9838-21F853F4CF3A}.RelWithDebInfo|x64.Build.0 = Release|Win32
		{CB583C72-DDA2-4F0B-9838-21F853F4CF3A}.RelWithDebInfo|x86.ActiveCfg = Release|Win32
		{CB583C72-DDA2-4F0B-9838-21F853F4CF3A}.RelWithDebInfo|x86.Build.0 = Release|Win32
	EndGlobalSection
	GlobalSection(SolutionProperties) = preSolution
		HideSolutionNode = FALSE
	EndGlobalSection
	GlobalSection(NestedProjects) = preSolution
		{0B71D9E0-A92E-4BC5-828D-79F402674807} = {A2095C3E-FC40-4446-9B89-4100267F47A7}
		{C6D57540-4863-4B80-B171-1BE3D8486CFD} = {A2095C3E-FC40-4446-9B89-4100267F47A7}
		{8039A88D-832F-3209-A407-9EF5C9CF579F} = {C6D57540-4863-4B80-B171-1BE3D8486CFD}
		{C39F4B46-6E89-4074-902E-CA57073044D2} = {C6D57540-4863-4B80-B171-1BE3D8486CFD}
		{CB583C72-DDA2-4F0B-9838-21F853F4CF3A} = {C6D57540-4863-4B80-B171-1BE3D8486CFD}
	EndGlobalSection
	GlobalSection(ExtensibilityGlobals) = postSolution
		SolutionGuid = {C01FEDA8-377F-408C-BD0A-B902183EBB28}
	EndGlobalSection
	GlobalSection(Performance) = preSolution
		HasPerformanceSessions = true
	EndGlobalSection
EndGlobal
