<?xml version="1.0" encoding="utf-8"?>
<Project ToolsVersion="4.0" xmlns="http://schemas.microsoft.com/developer/msbuild/2003">
  <ItemGroup>
    <Filter Include="源文件">
      <UniqueIdentifier>{4FC737F1-C7A5-4376-A066-2A32D752A2FF}</UniqueIdentifier>
      <Extensions>cpp;c;cc;cxx;def;odl;idl;hpj;bat;asm;asmx</Extensions>
    </Filter>
    <Filter Include="头文件">
      <UniqueIdentifier>{93995380-89BD-4b04-88EB-625FBE52EBFB}</UniqueIdentifier>
      <Extensions>h;hh;hpp;hxx;hm;inl;inc;xsd</Extensions>
    </Filter>
    <Filter Include="资源文件">
      <UniqueIdentifier>{67DA6AB6-F800-4c08-8B7A-83BB121AAD01}</UniqueIdentifier>
      <Extensions>rc;ico;cur;bmp;dlg;rc2;rct;bin;rgs;gif;jpg;jpeg;jpe;resx;tiff;tif;png;wav;mfcribbon-ms</Extensions>
    </Filter>
    <Filter Include="PB">
      <UniqueIdentifier>{f1439f3f-b6b2-4d6d-a031-c8b0b22b25d7}</UniqueIdentifier>
    </Filter>
    <Filter Include="Common">
      <UniqueIdentifier>{213a899d-b5b4-4eb8-9033-1eb9cfd88278}</UniqueIdentifier>
    </Filter>
    <Filter Include="MsgType">
      <UniqueIdentifier>{ccf3aab2-1380-49ad-a261-2703192a4c66}</UniqueIdentifier>
    </Filter>
    <Filter Include="JSON">
      <UniqueIdentifier>{a53d68eb-d1e5-47bb-b4ff-aa6a778b302a}</UniqueIdentifier>
    </Filter>
  </ItemGroup>
  <ItemGroup>
    <ClCompile Include="PB\ServerMsg.pb.cc">
      <Filter>PB</Filter>
    </ClCompile>
    <ClCompile Include="PB\ClientMsg.pb.cc">
      <Filter>PB</Filter>
    </ClCompile>
    <ClCompile Include="PB\Login.pb.cc">
      <Filter>PB</Filter>
    </ClCompile>
    <ClCompile Include="Utilities.cpp">
      <Filter>源文件</Filter>
    </ClCompile>
    <ClCompile Include="PB\DBServer.pb.cc">
      <Filter>PB</Filter>
    </ClCompile>
  </ItemGroup>
  <ItemGroup>
    <ClInclude Include="PB\ServerMsg.pb.h">
      <Filter>PB</Filter>
    </ClInclude>
    <ClInclude Include="stdfx.h">
      <Filter>头文件</Filter>
    </ClInclude>
    <ClInclude Include="BaseConfig.h">
      <Filter>Common</Filter>
    </ClInclude>
    <ClInclude Include="Client.h">
      <Filter>Common</Filter>
    </ClInclude>
    <ClInclude Include="ClientMgr.h">
      <Filter>Common</Filter>
    </ClInclude>
    <ClInclude Include="connector.h">
      <Filter>Common</Filter>
    </ClInclude>
    <ClInclude Include="crosslib.h">
      <Filter>Common</Filter>
    </ClInclude>
    <ClInclude Include="CtrlHandler.h">
      <Filter>Common</Filter>
    </ClInclude>
    <ClInclude Include="idmgr.h">
      <Filter>Common</Filter>
    </ClInclude>
    <ClInclude Include="log.h">
      <Filter>Common</Filter>
    </ClInclude>
    <ClInclude Include="lxnet.h">
      <Filter>Common</Filter>
    </ClInclude>
    <ClInclude Include="MiniDump.h">
      <Filter>Common</Filter>
    </ClInclude>
    <ClInclude Include="msgbase.h">
      <Filter>Common</Filter>
    </ClInclude>
    <ClInclude Include="NetConfig.h">
      <Filter>Common</Filter>
    </ClInclude>
    <ClInclude Include="objectpool.h">
      <Filter>Common</Filter>
    </ClInclude>
    <ClInclude Include="platform_config.h">
      <Filter>Common</Filter>
    </ClInclude>
    <ClInclude Include="pool.h">
      <Filter>Common</Filter>
    </ClInclude>
    <ClInclude Include="SendMail.h">
      <Filter>Common</Filter>
    </ClInclude>
    <ClInclude Include="serverinfo.h">
      <Filter>Common</Filter>
    </ClInclude>
    <ClInclude Include="ServerMgr.h">
      <Filter>Common</Filter>
    </ClInclude>
    <ClInclude Include="tinyxml2.h">
      <Filter>Common</Filter>
    </ClInclude>
    <ClInclude Include="GlobalDefine.h">
      <Filter>Common</Filter>
    </ClInclude>
    <ClInclude Include="PB\ClientMsg.pb.h">
      <Filter>PB</Filter>
    </ClInclude>
    <ClInclude Include="PB\Login.pb.h">
      <Filter>PB</Filter>
    </ClInclude>
    <ClInclude Include="ServerType.h">
      <Filter>MsgType</Filter>
    </ClInclude>
    <ClInclude Include="ClientType.h">
      <Filter>MsgType</Filter>
    </ClInclude>
    <ClInclude Include="LoginType.h">
      <Filter>MsgType</Filter>
    </ClInclude>
    <ClInclude Include="MainType.h">
      <Filter>MsgType</Filter>
    </ClInclude>
    <ClInclude Include="Utilities.h">
      <Filter>头文件</Filter>
    </ClInclude>
    <ClInclude Include="sqlinterface.h">
      <Filter>Common</Filter>
    </ClInclude>
    <ClInclude Include="..\3rd\json\json.hpp">
      <Filter>JSON</Filter>
    </ClInclude>
    <ClInclude Include="DBSvrType.h">
      <Filter>MsgType</Filter>
    </ClInclude>
    <ClInclude Include="PB\DBServer.pb.h">
      <Filter>PB</Filter>
    </ClInclude>
    <ClInclude Include="ConnectMgr.h">
      <Filter>Common</Filter>
    </ClInclude>
    <ClInclude Include="ClientSvrMgr.h">
      <Filter>Common</Filter>
    </ClInclude>
  </ItemGroup>
</Project>