<?xml version="1.0" encoding="utf-8"?>
<Project ToolsVersion="4.0" xmlns="http://schemas.microsoft.com/developer/msbuild/2003">
  <ItemGroup>
    <Filter Include="源文件">
      <UniqueIdentifier>{4FC737F1-C7A5-4376-A066-2A32D752A2FF}</UniqueIdentifier>
      <Extensions>cpp;c;cc;cxx;def;odl;idl;hpj;bat;asm;asmx</Extensions>
    </Filter>
    <Filter Include="头文件">
      <UniqueIdentifier>{93995380-89BD-4b04-88EB-625FBE52EBFB}</UniqueIdentifier>
      <Extensions>h;hh;hpp;hxx;hm;inl;inc;xsd</Extensions>
    </Filter>
    <Filter Include="资源文件">
      <UniqueIdentifier>{67DA6AB6-F800-4c08-8B7A-83BB121AAD01}</UniqueIdentifier>
      <Extensions>rc;ico;cur;bmp;dlg;rc2;rct;bin;rgs;gif;jpg;jpeg;jpe;resx;tiff;tif;png;wav;mfcribbon-ms</Extensions>
    </Filter>
    <Filter Include="登陆">
      <UniqueIdentifier>{83b01984-cf6f-4664-8c51-848fc972d7cc}</UniqueIdentifier>
    </Filter>
    <Filter Include="消息处理">
      <UniqueIdentifier>{46b26f62-20cf-4571-825e-a9a3e8aafcad}</UniqueIdentifier>
    </Filter>
    <Filter Include="common">
      <UniqueIdentifier>{0612eb3e-657c-4e7f-a770-6ce0059b0c59}</UniqueIdentifier>
    </Filter>
    <Filter Include="common\pb">
      <UniqueIdentifier>{aef6b790-5a8b-459b-9447-e969f34f0401}</UniqueIdentifier>
    </Filter>
    <Filter Include="common\msgtype">
      <UniqueIdentifier>{0102b57f-c633-4b9d-ac83-d5a380e9783e}</UniqueIdentifier>
    </Filter>
    <Filter Include="common\json">
      <UniqueIdentifier>{34b012e7-cebc-40d5-9163-e944c035f1b8}</UniqueIdentifier>
    </Filter>
  </ItemGroup>
  <ItemGroup>
    <ClInclude Include="Config.h">
      <Filter>头文件</Filter>
    </ClInclude>
    <ClInclude Include="DBServer.h">
      <Filter>头文件</Filter>
    </ClInclude>
    <ClInclude Include="DBCenterConnect.h">
      <Filter>头文件</Filter>
    </ClInclude>
    <ClInclude Include="ClientLogin.h">
      <Filter>登陆</Filter>
    </ClInclude>
    <ClInclude Include="dotask.h">
      <Filter>头文件</Filter>
    </ClInclude>
    <ClInclude Include="ProcessMsg.h">
      <Filter>消息处理</Filter>
    </ClInclude>
    <ClInclude Include="..\Base\zlib.h">
      <Filter>common</Filter>
    </ClInclude>
    <ClInclude Include="..\Base\Timer.h">
      <Filter>common</Filter>
    </ClInclude>
    <ClInclude Include="..\Base\threadinstance.h">
      <Filter>common</Filter>
    </ClInclude>
    <ClInclude Include="..\Base\taskqueue.h">
      <Filter>common</Filter>
    </ClInclude>
    <ClInclude Include="..\Base\task.h">
      <Filter>common</Filter>
    </ClInclude>
    <ClInclude Include="..\Base\sqlinterface.h">
      <Filter>common</Filter>
    </ClInclude>
    <ClInclude Include="..\Base\ServerMgr.h">
      <Filter>common</Filter>
    </ClInclude>
    <ClInclude Include="..\Base\ServerLog.h">
      <Filter>common</Filter>
    </ClInclude>
    <ClInclude Include="..\Base\serverinfo.h">
      <Filter>common</Filter>
    </ClInclude>
    <ClInclude Include="..\Base\SendMail.h">
      <Filter>common</Filter>
    </ClInclude>
    <ClInclude Include="..\Base\RandomPool.h">
      <Filter>common</Filter>
    </ClInclude>
    <ClInclude Include="..\Base\pool.h">
      <Filter>common</Filter>
    </ClInclude>
    <ClInclude Include="..\Base\platform_config.h">
      <Filter>common</Filter>
    </ClInclude>
    <ClInclude Include="..\Base\ossome.h">
      <Filter>common</Filter>
    </ClInclude>
    <ClInclude Include="..\Base\objectpool.h">
      <Filter>common</Filter>
    </ClInclude>
    <ClInclude Include="..\Base\NetConfig.h">
      <Filter>common</Filter>
    </ClInclude>
    <ClInclude Include="..\Base\msgbase.h">
      <Filter>common</Filter>
    </ClInclude>
    <ClInclude Include="..\Base\MiniDump.h">
      <Filter>common</Filter>
    </ClInclude>
    <ClInclude Include="..\Base\lxnet.h">
      <Filter>common</Filter>
    </ClInclude>
    <ClInclude Include="..\Base\LuaScript.h">
      <Filter>common</Filter>
    </ClInclude>
    <ClInclude Include="..\Base\LogConnecter.h">
      <Filter>common</Filter>
    </ClInclude>
    <ClInclude Include="..\Base\log.h">
      <Filter>common</Filter>
    </ClInclude>
    <ClInclude Include="..\Base\idmgr.h">
      <Filter>common</Filter>
    </ClInclude>
    <ClInclude Include="..\Base\Guid.h">
      <Filter>common</Filter>
    </ClInclude>
    <ClInclude Include="..\Base\GlobalDefine.h">
      <Filter>common</Filter>
    </ClInclude>
    <ClInclude Include="..\Base\funcdef.h">
      <Filter>common</Filter>
    </ClInclude>
    <ClInclude Include="..\Base\DBSvrType.h">
      <Filter>common</Filter>
    </ClInclude>
    <ClInclude Include="..\Base\DBCache.h">
      <Filter>common</Filter>
    </ClInclude>
    <ClInclude Include="..\Base\datahand.h">
      <Filter>common</Filter>
    </ClInclude>
    <ClInclude Include="..\Base\CtrlHandler.h">
      <Filter>common</Filter>
    </ClInclude>
    <ClInclude Include="..\Base\CSVParser.h">
      <Filter>common</Filter>
    </ClInclude>
    <ClInclude Include="..\Base\crosslib.h">
      <Filter>common</Filter>
    </ClInclude>
    <ClInclude Include="..\Base\connector.h">
      <Filter>common</Filter>
    </ClInclude>
    <ClInclude Include="..\Base\ConnectMgr.h">
      <Filter>common</Filter>
    </ClInclude>
    <ClInclude Include="..\Base\ClientMgr.h">
      <Filter>common</Filter>
    </ClInclude>
    <ClInclude Include="..\Base\Client.h">
      <Filter>common</Filter>
    </ClInclude>
    <ClInclude Include="..\Base\blockbuf.h">
      <Filter>common</Filter>
    </ClInclude>
    <ClInclude Include="..\Base\BaseConfig.h">
      <Filter>common</Filter>
    </ClInclude>
    <ClInclude Include="..\Base\Base64.h">
      <Filter>common</Filter>
    </ClInclude>
    <ClInclude Include="..\Base\BackCommand.h">
      <Filter>common</Filter>
    </ClInclude>
    <ClInclude Include="..\Base\PB\ClientMsg.pb.h">
      <Filter>common\pb</Filter>
    </ClInclude>
    <ClInclude Include="..\Base\PB\DBServer.pb.h">
      <Filter>common\pb</Filter>
    </ClInclude>
    <ClInclude Include="..\Base\PB\Login.pb.h">
      <Filter>common\pb</Filter>
    </ClInclude>
    <ClInclude Include="..\Base\PB\ServerMsg.pb.h">
      <Filter>common\pb</Filter>
    </ClInclude>
    <ClInclude Include="..\Base\PB\Team.pb.h">
      <Filter>common\pb</Filter>
    </ClInclude>
    <ClInclude Include="..\Base\MainType.h">
      <Filter>common\msgtype</Filter>
    </ClInclude>
    <ClInclude Include="..\Base\ServerType.h">
      <Filter>common\msgtype</Filter>
    </ClInclude>
    <ClInclude Include="..\Base\TeamType.h">
      <Filter>common\msgtype</Filter>
    </ClInclude>
    <ClInclude Include="..\Base\LoginType.h">
      <Filter>common\msgtype</Filter>
    </ClInclude>
    <ClInclude Include="..\Base\ClientType.h">
      <Filter>common\msgtype</Filter>
    </ClInclude>
    <ClInclude Include="..\3rd\json\json.hpp">
      <Filter>common\json</Filter>
    </ClInclude>
    <ClInclude Include="..\Base\StringPool.h">
      <Filter>common</Filter>
    </ClInclude>
  </ItemGroup>
  <ItemGroup>
    <ClCompile Include="Config.cpp">
      <Filter>源文件</Filter>
    </ClCompile>
    <ClCompile Include="main.cpp">
      <Filter>源文件</Filter>
    </ClCompile>
    <ClCompile Include="DBServer.cpp">
      <Filter>源文件</Filter>
    </ClCompile>
    <ClCompile Include="DBCenterConnect.cpp">
      <Filter>源文件</Filter>
    </ClCompile>
    <ClCompile Include="ClientLogin.cpp">
      <Filter>登陆</Filter>
    </ClCompile>
    <ClCompile Include="dotask.cpp">
      <Filter>源文件</Filter>
    </ClCompile>
    <ClCompile Include="ProcessMsg.cpp">
      <Filter>消息处理</Filter>
    </ClCompile>
    <ClCompile Include="..\Base\PB\ClientMsg.pb.cc">
      <Filter>common\pb</Filter>
    </ClCompile>
    <ClCompile Include="..\Base\PB\DBServer.pb.cc">
      <Filter>common\pb</Filter>
    </ClCompile>
    <ClCompile Include="..\Base\PB\Login.pb.cc">
      <Filter>common\pb</Filter>
    </ClCompile>
    <ClCompile Include="..\Base\PB\ServerMsg.pb.cc">
      <Filter>common\pb</Filter>
    </ClCompile>
    <ClCompile Include="..\Base\PB\Team.pb.cc">
      <Filter>common\pb</Filter>
    </ClCompile>
  </ItemGroup>
</Project>