<?xml version="1.0" encoding="utf-8"?>
<Project ToolsVersion="4.0" xmlns="http://schemas.microsoft.com/developer/msbuild/2003">
  <ItemGroup>
    <Filter Include="源文件">
      <UniqueIdentifier>{4FC737F1-C7A5-4376-A066-2A32D752A2FF}</UniqueIdentifier>
      <Extensions>cpp;c;cc;cxx;def;odl;idl;hpj;bat;asm;asmx</Extensions>
    </Filter>
    <Filter Include="头文件">
      <UniqueIdentifier>{93995380-89BD-4b04-88EB-625FBE52EBFB}</UniqueIdentifier>
      <Extensions>h;hh;hpp;hxx;hm;inl;inc;xsd</Extensions>
    </Filter>
    <Filter Include="资源文件">
      <UniqueIdentifier>{67DA6AB6-F800-4c08-8B7A-83BB121AAD01}</UniqueIdentifier>
      <Extensions>rc;ico;cur;bmp;dlg;rc2;rct;bin;rgs;gif;jpg;jpeg;jpe;resx;tiff;tif;png;wav;mfcribbon-ms</Extensions>
    </Filter>
    <Filter Include="common">
      <UniqueIdentifier>{5f1663bc-c3d6-4ef1-b61f-d89d02d9bb09}</UniqueIdentifier>
    </Filter>
    <Filter Include="common\pb">
      <UniqueIdentifier>{6f985bd2-d59e-426f-9e80-67bd206a3a0f}</UniqueIdentifier>
    </Filter>
    <Filter Include="common\msgtype">
      <UniqueIdentifier>{f20c09aa-8945-425a-bb28-6d13248a5345}</UniqueIdentifier>
    </Filter>
    <Filter Include="common\json">
      <UniqueIdentifier>{e152a920-fb89-4e7d-93cd-af5bd5f3a448}</UniqueIdentifier>
    </Filter>
  </ItemGroup>
  <ItemGroup>
    <ClCompile Include="main.cpp">
      <Filter>源文件</Filter>
    </ClCompile>
    <ClCompile Include="LogServer.cpp">
      <Filter>源文件</Filter>
    </ClCompile>
    <ClCompile Include="LogServerMgr.cpp">
      <Filter>源文件</Filter>
    </ClCompile>
    <ClCompile Include="Config.cpp">
      <Filter>源文件</Filter>
    </ClCompile>
    <ClCompile Include="dotask.cpp">
      <Filter>源文件</Filter>
    </ClCompile>
    <ClCompile Include="..\Base\PB\ClientMsg.pb.cc">
      <Filter>common\pb</Filter>
    </ClCompile>
    <ClCompile Include="..\Base\PB\DBServer.pb.cc">
      <Filter>common\pb</Filter>
    </ClCompile>
    <ClCompile Include="..\Base\PB\Login.pb.cc">
      <Filter>common\pb</Filter>
    </ClCompile>
    <ClCompile Include="..\Base\PB\ServerMsg.pb.cc">
      <Filter>common\pb</Filter>
    </ClCompile>
    <ClCompile Include="..\Base\PB\Team.pb.cc">
      <Filter>common\pb</Filter>
    </ClCompile>
  </ItemGroup>
  <ItemGroup>
    <ClInclude Include="LogServer.h">
      <Filter>头文件</Filter>
    </ClInclude>
    <ClInclude Include="LogServerMgr.h">
      <Filter>头文件</Filter>
    </ClInclude>
    <ClInclude Include="Config.h">
      <Filter>头文件</Filter>
    </ClInclude>
    <ClInclude Include="dotask.h">
      <Filter>头文件</Filter>
    </ClInclude>
    <ClInclude Include="..\Base\zlib.h">
      <Filter>common</Filter>
    </ClInclude>
    <ClInclude Include="..\Base\Timer.h">
      <Filter>common</Filter>
    </ClInclude>
    <ClInclude Include="..\Base\threadinstance.h">
      <Filter>common</Filter>
    </ClInclude>
    <ClInclude Include="..\Base\taskqueue.h">
      <Filter>common</Filter>
    </ClInclude>
    <ClInclude Include="..\Base\task.h">
      <Filter>common</Filter>
    </ClInclude>
    <ClInclude Include="..\Base\sqlinterface.h">
      <Filter>common</Filter>
    </ClInclude>
    <ClInclude Include="..\Base\ServerMgr.h">
      <Filter>common</Filter>
    </ClInclude>
    <ClInclude Include="..\Base\ServerLog.h">
      <Filter>common</Filter>
    </ClInclude>
    <ClInclude Include="..\Base\serverinfo.h">
      <Filter>common</Filter>
    </ClInclude>
    <ClInclude Include="..\Base\SendMail.h">
      <Filter>common</Filter>
    </ClInclude>
    <ClInclude Include="..\Base\RandomPool.h">
      <Filter>common</Filter>
    </ClInclude>
    <ClInclude Include="..\Base\objectpool.h">
      <Filter>common</Filter>
    </ClInclude>
    <ClInclude Include="..\Base\NetConfig.h">
      <Filter>common</Filter>
    </ClInclude>
    <ClInclude Include="..\Base\msgbase.h">
      <Filter>common</Filter>
    </ClInclude>
    <ClInclude Include="..\Base\MiniDump.h">
      <Filter>common</Filter>
    </ClInclude>
    <ClInclude Include="..\Base\lxnet.h">
      <Filter>common</Filter>
    </ClInclude>
    <ClInclude Include="..\Base\LuaScript.h">
      <Filter>common</Filter>
    </ClInclude>
    <ClInclude Include="..\Base\LogConnecter.h">
      <Filter>common</Filter>
    </ClInclude>
    <ClInclude Include="..\Base\log.h">
      <Filter>common</Filter>
    </ClInclude>
    <ClInclude Include="..\Base\idmgr.h">
      <Filter>common</Filter>
    </ClInclude>
    <ClInclude Include="..\Base\Guid.h">
      <Filter>common</Filter>
    </ClInclude>
    <ClInclude Include="..\Base\GlobalDefine.h">
      <Filter>common</Filter>
    </ClInclude>
    <ClInclude Include="..\Base\funcdef.h">
      <Filter>common</Filter>
    </ClInclude>
    <ClInclude Include="..\Base\DBSvrType.h">
      <Filter>common</Filter>
    </ClInclude>
    <ClInclude Include="..\Base\DBCache.h">
      <Filter>common</Filter>
    </ClInclude>
    <ClInclude Include="..\Base\datahand.h">
      <Filter>common</Filter>
    </ClInclude>
    <ClInclude Include="..\Base\CtrlHandler.h">
      <Filter>common</Filter>
    </ClInclude>
    <ClInclude Include="..\Base\CSVParser.h">
      <Filter>common</Filter>
    </ClInclude>
    <ClInclude Include="..\Base\connector.h">
      <Filter>common</Filter>
    </ClInclude>
    <ClInclude Include="..\Base\ConnectMgr.h">
      <Filter>common</Filter>
    </ClInclude>
    <ClInclude Include="..\Base\ClientMgr.h">
      <Filter>common</Filter>
    </ClInclude>
    <ClInclude Include="..\Base\Client.h">
      <Filter>common</Filter>
    </ClInclude>
    <ClInclude Include="..\Base\blockbuf.h">
      <Filter>common</Filter>
    </ClInclude>
    <ClInclude Include="..\Base\BaseConfig.h">
      <Filter>common</Filter>
    </ClInclude>
    <ClInclude Include="..\Base\Base64.h">
      <Filter>common</Filter>
    </ClInclude>
    <ClInclude Include="..\Base\BackCommand.h">
      <Filter>common</Filter>
    </ClInclude>
    <ClInclude Include="..\Base\PB\ClientMsg.pb.h">
      <Filter>common\pb</Filter>
    </ClInclude>
    <ClInclude Include="..\Base\PB\DBServer.pb.h">
      <Filter>common\pb</Filter>
    </ClInclude>
    <ClInclude Include="..\Base\PB\Login.pb.h">
      <Filter>common\pb</Filter>
    </ClInclude>
    <ClInclude Include="..\Base\PB\ServerMsg.pb.h">
      <Filter>common\pb</Filter>
    </ClInclude>
    <ClInclude Include="..\Base\PB\Team.pb.h">
      <Filter>common\pb</Filter>
    </ClInclude>
    <ClInclude Include="..\Base\MainType.h">
      <Filter>common\msgtype</Filter>
    </ClInclude>
    <ClInclude Include="..\Base\ServerType.h">
      <Filter>common\msgtype</Filter>
    </ClInclude>
    <ClInclude Include="..\Base\TeamType.h">
      <Filter>common\msgtype</Filter>
    </ClInclude>
    <ClInclude Include="..\Base\LoginType.h">
      <Filter>common\msgtype</Filter>
    </ClInclude>
    <ClInclude Include="..\Base\ClientType.h">
      <Filter>common\msgtype</Filter>
    </ClInclude>
    <ClInclude Include="..\3rd\json\json.hpp">
      <Filter>common\json</Filter>
    </ClInclude>
  </ItemGroup>
</Project>